
Microsoft Visual Studio Solution File, Format Version 12.00
# Visual Studio Version 16
VisualStudioVersion = 16.0.29009.5
MinimumVisualStudioVersion = 10.0.40219.1
Project("{2150E333-8FDC-42A3-9474-1A3956D46DE8}") = "src", "src", "{713B55EB-E488-410E-9E7E-3F50922A8F5C}"
EndProject
Project("{2150E333-8FDC-42A3-9474-1A3956D46DE8}") = "tests", "tests", "{27F320BD-57BA-4F3F-9E4E-A682A84B50AF}"
EndProject
Project("{9A19103F-16F7-4668-BE54-9A1E7A4F7556}") = "CQELight", "src\CQELight\CQELight.csproj", "{CAE58489-9824-4328-927B-D04A6ECBEA1C}"
EndProject
Project("{9A19103F-16F7-4668-BE54-9A1E7A4F7556}") = "CQELight.AspCore", "src\CQELight.AspCore\CQELight.AspCore.csproj", "{CBEFBF2F-83C0-46AE-89AB-2CDC5E8DC6DA}"
EndProject
Project("{9A19103F-16F7-4668-BE54-9A1E7A4F7556}") = "CQELight.Buses.AzureServiceBus", "src\CQELight.Buses.AzureServiceBus\CQELight.Buses.AzureServiceBus.csproj", "{0596AC83-3C9D-4EE3-B0CC-AEFC0044155C}"
EndProject
Project("{9A19103F-16F7-4668-BE54-9A1E7A4F7556}") = "CQELight.Buses.InMemory", "src\CQELight.Buses.InMemory\CQELight.Buses.InMemory.csproj", "{E53F0563-4DEE-4389-AD7D-46E1AF057141}"
EndProject
Project("{9A19103F-16F7-4668-BE54-9A1E7A4F7556}") = "CQELight.Buses.RabbitMQ", "src\CQELight.Buses.RabbitMQ\CQELight.Buses.RabbitMQ.csproj", "{A49DFC8C-E366-4AF4-BE4E-E8061F16AF09}"
EndProject
Project("{9A19103F-16F7-4668-BE54-9A1E7A4F7556}") = "CQELight.DAL.EFCore", "src\CQELight.DAL.EFCore\CQELight.DAL.EFCore.csproj", "{472C8CD3-F19C-442F-8734-9ED28CAA692F}"
EndProject
Project("{9A19103F-16F7-4668-BE54-9A1E7A4F7556}") = "CQELight.DAL.MongoDb", "src\CQELight.DAL.MongoDb\CQELight.DAL.MongoDb.csproj", "{3C37A118-7281-42CC-9B58-53FE50CA6F9B}"
EndProject
Project("{9A19103F-16F7-4668-BE54-9A1E7A4F7556}") = "CQELight.EventStore.EFCore", "src\CQELight.EventStore.EFCore\CQELight.EventStore.EFCore.csproj", "{6DF2BCD4-A3B7-452B-9493-7E7FFE8F7A50}"
EndProject
Project("{9A19103F-16F7-4668-BE54-9A1E7A4F7556}") = "CQELight.EventStore.MongoDb", "src\CQELight.EventStore.MongoDb\CQELight.EventStore.MongoDb.csproj", "{FFC30988-7612-4AA6-AB8C-4F311EC4B7D4}"
EndProject
Project("{9A19103F-16F7-4668-BE54-9A1E7A4F7556}") = "CQELight.IoC.Autofac", "src\CQELight.IoC.Autofac\CQELight.IoC.Autofac.csproj", "{1A38E0B5-B167-4A51-835E-67808D2C8788}"
EndProject
Project("{9A19103F-16F7-4668-BE54-9A1E7A4F7556}") = "CQELight.IoC.Microsoft.Extensions.DependencyInjection", "src\CQELight.IoC.Microsoft.Extensions.DependencyInjection\CQELight.IoC.Microsoft.Extensions.DependencyInjection.csproj", "{DB4A2E35-E97D-4699-87C0-55E7E5F58F34}"
EndProject
Project("{9A19103F-16F7-4668-BE54-9A1E7A4F7556}") = "CQELight.TestFramework", "src\CQELight.TestFramework\CQELight.TestFramework.csproj", "{0B1D3367-CC4E-48F3-A9A3-E51E144B15E3}"
EndProject
Project("{9A19103F-16F7-4668-BE54-9A1E7A4F7556}") = "CQELight.Buses.AzureServiceBus.Integration.Tests", "tests\CQELight.Buses.AzureServiceBus.Integration.Tests\CQELight.Buses.AzureServiceBus.Integration.Tests.csproj", "{3531509A-6B74-4DAC-AEFD-1D93EC037493}"
EndProject
Project("{9A19103F-16F7-4668-BE54-9A1E7A4F7556}") = "CQELight.Buses.InMemory.Integration.Tests", "tests\CQELight.Buses.InMemory.Integration.Tests\CQELight.Buses.InMemory.Integration.Tests.csproj", "{43F617FB-5089-43C8-B255-AA0EA9149E0E}"
EndProject
Project("{9A19103F-16F7-4668-BE54-9A1E7A4F7556}") = "CQELight.Buses.RabbitMQ.Integration.Tests", "tests\CQELight.Buses.RabbitMQ.Integration.Tests\CQELight.Buses.RabbitMQ.Integration.Tests.csproj", "{E5809FB3-6EFA-4302-B426-55A3FF055A15}"
EndProject
Project("{9A19103F-16F7-4668-BE54-9A1E7A4F7556}") = "CQELight.Buses.RabbitMQ.Tests", "tests\CQELight.Buses.RabbitMQ.Tests\CQELight.Buses.RabbitMQ.Tests.csproj", "{81043B1B-F083-4C3E-8F40-CA5682E33514}"
EndProject
Project("{9A19103F-16F7-4668-BE54-9A1E7A4F7556}") = "CQELight.DAL.EFCore.Integration.Tests", "tests\CQELight.DAL.EFCore.Integration.Tests\CQELight.DAL.EFCore.Integration.Tests.csproj", "{080ABBC0-E560-4FE7-B174-0B724DC4FCB0}"
EndProject
Project("{9A19103F-16F7-4668-BE54-9A1E7A4F7556}") = "CQELight.DAL.MongoDb.Integration.Tests", "tests\CQELight.DAL.MongoDb.Integration.Tests\CQELight.DAL.MongoDb.Integration.Tests.csproj", "{C63D0B5D-A320-4588-96C3-CA99AA325D7A}"
EndProject
Project("{9A19103F-16F7-4668-BE54-9A1E7A4F7556}") = "CQELight.EventStore.EFCore.Integration.Tests", "tests\CQELight.EventStore.EFCore.Integration.Tests\CQELight.EventStore.EFCore.Integration.Tests.csproj", "{9E02B3FD-BBB0-4398-BD14-B9A460CEC809}"
EndProject
Project("{9A19103F-16F7-4668-BE54-9A1E7A4F7556}") = "CQELight.EventStore.MongoDb.Integration.Tests", "tests\CQELight.EventStore.MongoDb.Integration.Tests\CQELight.EventStore.MongoDb.Integration.Tests.csproj", "{C2D58729-58A0-4F02-9D5D-26890FCF7C2D}"
EndProject
Project("{9A19103F-16F7-4668-BE54-9A1E7A4F7556}") = "CQELight.Integration.Tests", "tests\CQELight.Integration.Tests\CQELight.Integration.Tests.csproj", "{AA042A72-0D63-494A-AA74-7EAFF30FE4E6}"
EndProject
Project("{9A19103F-16F7-4668-BE54-9A1E7A4F7556}") = "CQELight.IoC.Autofac.Integration.Tests", "tests\CQELight.IoC.Autofac.Integration.Tests\CQELight.IoC.Autofac.Integration.Tests.csproj", "{F5B43B17-4645-4873-B8D0-D02CAA44AF00}"
EndProject
Project("{9A19103F-16F7-4668-BE54-9A1E7A4F7556}") = "CQELight.IoC.Microsoft.Extensions.DependencyInjection.Tests", "tests\CQELight.IoC.Microsoft.Extensions.DependencyInjection.Tests\CQELight.IoC.Microsoft.Extensions.DependencyInjection.Tests.csproj", "{E08CF325-701B-41B8-A639-BA0E853D0D2A}"
EndProject
Project("{9A19103F-16F7-4668-BE54-9A1E7A4F7556}") = "CQELight.TestFramework.Integration.Tests", "tests\CQELight.TestFramework.Integration.Tests\CQELight.TestFramework.Integration.Tests.csproj", "{D951E498-6513-4D5D-A726-152F8F4D4232}"
EndProject
Project("{9A19103F-16F7-4668-BE54-9A1E7A4F7556}") = "CQELight.Tests", "tests\CQELight.Tests\CQELight.Tests.csproj", "{DA5294E6-A90A-402E-AFAD-A5CC68AD14FE}"
EndProject
Project("{9A19103F-16F7-4668-BE54-9A1E7A4F7556}") = "CQELight.MVVM.Tests", "tests\CQELight.MVVM.Tests\CQELight.MVVM.Tests.csproj", "{BF5237D2-2686-4F05-9EDC-492D7AF2036D}"
EndProject
Project("{9A19103F-16F7-4668-BE54-9A1E7A4F7556}") = "CQELight.MVVM", "src\CQELight.MVVM\CQELight.MVVM.csproj", "{1539E08F-8B45-4C67-BADE-D6DDE3D912B5}"
EndProject
Global
	GlobalSection(SolutionConfigurationPlatforms) = preSolution
		Debug|Any CPU = Debug|Any CPU
		Release|Any CPU = Release|Any CPU
	EndGlobalSection
	GlobalSection(ProjectConfigurationPlatforms) = postSolution
		{CAE58489-9824-4328-927B-D04A6ECBEA1C}.Debug|Any CPU.ActiveCfg = Debug|Any CPU
		{CAE58489-9824-4328-927B-D04A6ECBEA1C}.Debug|Any CPU.Build.0 = Debug|Any CPU
		{CAE58489-9824-4328-927B-D04A6ECBEA1C}.Release|Any CPU.ActiveCfg = Release|Any CPU
		{CAE58489-9824-4328-927B-D04A6ECBEA1C}.Release|Any CPU.Build.0 = Release|Any CPU
		{CBEFBF2F-83C0-46AE-89AB-2CDC5E8DC6DA}.Debug|Any CPU.ActiveCfg = Debug|Any CPU
		{CBEFBF2F-83C0-46AE-89AB-2CDC5E8DC6DA}.Debug|Any CPU.Build.0 = Debug|Any CPU
		{CBEFBF2F-83C0-46AE-89AB-2CDC5E8DC6DA}.Release|Any CPU.ActiveCfg = Release|Any CPU
		{CBEFBF2F-83C0-46AE-89AB-2CDC5E8DC6DA}.Release|Any CPU.Build.0 = Release|Any CPU
		{0596AC83-3C9D-4EE3-B0CC-AEFC0044155C}.Debug|Any CPU.ActiveCfg = Debug|Any CPU
		{0596AC83-3C9D-4EE3-B0CC-AEFC0044155C}.Debug|Any CPU.Build.0 = Debug|Any CPU
		{0596AC83-3C9D-4EE3-B0CC-AEFC0044155C}.Release|Any CPU.ActiveCfg = Release|Any CPU
		{0596AC83-3C9D-4EE3-B0CC-AEFC0044155C}.Release|Any CPU.Build.0 = Release|Any CPU
		{E53F0563-4DEE-4389-AD7D-46E1AF057141}.Debug|Any CPU.ActiveCfg = Debug|Any CPU
		{E53F0563-4DEE-4389-AD7D-46E1AF057141}.Debug|Any CPU.Build.0 = Debug|Any CPU
		{E53F0563-4DEE-4389-AD7D-46E1AF057141}.Release|Any CPU.ActiveCfg = Release|Any CPU
		{E53F0563-4DEE-4389-AD7D-46E1AF057141}.Release|Any CPU.Build.0 = Release|Any CPU
		{A49DFC8C-E366-4AF4-BE4E-E8061F16AF09}.Debug|Any CPU.ActiveCfg = Debug|Any CPU
		{A49DFC8C-E366-4AF4-BE4E-E8061F16AF09}.Debug|Any CPU.Build.0 = Debug|Any CPU
		{A49DFC8C-E366-4AF4-BE4E-E8061F16AF09}.Release|Any CPU.ActiveCfg = Release|Any CPU
		{A49DFC8C-E366-4AF4-BE4E-E8061F16AF09}.Release|Any CPU.Build.0 = Release|Any CPU
		{472C8CD3-F19C-442F-8734-9ED28CAA692F}.Debug|Any CPU.ActiveCfg = Debug|Any CPU
		{472C8CD3-F19C-442F-8734-9ED28CAA692F}.Debug|Any CPU.Build.0 = Debug|Any CPU
		{472C8CD3-F19C-442F-8734-9ED28CAA692F}.Release|Any CPU.ActiveCfg = Release|Any CPU
		{472C8CD3-F19C-442F-8734-9ED28CAA692F}.Release|Any CPU.Build.0 = Release|Any CPU
		{3C37A118-7281-42CC-9B58-53FE50CA6F9B}.Debug|Any CPU.ActiveCfg = Debug|Any CPU
		{3C37A118-7281-42CC-9B58-53FE50CA6F9B}.Debug|Any CPU.Build.0 = Debug|Any CPU
		{3C37A118-7281-42CC-9B58-53FE50CA6F9B}.Release|Any CPU.ActiveCfg = Release|Any CPU
		{3C37A118-7281-42CC-9B58-53FE50CA6F9B}.Release|Any CPU.Build.0 = Release|Any CPU
		{6DF2BCD4-A3B7-452B-9493-7E7FFE8F7A50}.Debug|Any CPU.ActiveCfg = Debug|Any CPU
		{6DF2BCD4-A3B7-452B-9493-7E7FFE8F7A50}.Debug|Any CPU.Build.0 = Debug|Any CPU
		{6DF2BCD4-A3B7-452B-9493-7E7FFE8F7A50}.Release|Any CPU.ActiveCfg = Release|Any CPU
		{6DF2BCD4-A3B7-452B-9493-7E7FFE8F7A50}.Release|Any CPU.Build.0 = Release|Any CPU
		{FFC30988-7612-4AA6-AB8C-4F311EC4B7D4}.Debug|Any CPU.ActiveCfg = Debug|Any CPU
		{FFC30988-7612-4AA6-AB8C-4F311EC4B7D4}.Debug|Any CPU.Build.0 = Debug|Any CPU
		{FFC30988-7612-4AA6-AB8C-4F311EC4B7D4}.Release|Any CPU.ActiveCfg = Release|Any CPU
		{FFC30988-7612-4AA6-AB8C-4F311EC4B7D4}.Release|Any CPU.Build.0 = Release|Any CPU
		{1A38E0B5-B167-4A51-835E-67808D2C8788}.Debug|Any CPU.ActiveCfg = Debug|Any CPU
		{1A38E0B5-B167-4A51-835E-67808D2C8788}.Debug|Any CPU.Build.0 = Debug|Any CPU
		{1A38E0B5-B167-4A51-835E-67808D2C8788}.Release|Any CPU.ActiveCfg = Release|Any CPU
		{1A38E0B5-B167-4A51-835E-67808D2C8788}.Release|Any CPU.Build.0 = Release|Any CPU
		{DB4A2E35-E97D-4699-87C0-55E7E5F58F34}.Debug|Any CPU.ActiveCfg = Debug|Any CPU
		{DB4A2E35-E97D-4699-87C0-55E7E5F58F34}.Debug|Any CPU.Build.0 = Debug|Any CPU
		{DB4A2E35-E97D-4699-87C0-55E7E5F58F34}.Release|Any CPU.ActiveCfg = Release|Any CPU
		{DB4A2E35-E97D-4699-87C0-55E7E5F58F34}.Release|Any CPU.Build.0 = Release|Any CPU
		{0B1D3367-CC4E-48F3-A9A3-E51E144B15E3}.Debug|Any CPU.ActiveCfg = Debug|Any CPU
		{0B1D3367-CC4E-48F3-A9A3-E51E144B15E3}.Debug|Any CPU.Build.0 = Debug|Any CPU
		{0B1D3367-CC4E-48F3-A9A3-E51E144B15E3}.Release|Any CPU.ActiveCfg = Release|Any CPU
		{0B1D3367-CC4E-48F3-A9A3-E51E144B15E3}.Release|Any CPU.Build.0 = Release|Any CPU
		{3531509A-6B74-4DAC-AEFD-1D93EC037493}.Debug|Any CPU.ActiveCfg = Debug|Any CPU
		{3531509A-6B74-4DAC-AEFD-1D93EC037493}.Debug|Any CPU.Build.0 = Debug|Any CPU
		{3531509A-6B74-4DAC-AEFD-1D93EC037493}.Release|Any CPU.ActiveCfg = Release|Any CPU
		{3531509A-6B74-4DAC-AEFD-1D93EC037493}.Release|Any CPU.Build.0 = Release|Any CPU
		{43F617FB-5089-43C8-B255-AA0EA9149E0E}.Debug|Any CPU.ActiveCfg = Debug|Any CPU
		{43F617FB-5089-43C8-B255-AA0EA9149E0E}.Debug|Any CPU.Build.0 = Debug|Any CPU
		{43F617FB-5089-43C8-B255-AA0EA9149E0E}.Release|Any CPU.ActiveCfg = Release|Any CPU
		{43F617FB-5089-43C8-B255-AA0EA9149E0E}.Release|Any CPU.Build.0 = Release|Any CPU
		{E5809FB3-6EFA-4302-B426-55A3FF055A15}.Debug|Any CPU.ActiveCfg = Debug|Any CPU
		{E5809FB3-6EFA-4302-B426-55A3FF055A15}.Debug|Any CPU.Build.0 = Debug|Any CPU
		{E5809FB3-6EFA-4302-B426-55A3FF055A15}.Release|Any CPU.ActiveCfg = Release|Any CPU
		{E5809FB3-6EFA-4302-B426-55A3FF055A15}.Release|Any CPU.Build.0 = Release|Any CPU
		{81043B1B-F083-4C3E-8F40-CA5682E33514}.Debug|Any CPU.ActiveCfg = Debug|Any CPU
		{81043B1B-F083-4C3E-8F40-CA5682E33514}.Debug|Any CPU.Build.0 = Debug|Any CPU
		{81043B1B-F083-4C3E-8F40-CA5682E33514}.Release|Any CPU.ActiveCfg = Release|Any CPU
		{81043B1B-F083-4C3E-8F40-CA5682E33514}.Release|Any CPU.Build.0 = Release|Any CPU
		{080ABBC0-E560-4FE7-B174-0B724DC4FCB0}.Debug|Any CPU.ActiveCfg = Debug|Any CPU
		{080ABBC0-E560-4FE7-B174-0B724DC4FCB0}.Debug|Any CPU.Build.0 = Debug|Any CPU
		{080ABBC0-E560-4FE7-B174-0B724DC4FCB0}.Release|Any CPU.ActiveCfg = Release|Any CPU
		{080ABBC0-E560-4FE7-B174-0B724DC4FCB0}.Release|Any CPU.Build.0 = Release|Any CPU
		{C63D0B5D-A320-4588-96C3-CA99AA325D7A}.Debug|Any CPU.ActiveCfg = Debug|Any CPU
		{C63D0B5D-A320-4588-96C3-CA99AA325D7A}.Debug|Any CPU.Build.0 = Debug|Any CPU
		{C63D0B5D-A320-4588-96C3-CA99AA325D7A}.Release|Any CPU.ActiveCfg = Release|Any CPU
		{C63D0B5D-A320-4588-96C3-CA99AA325D7A}.Release|Any CPU.Build.0 = Release|Any CPU
		{9E02B3FD-BBB0-4398-BD14-B9A460CEC809}.Debug|Any CPU.ActiveCfg = Debug|Any CPU
		{9E02B3FD-BBB0-4398-BD14-B9A460CEC809}.Debug|Any CPU.Build.0 = Debug|Any CPU
		{9E02B3FD-BBB0-4398-BD14-B9A460CEC809}.Release|Any CPU.ActiveCfg = Release|Any CPU
		{9E02B3FD-BBB0-4398-BD14-B9A460CEC809}.Release|Any CPU.Build.0 = Release|Any CPU
		{C2D58729-58A0-4F02-9D5D-26890FCF7C2D}.Debug|Any CPU.ActiveCfg = Debug|Any CPU
		{C2D58729-58A0-4F02-9D5D-26890FCF7C2D}.Debug|Any CPU.Build.0 = Debug|Any CPU
		{C2D58729-58A0-4F02-9D5D-26890FCF7C2D}.Release|Any CPU.ActiveCfg = Release|Any CPU
		{C2D58729-58A0-4F02-9D5D-26890FCF7C2D}.Release|Any CPU.Build.0 = Release|Any CPU
		{AA042A72-0D63-494A-AA74-7EAFF30FE4E6}.Debug|Any CPU.ActiveCfg = Debug|Any CPU
		{AA042A72-0D63-494A-AA74-7EAFF30FE4E6}.Debug|Any CPU.Build.0 = Debug|Any CPU
		{AA042A72-0D63-494A-AA74-7EAFF30FE4E6}.Release|Any CPU.ActiveCfg = Release|Any CPU
		{AA042A72-0D63-494A-AA74-7EAFF30FE4E6}.Release|Any CPU.Build.0 = Release|Any CPU
		{F5B43B17-4645-4873-B8D0-D02CAA44AF00}.Debug|Any CPU.ActiveCfg = Debug|Any CPU
		{F5B43B17-4645-4873-B8D0-D02CAA44AF00}.Debug|Any CPU.Build.0 = Debug|Any CPU
		{F5B43B17-4645-4873-B8D0-D02CAA44AF00}.Release|Any CPU.ActiveCfg = Release|Any CPU
		{F5B43B17-4645-4873-B8D0-D02CAA44AF00}.Release|Any CPU.Build.0 = Release|Any CPU
		{E08CF325-701B-41B8-A639-BA0E853D0D2A}.Debug|Any CPU.ActiveCfg = Debug|Any CPU
		{E08CF325-701B-41B8-A639-BA0E853D0D2A}.Debug|Any CPU.Build.0 = Debug|Any CPU
		{E08CF325-701B-41B8-A639-BA0E853D0D2A}.Release|Any CPU.ActiveCfg = Release|Any CPU
		{E08CF325-701B-41B8-A639-BA0E853D0D2A}.Release|Any CPU.Build.0 = Release|Any CPU
		{D951E498-6513-4D5D-A726-152F8F4D4232}.Debug|Any CPU.ActiveCfg = Debug|Any CPU
		{D951E498-6513-4D5D-A726-152F8F4D4232}.Debug|Any CPU.Build.0 = Debug|Any CPU
		{D951E498-6513-4D5D-A726-152F8F4D4232}.Release|Any CPU.ActiveCfg = Release|Any CPU
		{D951E498-6513-4D5D-A726-152F8F4D4232}.Release|Any CPU.Build.0 = Release|Any CPU
		{DA5294E6-A90A-402E-AFAD-A5CC68AD14FE}.Debug|Any CPU.ActiveCfg = Debug|Any CPU
		{DA5294E6-A90A-402E-AFAD-A5CC68AD14FE}.Debug|Any CPU.Build.0 = Debug|Any CPU
		{DA5294E6-A90A-402E-AFAD-A5CC68AD14FE}.Release|Any CPU.ActiveCfg = Release|Any CPU
		{DA5294E6-A90A-402E-AFAD-A5CC68AD14FE}.Release|Any CPU.Build.0 = Release|Any CPU
		{BF5237D2-2686-4F05-9EDC-492D7AF2036D}.Debug|Any CPU.ActiveCfg = Debug|Any CPU
		{BF5237D2-2686-4F05-9EDC-492D7AF2036D}.Debug|Any CPU.Build.0 = Debug|Any CPU
		{BF5237D2-2686-4F05-9EDC-492D7AF2036D}.Release|Any CPU.ActiveCfg = Release|Any CPU
		{BF5237D2-2686-4F05-9EDC-492D7AF2036D}.Release|Any CPU.Build.0 = Release|Any CPU
		{1539E08F-8B45-4C67-BADE-D6DDE3D912B5}.Debug|Any CPU.ActiveCfg = Debug|Any CPU
		{1539E08F-8B45-4C67-BADE-D6DDE3D912B5}.Debug|Any CPU.Build.0 = Debug|Any CPU
		{1539E08F-8B45-4C67-BADE-D6DDE3D912B5}.Release|Any CPU.ActiveCfg = Release|Any CPU
		{1539E08F-8B45-4C67-BADE-D6DDE3D912B5}.Release|Any CPU.Build.0 = Release|Any CPU
	EndGlobalSection
	GlobalSection(SolutionProperties) = preSolution
		HideSolutionNode = FALSE
	EndGlobalSection
	GlobalSection(NestedProjects) = preSolution
		{CAE58489-9824-4328-927B-D04A6ECBEA1C} = {713B55EB-E488-410E-9E7E-3F50922A8F5C}
		{CBEFBF2F-83C0-46AE-89AB-2CDC5E8DC6DA} = {713B55EB-E488-410E-9E7E-3F50922A8F5C}
		{0596AC83-3C9D-4EE3-B0CC-AEFC0044155C} = {713B55EB-E488-410E-9E7E-3F50922A8F5C}
		{E53F0563-4DEE-4389-AD7D-46E1AF057141} = {713B55EB-E488-410E-9E7E-3F50922A8F5C}
		{A49DFC8C-E366-4AF4-BE4E-E8061F16AF09} = {713B55EB-E488-410E-9E7E-3F50922A8F5C}
		{472C8CD3-F19C-442F-8734-9ED28CAA692F} = {713B55EB-E488-410E-9E7E-3F50922A8F5C}
		{3C37A118-7281-42CC-9B58-53FE50CA6F9B} = {713B55EB-E488-410E-9E7E-3F50922A8F5C}
		{6DF2BCD4-A3B7-452B-9493-7E7FFE8F7A50} = {713B55EB-E488-410E-9E7E-3F50922A8F5C}
		{FFC30988-7612-4AA6-AB8C-4F311EC4B7D4} = {713B55EB-E488-410E-9E7E-3F50922A8F5C}
		{1A38E0B5-B167-4A51-835E-67808D2C8788} = {713B55EB-E488-410E-9E7E-3F50922A8F5C}
		{DB4A2E35-E97D-4699-87C0-55E7E5F58F34} = {713B55EB-E488-410E-9E7E-3F50922A8F5C}
		{0B1D3367-CC4E-48F3-A9A3-E51E144B15E3} = {713B55EB-E488-410E-9E7E-3F50922A8F5C}
		{3531509A-6B74-4DAC-AEFD-1D93EC037493} = {27F320BD-57BA-4F3F-9E4E-A682A84B50AF}
		{43F617FB-5089-43C8-B255-AA0EA9149E0E} = {27F320BD-57BA-4F3F-9E4E-A682A84B50AF}
		{E5809FB3-6EFA-4302-B426-55A3FF055A15} = {27F320BD-57BA-4F3F-9E4E-A682A84B50AF}
		{81043B1B-F083-4C3E-8F40-CA5682E33514} = {27F320BD-57BA-4F3F-9E4E-A682A84B50AF}
		{080ABBC0-E560-4FE7-B174-0B724DC4FCB0} = {27F320BD-57BA-4F3F-9E4E-A682A84B50AF}
		{C63D0B5D-A320-4588-96C3-CA99AA325D7A} = {27F320BD-57BA-4F3F-9E4E-A682A84B50AF}
		{9E02B3FD-BBB0-4398-BD14-B9A460CEC809} = {27F320BD-57BA-4F3F-9E4E-A682A84B50AF}
		{C2D58729-58A0-4F02-9D5D-26890FCF7C2D} = {27F320BD-57BA-4F3F-9E4E-A682A84B50AF}
		{AA042A72-0D63-494A-AA74-7EAFF30FE4E6} = {27F320BD-57BA-4F3F-9E4E-A682A84B50AF}
		{F5B43B17-4645-4873-B8D0-D02CAA44AF00} = {27F320BD-57BA-4F3F-9E4E-A682A84B50AF}
		{E08CF325-701B-41B8-A639-BA0E853D0D2A} = {27F320BD-57BA-4F3F-9E4E-A682A84B50AF}
		{D951E498-6513-4D5D-A726-152F8F4D4232} = {27F320BD-57BA-4F3F-9E4E-A682A84B50AF}
		{DA5294E6-A90A-402E-AFAD-A5CC68AD14FE} = {27F320BD-57BA-4F3F-9E4E-A682A84B50AF}
		{BF5237D2-2686-4F05-9EDC-492D7AF2036D} = {27F320BD-57BA-4F3F-9E4E-A682A84B50AF}
		{1539E08F-8B45-4C67-BADE-D6DDE3D912B5} = {713B55EB-E488-410E-9E7E-3F50922A8F5C}
	EndGlobalSection
	GlobalSection(ExtensibilityGlobals) = postSolution
		SolutionGuid = {87AE8662-505B-4CE8-A1D9-BA4B815789E5}
	EndGlobalSection
EndGlobal
