
Microsoft Visual Studio Solution File, Format Version 12.00
# Visual Studio 15
VisualStudioVersion = 15.0.27130.2026
MinimumVisualStudioVersion = 10.0.40219.1
Project("{2150E333-8FDC-42A3-9474-1A3956D46DE8}") = "src", "src", "{DD4A2672-6800-424F-AA57-1FDA27242E91}"
EndProject
Project("{2150E333-8FDC-42A3-9474-1A3956D46DE8}") = "tests", "tests", "{510276A5-C0E0-4535-9650-A8DED20E7243}"
EndProject
Project("{2150E333-8FDC-42A3-9474-1A3956D46DE8}") = "web", "web", "{4F314144-BE79-48D2-AA79-671DDF3BE4CA}"
EndProject
Project("{2150E333-8FDC-42A3-9474-1A3956D46DE8}") = "desktop", "desktop", "{4CA30700-6183-4C5B-B545-61685590CF06}"
EndProject
Project("{2150E333-8FDC-42A3-9474-1A3956D46DE8}") = "examples", "examples", "{D7945667-7122-43E1-9DC0-A2EE2A80823A}"
EndProject
Project("{FAE04EC0-301F-11D3-BF4B-00C04F79EFBC}") = "CQELight.Examples.WPF", "examples\desktop\CQELight.Examples.WPF\CQELight.Examples.WPF.csproj", "{4FC5EB17-47B8-442D-92CD-3D380B5A303A}"
EndProject
Project("{9A19103F-16F7-4668-BE54-9A1E7A4F7556}") = "CQELight.Examples.ASPCore", "examples\web\CQELight.Examples.ASPCore\CQELight.Examples.ASPCore.csproj", "{0429515C-6045-4AA4-BE43-8A555B12E2AA}"
EndProject
Project("{9A19103F-16F7-4668-BE54-9A1E7A4F7556}") = "CQELight", "src\CQELight\CQELight.csproj", "{7DA0C636-2BC9-4ED9-BEFF-3BAF27238F41}"
EndProject
Project("{9A19103F-16F7-4668-BE54-9A1E7A4F7556}") = "CQELight.Abstractions", "src\CQELight.Abstractions\CQELight.Abstractions.csproj", "{43A66170-33E0-46E8-B50C-5A6B0E631E02}"
EndProject
Project("{9A19103F-16F7-4668-BE54-9A1E7A4F7556}") = "CQELight.Tools", "src\CQELight.Tools\CQELight.Tools.csproj", "{62C8D115-9294-4D5F-8DAF-18C3F980BC89}"
EndProject
Project("{FAE04EC0-301F-11D3-BF4B-00C04F79EFBC}") = "CQELight.Examples.Console", "examples\desktop\CQELight.Examples.Console\CQELight.Examples.Console.csproj", "{80F5B06A-35A9-4B68-A96F-4E06374FDA77}"
EndProject
Project("{9A19103F-16F7-4668-BE54-9A1E7A4F7556}") = "CQELight.Abstractions.Tests", "tests\CQELight.Abstractions.Tests\CQELight.Abstractions.Tests.csproj", "{E53EA779-717D-4D84-B104-DA0E5E03BC7B}"
EndProject
Project("{9A19103F-16F7-4668-BE54-9A1E7A4F7556}") = "CQELight.Tools.Tests", "tests\CQELight.Tools.Tests\CQELight.Tools.Tests.csproj", "{623D2FB7-25A4-4A09-B3CF-27A7476B13DF}"
EndProject
Project("{9A19103F-16F7-4668-BE54-9A1E7A4F7556}") = "CQELight.MVVM", "src\CQELight.MVVM\CQELight.MVVM.csproj", "{8D8EED51-7C00-42D0-8637-CA3ADC66E965}"
EndProject
Project("{9A19103F-16F7-4668-BE54-9A1E7A4F7556}") = "CQELight.TestFramework", "src\CQELight.TestFramework\CQELight.TestFramework.csproj", "{B92BDD59-C087-42B3-8475-73138F8DEF8B}"
EndProject
Project("{9A19103F-16F7-4668-BE54-9A1E7A4F7556}") = "CQELight.IoC.Autofac", "src\CQELight.IoC.Autofac\CQELight.IoC.Autofac.csproj", "{4ACFFB27-666D-4E9F-B40E-8CD27E61248A}"
EndProject
Project("{FAE04EC0-301F-11D3-BF4B-00C04F79EFBC}") = "CQELight.Buses.InMemory", "src\CQELight.Buses.InMemory\CQELight.Buses.InMemory.csproj", "{25BAF004-66FF-4241-94D8-21BB7676FA4E}"
EndProject
Global
	GlobalSection(SolutionConfigurationPlatforms) = preSolution
		Debug|Any CPU = Debug|Any CPU
		Debug|x64 = Debug|x64
		Debug|x86 = Debug|x86
		Release|Any CPU = Release|Any CPU
		Release|x64 = Release|x64
		Release|x86 = Release|x86
	EndGlobalSection
	GlobalSection(ProjectConfigurationPlatforms) = postSolution
		{4FC5EB17-47B8-442D-92CD-3D380B5A303A}.Debug|Any CPU.ActiveCfg = Debug|Any CPU
		{4FC5EB17-47B8-442D-92CD-3D380B5A303A}.Debug|Any CPU.Build.0 = Debug|Any CPU
		{4FC5EB17-47B8-442D-92CD-3D380B5A303A}.Debug|x64.ActiveCfg = Debug|Any CPU
		{4FC5EB17-47B8-442D-92CD-3D380B5A303A}.Debug|x64.Build.0 = Debug|Any CPU
		{4FC5EB17-47B8-442D-92CD-3D380B5A303A}.Debug|x86.ActiveCfg = Debug|Any CPU
		{4FC5EB17-47B8-442D-92CD-3D380B5A303A}.Debug|x86.Build.0 = Debug|Any CPU
		{4FC5EB17-47B8-442D-92CD-3D380B5A303A}.Release|Any CPU.ActiveCfg = Release|Any CPU
		{4FC5EB17-47B8-442D-92CD-3D380B5A303A}.Release|Any CPU.Build.0 = Release|Any CPU
		{4FC5EB17-47B8-442D-92CD-3D380B5A303A}.Release|x64.ActiveCfg = Release|Any CPU
		{4FC5EB17-47B8-442D-92CD-3D380B5A303A}.Release|x64.Build.0 = Release|Any CPU
		{4FC5EB17-47B8-442D-92CD-3D380B5A303A}.Release|x86.ActiveCfg = Release|Any CPU
		{4FC5EB17-47B8-442D-92CD-3D380B5A303A}.Release|x86.Build.0 = Release|Any CPU
		{0429515C-6045-4AA4-BE43-8A555B12E2AA}.Debug|Any CPU.ActiveCfg = Debug|Any CPU
		{0429515C-6045-4AA4-BE43-8A555B12E2AA}.Debug|Any CPU.Build.0 = Debug|Any CPU
		{0429515C-6045-4AA4-BE43-8A555B12E2AA}.Debug|x64.ActiveCfg = Debug|Any CPU
		{0429515C-6045-4AA4-BE43-8A555B12E2AA}.Debug|x64.Build.0 = Debug|Any CPU
		{0429515C-6045-4AA4-BE43-8A555B12E2AA}.Debug|x86.ActiveCfg = Debug|Any CPU
		{0429515C-6045-4AA4-BE43-8A555B12E2AA}.Debug|x86.Build.0 = Debug|Any CPU
		{0429515C-6045-4AA4-BE43-8A555B12E2AA}.Release|Any CPU.ActiveCfg = Release|Any CPU
		{0429515C-6045-4AA4-BE43-8A555B12E2AA}.Release|Any CPU.Build.0 = Release|Any CPU
		{0429515C-6045-4AA4-BE43-8A555B12E2AA}.Release|x64.ActiveCfg = Release|Any CPU
		{0429515C-6045-4AA4-BE43-8A555B12E2AA}.Release|x64.Build.0 = Release|Any CPU
		{0429515C-6045-4AA4-BE43-8A555B12E2AA}.Release|x86.ActiveCfg = Release|Any CPU
		{0429515C-6045-4AA4-BE43-8A555B12E2AA}.Release|x86.Build.0 = Release|Any CPU
		{7DA0C636-2BC9-4ED9-BEFF-3BAF27238F41}.Debug|Any CPU.ActiveCfg = Debug|Any CPU
		{7DA0C636-2BC9-4ED9-BEFF-3BAF27238F41}.Debug|Any CPU.Build.0 = Debug|Any CPU
		{7DA0C636-2BC9-4ED9-BEFF-3BAF27238F41}.Debug|x64.ActiveCfg = Debug|Any CPU
		{7DA0C636-2BC9-4ED9-BEFF-3BAF27238F41}.Debug|x64.Build.0 = Debug|Any CPU
		{7DA0C636-2BC9-4ED9-BEFF-3BAF27238F41}.Debug|x86.ActiveCfg = Debug|Any CPU
		{7DA0C636-2BC9-4ED9-BEFF-3BAF27238F41}.Debug|x86.Build.0 = Debug|Any CPU
		{7DA0C636-2BC9-4ED9-BEFF-3BAF27238F41}.Release|Any CPU.ActiveCfg = Release|Any CPU
		{7DA0C636-2BC9-4ED9-BEFF-3BAF27238F41}.Release|Any CPU.Build.0 = Release|Any CPU
		{7DA0C636-2BC9-4ED9-BEFF-3BAF27238F41}.Release|x64.ActiveCfg = Release|Any CPU
		{7DA0C636-2BC9-4ED9-BEFF-3BAF27238F41}.Release|x64.Build.0 = Release|Any CPU
		{7DA0C636-2BC9-4ED9-BEFF-3BAF27238F41}.Release|x86.ActiveCfg = Release|Any CPU
		{7DA0C636-2BC9-4ED9-BEFF-3BAF27238F41}.Release|x86.Build.0 = Release|Any CPU
		{43A66170-33E0-46E8-B50C-5A6B0E631E02}.Debug|Any CPU.ActiveCfg = Debug|Any CPU
		{43A66170-33E0-46E8-B50C-5A6B0E631E02}.Debug|Any CPU.Build.0 = Debug|Any CPU
		{43A66170-33E0-46E8-B50C-5A6B0E631E02}.Debug|x64.ActiveCfg = Debug|Any CPU
		{43A66170-33E0-46E8-B50C-5A6B0E631E02}.Debug|x64.Build.0 = Debug|Any CPU
		{43A66170-33E0-46E8-B50C-5A6B0E631E02}.Debug|x86.ActiveCfg = Debug|Any CPU
		{43A66170-33E0-46E8-B50C-5A6B0E631E02}.Debug|x86.Build.0 = Debug|Any CPU
		{43A66170-33E0-46E8-B50C-5A6B0E631E02}.Release|Any CPU.ActiveCfg = Release|Any CPU
		{43A66170-33E0-46E8-B50C-5A6B0E631E02}.Release|Any CPU.Build.0 = Release|Any CPU
		{43A66170-33E0-46E8-B50C-5A6B0E631E02}.Release|x64.ActiveCfg = Release|Any CPU
		{43A66170-33E0-46E8-B50C-5A6B0E631E02}.Release|x64.Build.0 = Release|Any CPU
		{43A66170-33E0-46E8-B50C-5A6B0E631E02}.Release|x86.ActiveCfg = Release|Any CPU
		{43A66170-33E0-46E8-B50C-5A6B0E631E02}.Release|x86.Build.0 = Release|Any CPU
		{62C8D115-9294-4D5F-8DAF-18C3F980BC89}.Debug|Any CPU.ActiveCfg = Debug|Any CPU
		{62C8D115-9294-4D5F-8DAF-18C3F980BC89}.Debug|Any CPU.Build.0 = Debug|Any CPU
		{62C8D115-9294-4D5F-8DAF-18C3F980BC89}.Debug|x64.ActiveCfg = Debug|Any CPU
		{62C8D115-9294-4D5F-8DAF-18C3F980BC89}.Debug|x64.Build.0 = Debug|Any CPU
		{62C8D115-9294-4D5F-8DAF-18C3F980BC89}.Debug|x86.ActiveCfg = Debug|Any CPU
		{62C8D115-9294-4D5F-8DAF-18C3F980BC89}.Debug|x86.Build.0 = Debug|Any CPU
		{62C8D115-9294-4D5F-8DAF-18C3F980BC89}.Release|Any CPU.ActiveCfg = Release|Any CPU
		{62C8D115-9294-4D5F-8DAF-18C3F980BC89}.Release|Any CPU.Build.0 = Release|Any CPU
		{62C8D115-9294-4D5F-8DAF-18C3F980BC89}.Release|x64.ActiveCfg = Release|Any CPU
		{62C8D115-9294-4D5F-8DAF-18C3F980BC89}.Release|x64.Build.0 = Release|Any CPU
		{62C8D115-9294-4D5F-8DAF-18C3F980BC89}.Release|x86.ActiveCfg = Release|Any CPU
		{62C8D115-9294-4D5F-8DAF-18C3F980BC89}.Release|x86.Build.0 = Release|Any CPU
		{80F5B06A-35A9-4B68-A96F-4E06374FDA77}.Debug|Any CPU.ActiveCfg = Debug|Any CPU
		{80F5B06A-35A9-4B68-A96F-4E06374FDA77}.Debug|Any CPU.Build.0 = Debug|Any CPU
		{80F5B06A-35A9-4B68-A96F-4E06374FDA77}.Debug|x64.ActiveCfg = Debug|Any CPU
		{80F5B06A-35A9-4B68-A96F-4E06374FDA77}.Debug|x64.Build.0 = Debug|Any CPU
		{80F5B06A-35A9-4B68-A96F-4E06374FDA77}.Debug|x86.ActiveCfg = Debug|Any CPU
		{80F5B06A-35A9-4B68-A96F-4E06374FDA77}.Debug|x86.Build.0 = Debug|Any CPU
		{80F5B06A-35A9-4B68-A96F-4E06374FDA77}.Release|Any CPU.ActiveCfg = Release|Any CPU
		{80F5B06A-35A9-4B68-A96F-4E06374FDA77}.Release|Any CPU.Build.0 = Release|Any CPU
		{80F5B06A-35A9-4B68-A96F-4E06374FDA77}.Release|x64.ActiveCfg = Release|Any CPU
		{80F5B06A-35A9-4B68-A96F-4E06374FDA77}.Release|x64.Build.0 = Release|Any CPU
		{80F5B06A-35A9-4B68-A96F-4E06374FDA77}.Release|x86.ActiveCfg = Release|Any CPU
		{80F5B06A-35A9-4B68-A96F-4E06374FDA77}.Release|x86.Build.0 = Release|Any CPU
		{E53EA779-717D-4D84-B104-DA0E5E03BC7B}.Debug|Any CPU.ActiveCfg = Debug|Any CPU
		{E53EA779-717D-4D84-B104-DA0E5E03BC7B}.Debug|Any CPU.Build.0 = Debug|Any CPU
		{E53EA779-717D-4D84-B104-DA0E5E03BC7B}.Debug|x64.ActiveCfg = Debug|Any CPU
		{E53EA779-717D-4D84-B104-DA0E5E03BC7B}.Debug|x64.Build.0 = Debug|Any CPU
		{E53EA779-717D-4D84-B104-DA0E5E03BC7B}.Debug|x86.ActiveCfg = Debug|Any CPU
		{E53EA779-717D-4D84-B104-DA0E5E03BC7B}.Debug|x86.Build.0 = Debug|Any CPU
		{E53EA779-717D-4D84-B104-DA0E5E03BC7B}.Release|Any CPU.ActiveCfg = Release|Any CPU
		{E53EA779-717D-4D84-B104-DA0E5E03BC7B}.Release|Any CPU.Build.0 = Release|Any CPU
		{E53EA779-717D-4D84-B104-DA0E5E03BC7B}.Release|x64.ActiveCfg = Release|Any CPU
		{E53EA779-717D-4D84-B104-DA0E5E03BC7B}.Release|x64.Build.0 = Release|Any CPU
		{E53EA779-717D-4D84-B104-DA0E5E03BC7B}.Release|x86.ActiveCfg = Release|Any CPU
		{E53EA779-717D-4D84-B104-DA0E5E03BC7B}.Release|x86.Build.0 = Release|Any CPU
		{623D2FB7-25A4-4A09-B3CF-27A7476B13DF}.Debug|Any CPU.ActiveCfg = Debug|Any CPU
		{623D2FB7-25A4-4A09-B3CF-27A7476B13DF}.Debug|Any CPU.Build.0 = Debug|Any CPU
		{623D2FB7-25A4-4A09-B3CF-27A7476B13DF}.Debug|x64.ActiveCfg = Debug|Any CPU
		{623D2FB7-25A4-4A09-B3CF-27A7476B13DF}.Debug|x64.Build.0 = Debug|Any CPU
		{623D2FB7-25A4-4A09-B3CF-27A7476B13DF}.Debug|x86.ActiveCfg = Debug|Any CPU
		{623D2FB7-25A4-4A09-B3CF-27A7476B13DF}.Debug|x86.Build.0 = Debug|Any CPU
		{623D2FB7-25A4-4A09-B3CF-27A7476B13DF}.Release|Any CPU.ActiveCfg = Release|Any CPU
		{623D2FB7-25A4-4A09-B3CF-27A7476B13DF}.Release|Any CPU.Build.0 = Release|Any CPU
		{623D2FB7-25A4-4A09-B3CF-27A7476B13DF}.Release|x64.ActiveCfg = Release|Any CPU
		{623D2FB7-25A4-4A09-B3CF-27A7476B13DF}.Release|x64.Build.0 = Release|Any CPU
		{623D2FB7-25A4-4A09-B3CF-27A7476B13DF}.Release|x86.ActiveCfg = Release|Any CPU
		{623D2FB7-25A4-4A09-B3CF-27A7476B13DF}.Release|x86.Build.0 = Release|Any CPU
		{8D8EED51-7C00-42D0-8637-CA3ADC66E965}.Debug|Any CPU.ActiveCfg = Debug|Any CPU
		{8D8EED51-7C00-42D0-8637-CA3ADC66E965}.Debug|Any CPU.Build.0 = Debug|Any CPU
		{8D8EED51-7C00-42D0-8637-CA3ADC66E965}.Debug|x64.ActiveCfg = Debug|Any CPU
		{8D8EED51-7C00-42D0-8637-CA3ADC66E965}.Debug|x64.Build.0 = Debug|Any CPU
		{8D8EED51-7C00-42D0-8637-CA3ADC66E965}.Debug|x86.ActiveCfg = Debug|Any CPU
		{8D8EED51-7C00-42D0-8637-CA3ADC66E965}.Debug|x86.Build.0 = Debug|Any CPU
		{8D8EED51-7C00-42D0-8637-CA3ADC66E965}.Release|Any CPU.ActiveCfg = Release|Any CPU
		{8D8EED51-7C00-42D0-8637-CA3ADC66E965}.Release|Any CPU.Build.0 = Release|Any CPU
		{8D8EED51-7C00-42D0-8637-CA3ADC66E965}.Release|x64.ActiveCfg = Release|Any CPU
		{8D8EED51-7C00-42D0-8637-CA3ADC66E965}.Release|x64.Build.0 = Release|Any CPU
		{8D8EED51-7C00-42D0-8637-CA3ADC66E965}.Release|x86.ActiveCfg = Release|Any CPU
		{8D8EED51-7C00-42D0-8637-CA3ADC66E965}.Release|x86.Build.0 = Release|Any CPU
		{B92BDD59-C087-42B3-8475-73138F8DEF8B}.Debug|Any CPU.ActiveCfg = Debug|Any CPU
		{B92BDD59-C087-42B3-8475-73138F8DEF8B}.Debug|Any CPU.Build.0 = Debug|Any CPU
		{B92BDD59-C087-42B3-8475-73138F8DEF8B}.Debug|x64.ActiveCfg = Debug|Any CPU
		{B92BDD59-C087-42B3-8475-73138F8DEF8B}.Debug|x64.Build.0 = Debug|Any CPU
		{B92BDD59-C087-42B3-8475-73138F8DEF8B}.Debug|x86.ActiveCfg = Debug|Any CPU
		{B92BDD59-C087-42B3-8475-73138F8DEF8B}.Debug|x86.Build.0 = Debug|Any CPU
		{B92BDD59-C087-42B3-8475-73138F8DEF8B}.Release|Any CPU.ActiveCfg = Release|Any CPU
		{B92BDD59-C087-42B3-8475-73138F8DEF8B}.Release|Any CPU.Build.0 = Release|Any CPU
		{B92BDD59-C087-42B3-8475-73138F8DEF8B}.Release|x64.ActiveCfg = Release|Any CPU
		{B92BDD59-C087-42B3-8475-73138F8DEF8B}.Release|x64.Build.0 = Release|Any CPU
		{B92BDD59-C087-42B3-8475-73138F8DEF8B}.Release|x86.ActiveCfg = Release|Any CPU
		{B92BDD59-C087-42B3-8475-73138F8DEF8B}.Release|x86.Build.0 = Release|Any CPU
		{4ACFFB27-666D-4E9F-B40E-8CD27E61248A}.Debug|Any CPU.ActiveCfg = Debug|Any CPU
		{4ACFFB27-666D-4E9F-B40E-8CD27E61248A}.Debug|Any CPU.Build.0 = Debug|Any CPU
		{4ACFFB27-666D-4E9F-B40E-8CD27E61248A}.Debug|x64.ActiveCfg = Debug|Any CPU
		{4ACFFB27-666D-4E9F-B40E-8CD27E61248A}.Debug|x64.Build.0 = Debug|Any CPU
		{4ACFFB27-666D-4E9F-B40E-8CD27E61248A}.Debug|x86.ActiveCfg = Debug|Any CPU
		{4ACFFB27-666D-4E9F-B40E-8CD27E61248A}.Debug|x86.Build.0 = Debug|Any CPU
		{4ACFFB27-666D-4E9F-B40E-8CD27E61248A}.Release|Any CPU.ActiveCfg = Release|Any CPU
		{4ACFFB27-666D-4E9F-B40E-8CD27E61248A}.Release|Any CPU.Build.0 = Release|Any CPU
		{4ACFFB27-666D-4E9F-B40E-8CD27E61248A}.Release|x64.ActiveCfg = Release|Any CPU
		{4ACFFB27-666D-4E9F-B40E-8CD27E61248A}.Release|x64.Build.0 = Release|Any CPU
		{4ACFFB27-666D-4E9F-B40E-8CD27E61248A}.Release|x86.ActiveCfg = Release|Any CPU
		{4ACFFB27-666D-4E9F-B40E-8CD27E61248A}.Release|x86.Build.0 = Release|Any CPU
		{25BAF004-66FF-4241-94D8-21BB7676FA4E}.Debug|Any CPU.ActiveCfg = Debug|Any CPU
		{25BAF004-66FF-4241-94D8-21BB7676FA4E}.Debug|Any CPU.Build.0 = Debug|Any CPU
		{25BAF004-66FF-4241-94D8-21BB7676FA4E}.Debug|x64.ActiveCfg = Debug|Any CPU
		{25BAF004-66FF-4241-94D8-21BB7676FA4E}.Debug|x64.Build.0 = Debug|Any CPU
		{25BAF004-66FF-4241-94D8-21BB7676FA4E}.Debug|x86.ActiveCfg = Debug|Any CPU
		{25BAF004-66FF-4241-94D8-21BB7676FA4E}.Debug|x86.Build.0 = Debug|Any CPU
		{25BAF004-66FF-4241-94D8-21BB7676FA4E}.Release|Any CPU.ActiveCfg = Release|Any CPU
		{25BAF004-66FF-4241-94D8-21BB7676FA4E}.Release|Any CPU.Build.0 = Release|Any CPU
		{25BAF004-66FF-4241-94D8-21BB7676FA4E}.Release|x64.ActiveCfg = Release|Any CPU
		{25BAF004-66FF-4241-94D8-21BB7676FA4E}.Release|x64.Build.0 = Release|Any CPU
		{25BAF004-66FF-4241-94D8-21BB7676FA4E}.Release|x86.ActiveCfg = Release|Any CPU
		{25BAF004-66FF-4241-94D8-21BB7676FA4E}.Release|x86.Build.0 = Release|Any CPU
	EndGlobalSection
	GlobalSection(SolutionProperties) = preSolution
		HideSolutionNode = FALSE
	EndGlobalSection
	GlobalSection(NestedProjects) = preSolution
		{4F314144-BE79-48D2-AA79-671DDF3BE4CA} = {D7945667-7122-43E1-9DC0-A2EE2A80823A}
		{4CA30700-6183-4C5B-B545-61685590CF06} = {D7945667-7122-43E1-9DC0-A2EE2A80823A}
		{4FC5EB17-47B8-442D-92CD-3D380B5A303A} = {4CA30700-6183-4C5B-B545-61685590CF06}
		{0429515C-6045-4AA4-BE43-8A555B12E2AA} = {4F314144-BE79-48D2-AA79-671DDF3BE4CA}
		{7DA0C636-2BC9-4ED9-BEFF-3BAF27238F41} = {DD4A2672-6800-424F-AA57-1FDA27242E91}
		{43A66170-33E0-46E8-B50C-5A6B0E631E02} = {DD4A2672-6800-424F-AA57-1FDA27242E91}
		{62C8D115-9294-4D5F-8DAF-18C3F980BC89} = {DD4A2672-6800-424F-AA57-1FDA27242E91}
		{80F5B06A-35A9-4B68-A96F-4E06374FDA77} = {4CA30700-6183-4C5B-B545-61685590CF06}
		{E53EA779-717D-4D84-B104-DA0E5E03BC7B} = {510276A5-C0E0-4535-9650-A8DED20E7243}
		{623D2FB7-25A4-4A09-B3CF-27A7476B13DF} = {510276A5-C0E0-4535-9650-A8DED20E7243}
		{8D8EED51-7C00-42D0-8637-CA3ADC66E965} = {DD4A2672-6800-424F-AA57-1FDA27242E91}
		{B92BDD59-C087-42B3-8475-73138F8DEF8B} = {DD4A2672-6800-424F-AA57-1FDA27242E91}
		{4ACFFB27-666D-4E9F-B40E-8CD27E61248A} = {DD4A2672-6800-424F-AA57-1FDA27242E91}
		{25BAF004-66FF-4241-94D8-21BB7676FA4E} = {DD4A2672-6800-424F-AA57-1FDA27242E91}
	EndGlobalSection
	GlobalSection(ExtensibilityGlobals) = postSolution
		SolutionGuid = {DF11456F-BFA1-4DBF-85A1-DA0DC3CD916F}
	EndGlobalSection
EndGlobal
