
Microsoft Visual Studio Solution File, Format Version 12.00
# Visual Studio 15
VisualStudioVersion = 15.0.26206.0
MinimumVisualStudioVersion = 10.0.40219.1
Project("{FAE04EC0-301F-11D3-BF4B-00C04F79EFBC}") = "CQELight.Abstractions", "CQELight.Abstractions\CQELight.Abstractions.csproj", "{74AA90EC-F6BF-4C78-A52C-D88B762DF473}"
EndProject
Project("{2150E333-8FDC-42A3-9474-1A3956D46DE8}") = "src", "src", "{DD4A2672-6800-424F-AA57-1FDA27242E91}"
EndProject
Project("{FAE04EC0-301F-11D3-BF4B-00C04F79EFBC}") = "CQELight", "CQELight\CQELight.csproj", "{99DE715F-D95D-4862-B683-91D77650E5D3}"
EndProject
Project("{2150E333-8FDC-42A3-9474-1A3956D46DE8}") = "tests", "tests", "{510276A5-C0E0-4535-9650-A8DED20E7243}"
EndProject
Project("{FAE04EC0-301F-11D3-BF4B-00C04F79EFBC}") = "CQELight.Examples.WPF", "CQELight.Examples.WPF\CQELight.Examples.WPF.csproj", "{4FC5EB17-47B8-442D-92CD-3D380B5A303A}"
EndProject
Project("{FAE04EC0-301F-11D3-BF4B-00C04F79EFBC}") = "CQELight.Examples.ASPCore", "CQELight.Examples.ASPCore\CQELight.Examples.ASPCore.csproj", "{D99D2A6F-CE4B-43F8-BDA6-6EABE6853044}"
EndProject
Project("{FAE04EC0-301F-11D3-BF4B-00C04F79EFBC}") = "CQELight.Implementations", "CQELight.Implementations\CQELight.Implementations.csproj", "{E1135309-2243-42FF-9913-41A1FF3BF54F}"
EndProject
Project("{2150E333-8FDC-42A3-9474-1A3956D46DE8}") = "web", "web", "{4F314144-BE79-48D2-AA79-671DDF3BE4CA}"
EndProject
Project("{2150E333-8FDC-42A3-9474-1A3956D46DE8}") = "desktop", "desktop", "{4CA30700-6183-4C5B-B545-61685590CF06}"
EndProject
Project("{2150E333-8FDC-42A3-9474-1A3956D46DE8}") = "unit tests", "unit tests", "{7E3651FA-889E-4564-8D46-8906CE397750}"
EndProject
Global
	GlobalSection(SolutionConfigurationPlatforms) = preSolution
		Debug|Any CPU = Debug|Any CPU
		Debug|x64 = Debug|x64
		Debug|x86 = Debug|x86
		Release|Any CPU = Release|Any CPU
		Release|x64 = Release|x64
		Release|x86 = Release|x86
	EndGlobalSection
	GlobalSection(ProjectConfigurationPlatforms) = postSolution
		{74AA90EC-F6BF-4C78-A52C-D88B762DF473}.Debug|Any CPU.ActiveCfg = Debug|Any CPU
		{74AA90EC-F6BF-4C78-A52C-D88B762DF473}.Debug|Any CPU.Build.0 = Debug|Any CPU
		{74AA90EC-F6BF-4C78-A52C-D88B762DF473}.Debug|x64.ActiveCfg = Debug|x64
		{74AA90EC-F6BF-4C78-A52C-D88B762DF473}.Debug|x64.Build.0 = Debug|x64
		{74AA90EC-F6BF-4C78-A52C-D88B762DF473}.Debug|x86.ActiveCfg = Debug|x86
		{74AA90EC-F6BF-4C78-A52C-D88B762DF473}.Debug|x86.Build.0 = Debug|x86
		{74AA90EC-F6BF-4C78-A52C-D88B762DF473}.Release|Any CPU.ActiveCfg = Release|Any CPU
		{74AA90EC-F6BF-4C78-A52C-D88B762DF473}.Release|Any CPU.Build.0 = Release|Any CPU
		{74AA90EC-F6BF-4C78-A52C-D88B762DF473}.Release|x64.ActiveCfg = Release|x64
		{74AA90EC-F6BF-4C78-A52C-D88B762DF473}.Release|x64.Build.0 = Release|x64
		{74AA90EC-F6BF-4C78-A52C-D88B762DF473}.Release|x86.ActiveCfg = Release|x86
		{74AA90EC-F6BF-4C78-A52C-D88B762DF473}.Release|x86.Build.0 = Release|x86
		{99DE715F-D95D-4862-B683-91D77650E5D3}.Debug|Any CPU.ActiveCfg = Debug|Any CPU
		{99DE715F-D95D-4862-B683-91D77650E5D3}.Debug|Any CPU.Build.0 = Debug|Any CPU
		{99DE715F-D95D-4862-B683-91D77650E5D3}.Debug|x64.ActiveCfg = Debug|x64
		{99DE715F-D95D-4862-B683-91D77650E5D3}.Debug|x64.Build.0 = Debug|x64
		{99DE715F-D95D-4862-B683-91D77650E5D3}.Debug|x86.ActiveCfg = Debug|x86
		{99DE715F-D95D-4862-B683-91D77650E5D3}.Debug|x86.Build.0 = Debug|x86
		{99DE715F-D95D-4862-B683-91D77650E5D3}.Release|Any CPU.ActiveCfg = Release|Any CPU
		{99DE715F-D95D-4862-B683-91D77650E5D3}.Release|Any CPU.Build.0 = Release|Any CPU
		{99DE715F-D95D-4862-B683-91D77650E5D3}.Release|x64.ActiveCfg = Release|x64
		{99DE715F-D95D-4862-B683-91D77650E5D3}.Release|x64.Build.0 = Release|x64
		{99DE715F-D95D-4862-B683-91D77650E5D3}.Release|x86.ActiveCfg = Release|x86
		{99DE715F-D95D-4862-B683-91D77650E5D3}.Release|x86.Build.0 = Release|x86
		{4FC5EB17-47B8-442D-92CD-3D380B5A303A}.Debug|Any CPU.ActiveCfg = Debug|Any CPU
		{4FC5EB17-47B8-442D-92CD-3D380B5A303A}.Debug|Any CPU.Build.0 = Debug|Any CPU
		{4FC5EB17-47B8-442D-92CD-3D380B5A303A}.Debug|x64.ActiveCfg = Debug|Any CPU
		{4FC5EB17-47B8-442D-92CD-3D380B5A303A}.Debug|x64.Build.0 = Debug|Any CPU
		{4FC5EB17-47B8-442D-92CD-3D380B5A303A}.Debug|x86.ActiveCfg = Debug|Any CPU
		{4FC5EB17-47B8-442D-92CD-3D380B5A303A}.Debug|x86.Build.0 = Debug|Any CPU
		{4FC5EB17-47B8-442D-92CD-3D380B5A303A}.Release|Any CPU.ActiveCfg = Release|Any CPU
		{4FC5EB17-47B8-442D-92CD-3D380B5A303A}.Release|Any CPU.Build.0 = Release|Any CPU
		{4FC5EB17-47B8-442D-92CD-3D380B5A303A}.Release|x64.ActiveCfg = Release|Any CPU
		{4FC5EB17-47B8-442D-92CD-3D380B5A303A}.Release|x64.Build.0 = Release|Any CPU
		{4FC5EB17-47B8-442D-92CD-3D380B5A303A}.Release|x86.ActiveCfg = Release|Any CPU
		{4FC5EB17-47B8-442D-92CD-3D380B5A303A}.Release|x86.Build.0 = Release|Any CPU
		{D99D2A6F-CE4B-43F8-BDA6-6EABE6853044}.Debug|Any CPU.ActiveCfg = Debug|Any CPU
		{D99D2A6F-CE4B-43F8-BDA6-6EABE6853044}.Debug|Any CPU.Build.0 = Debug|Any CPU
		{D99D2A6F-CE4B-43F8-BDA6-6EABE6853044}.Debug|x64.ActiveCfg = Debug|x64
		{D99D2A6F-CE4B-43F8-BDA6-6EABE6853044}.Debug|x64.Build.0 = Debug|x64
		{D99D2A6F-CE4B-43F8-BDA6-6EABE6853044}.Debug|x86.ActiveCfg = Debug|x86
		{D99D2A6F-CE4B-43F8-BDA6-6EABE6853044}.Debug|x86.Build.0 = Debug|x86
		{D99D2A6F-CE4B-43F8-BDA6-6EABE6853044}.Release|Any CPU.ActiveCfg = Release|Any CPU
		{D99D2A6F-CE4B-43F8-BDA6-6EABE6853044}.Release|Any CPU.Build.0 = Release|Any CPU
		{D99D2A6F-CE4B-43F8-BDA6-6EABE6853044}.Release|x64.ActiveCfg = Release|x64
		{D99D2A6F-CE4B-43F8-BDA6-6EABE6853044}.Release|x64.Build.0 = Release|x64
		{D99D2A6F-CE4B-43F8-BDA6-6EABE6853044}.Release|x86.ActiveCfg = Release|x86
		{D99D2A6F-CE4B-43F8-BDA6-6EABE6853044}.Release|x86.Build.0 = Release|x86
		{E1135309-2243-42FF-9913-41A1FF3BF54F}.Debug|Any CPU.ActiveCfg = Debug|Any CPU
		{E1135309-2243-42FF-9913-41A1FF3BF54F}.Debug|Any CPU.Build.0 = Debug|Any CPU
		{E1135309-2243-42FF-9913-41A1FF3BF54F}.Debug|x64.ActiveCfg = Debug|x64
		{E1135309-2243-42FF-9913-41A1FF3BF54F}.Debug|x64.Build.0 = Debug|x64
		{E1135309-2243-42FF-9913-41A1FF3BF54F}.Debug|x86.ActiveCfg = Debug|x86
		{E1135309-2243-42FF-9913-41A1FF3BF54F}.Debug|x86.Build.0 = Debug|x86
		{E1135309-2243-42FF-9913-41A1FF3BF54F}.Release|Any CPU.ActiveCfg = Release|Any CPU
		{E1135309-2243-42FF-9913-41A1FF3BF54F}.Release|Any CPU.Build.0 = Release|Any CPU
		{E1135309-2243-42FF-9913-41A1FF3BF54F}.Release|x64.ActiveCfg = Release|x64
		{E1135309-2243-42FF-9913-41A1FF3BF54F}.Release|x64.Build.0 = Release|x64
		{E1135309-2243-42FF-9913-41A1FF3BF54F}.Release|x86.ActiveCfg = Release|x86
		{E1135309-2243-42FF-9913-41A1FF3BF54F}.Release|x86.Build.0 = Release|x86
	EndGlobalSection
	GlobalSection(SolutionProperties) = preSolution
		HideSolutionNode = FALSE
	EndGlobalSection
	GlobalSection(NestedProjects) = preSolution
		{74AA90EC-F6BF-4C78-A52C-D88B762DF473} = {DD4A2672-6800-424F-AA57-1FDA27242E91}
		{99DE715F-D95D-4862-B683-91D77650E5D3} = {DD4A2672-6800-424F-AA57-1FDA27242E91}
		{4FC5EB17-47B8-442D-92CD-3D380B5A303A} = {4CA30700-6183-4C5B-B545-61685590CF06}
		{D99D2A6F-CE4B-43F8-BDA6-6EABE6853044} = {4F314144-BE79-48D2-AA79-671DDF3BE4CA}
		{E1135309-2243-42FF-9913-41A1FF3BF54F} = {DD4A2672-6800-424F-AA57-1FDA27242E91}
		{4F314144-BE79-48D2-AA79-671DDF3BE4CA} = {510276A5-C0E0-4535-9650-A8DED20E7243}
		{4CA30700-6183-4C5B-B545-61685590CF06} = {510276A5-C0E0-4535-9650-A8DED20E7243}
		{7E3651FA-889E-4564-8D46-8906CE397750} = {510276A5-C0E0-4535-9650-A8DED20E7243}
	EndGlobalSection
EndGlobal
