
Microsoft Visual Studio Solution File, Format Version 12.00
# Visual Studio Version 16
VisualStudioVersion = 16.0.28621.142
MinimumVisualStudioVersion = 10.0.40219.1
Project("{2150E333-8FDC-42A3-9474-1A3956D46DE8}") = "src", "src", "{DD4A2672-6800-424F-AA57-1FDA27242E91}"
EndProject
Project("{2150E333-8FDC-42A3-9474-1A3956D46DE8}") = "tests", "tests", "{510276A5-C0E0-4535-9650-A8DED20E7243}"
EndProject
Project("{2150E333-8FDC-42A3-9474-1A3956D46DE8}") = "samples", "samples", "{D7945667-7122-43E1-9DC0-A2EE2A80823A}"
EndProject
Project("{9A19103F-16F7-4668-BE54-9A1E7A4F7556}") = "CQELight", "src\CQELight\CQELight.csproj", "{7DA0C636-2BC9-4ED9-BEFF-3BAF27238F41}"
EndProject
Project("{9A19103F-16F7-4668-BE54-9A1E7A4F7556}") = "CQELight.MVVM", "src\CQELight.MVVM\CQELight.MVVM.csproj", "{8D8EED51-7C00-42D0-8637-CA3ADC66E965}"
EndProject
Project("{9A19103F-16F7-4668-BE54-9A1E7A4F7556}") = "CQELight.TestFramework", "src\CQELight.TestFramework\CQELight.TestFramework.csproj", "{B92BDD59-C087-42B3-8475-73138F8DEF8B}"
EndProject
Project("{9A19103F-16F7-4668-BE54-9A1E7A4F7556}") = "CQELight.IoC.Autofac", "src\CQELight.IoC.Autofac\CQELight.IoC.Autofac.csproj", "{4ACFFB27-666D-4E9F-B40E-8CD27E61248A}"
EndProject
Project("{9A19103F-16F7-4668-BE54-9A1E7A4F7556}") = "CQELight.Buses.InMemory", "src\CQELight.Buses.InMemory\CQELight.Buses.InMemory.csproj", "{25BAF004-66FF-4241-94D8-21BB7676FA4E}"
EndProject
Project("{9A19103F-16F7-4668-BE54-9A1E7A4F7556}") = "CQELight.Tests", "tests\CQELight.Tests\CQELight.Tests.csproj", "{C24D1063-024B-40CA-A4D1-0E45227FE7C6}"
EndProject
Project("{9A19103F-16F7-4668-BE54-9A1E7A4F7556}") = "CQELight.Buses.RabbitMQ", "src\CQELight.Buses.RabbitMQ\CQELight.Buses.RabbitMQ.csproj", "{8744439A-067E-422B-B9AC-6FC1B0C3E4BD}"
EndProject
Project("{9A19103F-16F7-4668-BE54-9A1E7A4F7556}") = "CQELight.DAL.EFCore", "src\CQELight.DAL.EFCore\CQELight.DAL.EFCore.csproj", "{E1EAB85C-5A1F-4879-A922-6922E2F83C8A}"
EndProject
Project("{9A19103F-16F7-4668-BE54-9A1E7A4F7556}") = "CQELight.DAL.EFCore.Integration.Tests", "tests\CQELight.DAL.EFCore.Integration.Tests\CQELight.DAL.EFCore.Integration.Tests.csproj", "{6C35F3AD-E01C-4288-BF63-3705553DBC68}"
EndProject
Project("{9A19103F-16F7-4668-BE54-9A1E7A4F7556}") = "CQELight.MVVM.Tests", "tests\CQELight.MVVM.Tests\CQELight.MVVM.Tests.csproj", "{C1CD332F-8F89-4485-A016-200D6795B71C}"
EndProject
Project("{9A19103F-16F7-4668-BE54-9A1E7A4F7556}") = "CQELight.MVVM.MahApps", "src\CQELight.MVVM.MahApps\CQELight.MVVM.MahApps.csproj", "{FB8D3F99-ADEF-4CD4-86A6-4FC20D5FD62C}"
EndProject
Project("{9A19103F-16F7-4668-BE54-9A1E7A4F7556}") = "CQELight.Buses.InMemory.Integration.Tests", "tests\CQELight.Buses.InMemory.Integration.Tests\CQELight.Buses.InMemory.Integration.Tests.csproj", "{EFF657D0-05B6-4FBA-A672-423292A0DACE}"
EndProject
Project("{9A19103F-16F7-4668-BE54-9A1E7A4F7556}") = "CQELight.IoC.Autofac.Integration.Tests", "tests\CQELight.IoC.Autofac.Integration.Tests\CQELight.IoC.Autofac.Integration.Tests.csproj", "{1DB282D2-744E-4EDD-83CD-4E20E943215A}"
EndProject
Project("{9A19103F-16F7-4668-BE54-9A1E7A4F7556}") = "CQELight.Integration.Tests", "tests\CQELight.Integration.Tests\CQELight.Integration.Tests.csproj", "{FAC9F68D-EA3B-44AF-8DD9-941E62233A08}"
EndProject
Project("{9A19103F-16F7-4668-BE54-9A1E7A4F7556}") = "CQELight.MVVM.Integration.Tests", "tests\CQELight.MVVM.Integration.Tests\CQELight.MVVM.Integration.Tests.csproj", "{5F334C55-8FAA-47A3-BA67-B938ADE2D937}"
EndProject
Project("{9A19103F-16F7-4668-BE54-9A1E7A4F7556}") = "CQELight.EventStore.EFCore", "src\CQELight.EventStore.EFCore\CQELight.EventStore.EFCore.csproj", "{CE9EA9C0-8454-400E-8322-597E5CB70580}"
EndProject
Project("{9A19103F-16F7-4668-BE54-9A1E7A4F7556}") = "CQELight.EventStore.EFCore.Integration.Tests", "tests\CQELight.EventStore.EFCore.Integration.Tests\CQELight.EventStore.EFCore.Integration.Tests.csproj", "{82E71A42-F226-45BC-96F5-93487CAFB808}"
EndProject
Project("{9A19103F-16F7-4668-BE54-9A1E7A4F7556}") = "CQELight.EventStore.MongoDb", "src\CQELight.EventStore.MongoDb\CQELight.EventStore.MongoDb.csproj", "{A6A32AA5-A371-4EEE-8FD2-A4481218D891}"
EndProject
Project("{9A19103F-16F7-4668-BE54-9A1E7A4F7556}") = "CQELight.EventStore.MongoDb.Integration.Tests", "tests\CQELight.EventStore.MongoDb.Integration.Tests\CQELight.EventStore.MongoDb.Integration.Tests.csproj", "{745113D5-EC1C-4566-B50E-808A90FA42D0}"
EndProject
Project("{9A19103F-16F7-4668-BE54-9A1E7A4F7556}") = "CQELight.Buses.RabbitMQ.Integration.Tests", "tests\CQELight.Buses.RabbitMQ.Integration.Tests\CQELight.Buses.RabbitMQ.Integration.Tests.csproj", "{C9CBAC2F-D9C8-4EF5-B257-7D6396A34241}"
EndProject
Project("{2150E333-8FDC-42A3-9474-1A3956D46DE8}") = "benchmarks", "benchmarks", "{ACDEE375-B413-4544-89DA-82AD17B3C4D6}"
EndProject
Project("{9A19103F-16F7-4668-BE54-9A1E7A4F7556}") = "CQELight_Benchmarks", "benchmarks\CQELight_Benchmarks\CQELight_Benchmarks.csproj", "{C61EDD5F-3E42-4F12-8F9A-6DE6E7222912}"
EndProject
Project("{2150E333-8FDC-42A3-9474-1A3956D46DE8}") = "documentation", "documentation", "{AE64EAF7-1D51-4D3F-B1D8-1AF63956D173}"
EndProject
Project("{9A19103F-16F7-4668-BE54-9A1E7A4F7556}") = "HelloWorld", "samples\documentation\1.HelloWorld\HelloWorld\HelloWorld.csproj", "{96328811-518A-431D-8F09-9AD072890283}"
EndProject
Project("{9A19103F-16F7-4668-BE54-9A1E7A4F7556}") = "CQELight.Buses.MSMQ", "src\CQELight.Buses.MSMQ\CQELight.Buses.MSMQ.csproj", "{02360C19-0CA8-496E-8ED4-144CCE5689CC}"
EndProject
Project("{9A19103F-16F7-4668-BE54-9A1E7A4F7556}") = "CQELight.Buses.MSMQ.Integration.Tests", "tests\CQELight.Buses.MSMQ.Integration.Tests\CQELight.Buses.MSMQ.Integration.Tests.csproj", "{5A8A5955-531D-44F9-9A26-3845381596A2}"
EndProject
Project("{9A19103F-16F7-4668-BE54-9A1E7A4F7556}") = "CQELight.Buses.AzureServiceBus", "src\CQELight.Buses.AzureServiceBus\CQELight.Buses.AzureServiceBus.csproj", "{CCA7936A-2C62-414B-A576-7BC9042AEEA7}"
EndProject
Project("{9A19103F-16F7-4668-BE54-9A1E7A4F7556}") = "CQELight.Buses.AzureServiceBus.Integration.Tests", "tests\CQELight.Buses.AzureServiceBus.Integration.Tests\CQELight.Buses.AzureServiceBus.Integration.Tests.csproj", "{19B607ED-E988-4408-91F6-71FCE05E1B49}"
EndProject
Project("{9A19103F-16F7-4668-BE54-9A1E7A4F7556}") = "CQELight.TestFramework.Integration.Tests", "tests\CQELight.TestFramework.Integration.Tests\CQELight.TestFramework.Integration.Tests.csproj", "{6B624B53-7A10-4499-B947-56F60A725AAC}"
EndProject
Project("{9A19103F-16F7-4668-BE54-9A1E7A4F7556}") = "Geneao", "samples\documentation\2.Geneao\Geneao\Geneao.csproj", "{50F780DF-48CD-421D-B884-87134F2FBF77}"
EndProject
Project("{9A19103F-16F7-4668-BE54-9A1E7A4F7556}") = "CQELight.TestFramework.MVVM", "src\CQELight.TestFramework.MVVM\CQELight.TestFramework.MVVM.csproj", "{F7D420EC-EB66-44AC-9913-F785BEF6B009}"
EndProject
Project("{9A19103F-16F7-4668-BE54-9A1E7A4F7556}") = "CQELight.TestFramework.MVVM.Tests", "tests\CQELight.TestFramework.MVVM.Tests\CQELight.TestFramework.MVVM.Tests.csproj", "{324752D5-A040-4B61-BAED-3840CFCB8A54}"
EndProject
Project("{9A19103F-16F7-4668-BE54-9A1E7A4F7556}") = "CQELight.IoC.Microsoft.Extensions.DependencyInjection", "src\CQELight.IoC.Microsoft.Extensions.DependencyInjection\CQELight.IoC.Microsoft.Extensions.DependencyInjection.csproj", "{54C608E8-7E71-4329-857C-E085F797777D}"
EndProject
Project("{9A19103F-16F7-4668-BE54-9A1E7A4F7556}") = "CQELight.AspCore", "src\CQELight.AspCore\CQELight.AspCore.csproj", "{0D256E59-A8DF-4F5F-83F9-CA30E4C2C17F}"
EndProject
Project("{9A19103F-16F7-4668-BE54-9A1E7A4F7556}") = "CQELight.IoC.Microsoft.Extensions.DependencyInjection.Tests", "tests\CQELight.IoC.Microsoft.Extensions.DependencyInjection.Tests\CQELight.IoC.Microsoft.Extensions.DependencyInjection.Tests.csproj", "{5D583D99-C961-4F17-9C0F-82A5E6D0887D}"
EndProject
Project("{2150E333-8FDC-42A3-9474-1A3956D46DE8}") = "src", "src", "{183EAEAC-B521-439B-A782-35B23DAEFC68}"
EndProject
Project("{9A19103F-16F7-4668-BE54-9A1E7A4F7556}") = "Geneao.Integration.Tests", "samples\documentation\2.Geneao\Geneao.Integration.Tests\Geneao.Integration.Tests.csproj", "{918DEEA0-605B-462F-8E51-3CA6A9473FCC}"
EndProject
Project("{9A19103F-16F7-4668-BE54-9A1E7A4F7556}") = "Geneao.Tests", "samples\documentation\2.Geneao\Geneao.Tests\Geneao.Tests.csproj", "{BEA13A22-E1C6-4635-B406-FC61ED337360}"
EndProject
Project("{9A19103F-16F7-4668-BE54-9A1E7A4F7556}") = "CQELight.DAL.MongoDb.Integration.Tests", "tests\CQELight.DAL.MongoDb.Integration.Tests\CQELight.DAL.MongoDb.Integration.Tests.csproj", "{5CAA2402-127D-42F2-BBA4-54E2DB763620}"
EndProject
Project("{9A19103F-16F7-4668-BE54-9A1E7A4F7556}") = "CQELight.DAL.MongoDb", "src\CQELight.DAL.MongoDb\CQELight.DAL.MongoDb.csproj", "{A9B9F222-D71B-4BAC-B9C5-F8EB83D0FC32}"
EndProject
Project("{2150E333-8FDC-42A3-9474-1A3956D46DE8}") = "mobile", "mobile", "{4ACA0590-5073-4A32-BCD9-9B42D1E7EE1C}"
EndProject
Project("{2150E333-8FDC-42A3-9474-1A3956D46DE8}") = "hello-world", "hello-world", "{26A70107-BFED-432D-8350-6D3833A880F1}"
EndProject
Project("{FAE04EC0-301F-11D3-BF4B-00C04F79EFBC}") = "XamarinHelloWorld.Android", "samples\mobile\XamarinHelloWorld\XamarinHelloWorld.Android\XamarinHelloWorld.Android.csproj", "{0B168EFB-C2B1-4928-AC67-335A39A2FDEA}"
EndProject
Project("{FAE04EC0-301F-11D3-BF4B-00C04F79EFBC}") = "XamarinHelloWorld.iOS", "samples\mobile\XamarinHelloWorld\XamarinHelloWorld.iOS\XamarinHelloWorld.iOS.csproj", "{D64C2389-F4EE-45A1-A159-63FC9F58E41E}"
EndProject
Project("{9A19103F-16F7-4668-BE54-9A1E7A4F7556}") = "XamarinHelloWorld", "samples\mobile\XamarinHelloWorld\XamarinHelloWorld\XamarinHelloWorld.csproj", "{BD32659B-2F7F-456B-ABF5-40008FB41DAD}"
EndProject
Project("{2150E333-8FDC-42A3-9474-1A3956D46DE8}") = "ci_cd", "ci_cd", "{77AB9499-12A7-4CFC-95EC-A9995B637459}"
EndProject
Project("{9A19103F-16F7-4668-BE54-9A1E7A4F7556}") = "CQELight_Prerelease_CI", "ci\CQELight_Prerelease_CI\CQELight_Prerelease_CI.csproj", "{DA835EC3-AD57-4A4E-9DDD-E78514766176}"
EndProject
Project("{2150E333-8FDC-42A3-9474-1A3956D46DE8}") = "extensions", "extensions", "{DBAC60B4-3D32-4EE8-A7B1-56B44C72124D}"
EndProject
Project("{2150E333-8FDC-42A3-9474-1A3956D46DE8}") = "rabbitmq", "rabbitmq", "{0A831CC3-7BC8-4FE2-809A-2EF87BA470B6}"
EndProject
Project("{9A19103F-16F7-4668-BE54-9A1E7A4F7556}") = "RabbitSample.Client", "samples\extensions\rabbitmq\RabbitSample.Client\RabbitSample.Client.csproj", "{4A56970E-22D1-455E-8530-0D8186A12640}"
EndProject
Project("{9A19103F-16F7-4668-BE54-9A1E7A4F7556}") = "RabbitSample.Server", "samples\extensions\rabbitmq\RabbitSample.Server\RabbitSample.Server.csproj", "{321D41B1-B7F7-4EF6-9A25-1AAF8E58CAA8}"
EndProject
Project("{9A19103F-16F7-4668-BE54-9A1E7A4F7556}") = "RabbitSample.Common", "samples\extensions\rabbitmq\RabbitSample.Common\RabbitSample.Common.csproj", "{4AD2F4A1-8A40-47FA-8469-3FEBC05E0477}"
EndProject
Project("{2150E333-8FDC-42A3-9474-1A3956D46DE8}") = "web", "web", "{A471A525-A4AE-45B9-94D2-CEBD6ED95A67}"
EndProject
Project("{FAE04EC0-301F-11D3-BF4B-00C04F79EFBC}") = "CQELight_ASPNETCore3", "samples\web\CQELight_ASPNETCore3\CQELight_ASPNETCore3.csproj", "{6F48B565-378C-4F79-8897-D778E0D3191A}"
EndProject
Project("{FAE04EC0-301F-11D3-BF4B-00C04F79EFBC}") = "CQELight_ASPNETCore2_1", "samples\web\CQELight_ASPNETCore2_1\CQELight_ASPNETCore2_1.csproj", "{4EA2CBDD-886F-482F-AEF4-4F28E1A12B3B}"
EndProject
Global
	GlobalSection(SolutionConfigurationPlatforms) = preSolution
		Debug|Any CPU = Debug|Any CPU
		Debug|iPhone = Debug|iPhone
		Debug|iPhoneSimulator = Debug|iPhoneSimulator
		Debug|x64 = Debug|x64
		Debug|x86 = Debug|x86
		Release|Any CPU = Release|Any CPU
		Release|iPhone = Release|iPhone
		Release|iPhoneSimulator = Release|iPhoneSimulator
		Release|x64 = Release|x64
		Release|x86 = Release|x86
	EndGlobalSection
	GlobalSection(ProjectConfigurationPlatforms) = postSolution
		{7DA0C636-2BC9-4ED9-BEFF-3BAF27238F41}.Debug|Any CPU.ActiveCfg = Debug|Any CPU
		{7DA0C636-2BC9-4ED9-BEFF-3BAF27238F41}.Debug|Any CPU.Build.0 = Debug|Any CPU
		{7DA0C636-2BC9-4ED9-BEFF-3BAF27238F41}.Debug|iPhone.ActiveCfg = Debug|Any CPU
		{7DA0C636-2BC9-4ED9-BEFF-3BAF27238F41}.Debug|iPhone.Build.0 = Debug|Any CPU
		{7DA0C636-2BC9-4ED9-BEFF-3BAF27238F41}.Debug|iPhoneSimulator.ActiveCfg = Debug|Any CPU
		{7DA0C636-2BC9-4ED9-BEFF-3BAF27238F41}.Debug|iPhoneSimulator.Build.0 = Debug|Any CPU
		{7DA0C636-2BC9-4ED9-BEFF-3BAF27238F41}.Debug|x64.ActiveCfg = Debug|Any CPU
		{7DA0C636-2BC9-4ED9-BEFF-3BAF27238F41}.Debug|x64.Build.0 = Debug|Any CPU
		{7DA0C636-2BC9-4ED9-BEFF-3BAF27238F41}.Debug|x86.ActiveCfg = Debug|Any CPU
		{7DA0C636-2BC9-4ED9-BEFF-3BAF27238F41}.Debug|x86.Build.0 = Debug|Any CPU
		{7DA0C636-2BC9-4ED9-BEFF-3BAF27238F41}.Release|Any CPU.ActiveCfg = Release|Any CPU
		{7DA0C636-2BC9-4ED9-BEFF-3BAF27238F41}.Release|Any CPU.Build.0 = Release|Any CPU
		{7DA0C636-2BC9-4ED9-BEFF-3BAF27238F41}.Release|iPhone.ActiveCfg = Release|Any CPU
		{7DA0C636-2BC9-4ED9-BEFF-3BAF27238F41}.Release|iPhone.Build.0 = Release|Any CPU
		{7DA0C636-2BC9-4ED9-BEFF-3BAF27238F41}.Release|iPhoneSimulator.ActiveCfg = Release|Any CPU
		{7DA0C636-2BC9-4ED9-BEFF-3BAF27238F41}.Release|iPhoneSimulator.Build.0 = Release|Any CPU
		{7DA0C636-2BC9-4ED9-BEFF-3BAF27238F41}.Release|x64.ActiveCfg = Release|Any CPU
		{7DA0C636-2BC9-4ED9-BEFF-3BAF27238F41}.Release|x64.Build.0 = Release|Any CPU
		{7DA0C636-2BC9-4ED9-BEFF-3BAF27238F41}.Release|x86.ActiveCfg = Release|Any CPU
		{7DA0C636-2BC9-4ED9-BEFF-3BAF27238F41}.Release|x86.Build.0 = Release|Any CPU
		{8D8EED51-7C00-42D0-8637-CA3ADC66E965}.Debug|Any CPU.ActiveCfg = Debug|Any CPU
		{8D8EED51-7C00-42D0-8637-CA3ADC66E965}.Debug|Any CPU.Build.0 = Debug|Any CPU
		{8D8EED51-7C00-42D0-8637-CA3ADC66E965}.Debug|iPhone.ActiveCfg = Debug|Any CPU
		{8D8EED51-7C00-42D0-8637-CA3ADC66E965}.Debug|iPhone.Build.0 = Debug|Any CPU
		{8D8EED51-7C00-42D0-8637-CA3ADC66E965}.Debug|iPhoneSimulator.ActiveCfg = Debug|Any CPU
		{8D8EED51-7C00-42D0-8637-CA3ADC66E965}.Debug|iPhoneSimulator.Build.0 = Debug|Any CPU
		{8D8EED51-7C00-42D0-8637-CA3ADC66E965}.Debug|x64.ActiveCfg = Debug|Any CPU
		{8D8EED51-7C00-42D0-8637-CA3ADC66E965}.Debug|x64.Build.0 = Debug|Any CPU
		{8D8EED51-7C00-42D0-8637-CA3ADC66E965}.Debug|x86.ActiveCfg = Debug|Any CPU
		{8D8EED51-7C00-42D0-8637-CA3ADC66E965}.Debug|x86.Build.0 = Debug|Any CPU
		{8D8EED51-7C00-42D0-8637-CA3ADC66E965}.Release|Any CPU.ActiveCfg = Release|Any CPU
		{8D8EED51-7C00-42D0-8637-CA3ADC66E965}.Release|Any CPU.Build.0 = Release|Any CPU
		{8D8EED51-7C00-42D0-8637-CA3ADC66E965}.Release|iPhone.ActiveCfg = Release|Any CPU
		{8D8EED51-7C00-42D0-8637-CA3ADC66E965}.Release|iPhone.Build.0 = Release|Any CPU
		{8D8EED51-7C00-42D0-8637-CA3ADC66E965}.Release|iPhoneSimulator.ActiveCfg = Release|Any CPU
		{8D8EED51-7C00-42D0-8637-CA3ADC66E965}.Release|iPhoneSimulator.Build.0 = Release|Any CPU
		{8D8EED51-7C00-42D0-8637-CA3ADC66E965}.Release|x64.ActiveCfg = Release|Any CPU
		{8D8EED51-7C00-42D0-8637-CA3ADC66E965}.Release|x64.Build.0 = Release|Any CPU
		{8D8EED51-7C00-42D0-8637-CA3ADC66E965}.Release|x86.ActiveCfg = Release|Any CPU
		{8D8EED51-7C00-42D0-8637-CA3ADC66E965}.Release|x86.Build.0 = Release|Any CPU
		{B92BDD59-C087-42B3-8475-73138F8DEF8B}.Debug|Any CPU.ActiveCfg = Debug|Any CPU
		{B92BDD59-C087-42B3-8475-73138F8DEF8B}.Debug|Any CPU.Build.0 = Debug|Any CPU
		{B92BDD59-C087-42B3-8475-73138F8DEF8B}.Debug|iPhone.ActiveCfg = Debug|Any CPU
		{B92BDD59-C087-42B3-8475-73138F8DEF8B}.Debug|iPhone.Build.0 = Debug|Any CPU
		{B92BDD59-C087-42B3-8475-73138F8DEF8B}.Debug|iPhoneSimulator.ActiveCfg = Debug|Any CPU
		{B92BDD59-C087-42B3-8475-73138F8DEF8B}.Debug|iPhoneSimulator.Build.0 = Debug|Any CPU
		{B92BDD59-C087-42B3-8475-73138F8DEF8B}.Debug|x64.ActiveCfg = Debug|Any CPU
		{B92BDD59-C087-42B3-8475-73138F8DEF8B}.Debug|x64.Build.0 = Debug|Any CPU
		{B92BDD59-C087-42B3-8475-73138F8DEF8B}.Debug|x86.ActiveCfg = Debug|Any CPU
		{B92BDD59-C087-42B3-8475-73138F8DEF8B}.Debug|x86.Build.0 = Debug|Any CPU
		{B92BDD59-C087-42B3-8475-73138F8DEF8B}.Release|Any CPU.ActiveCfg = Release|Any CPU
		{B92BDD59-C087-42B3-8475-73138F8DEF8B}.Release|Any CPU.Build.0 = Release|Any CPU
		{B92BDD59-C087-42B3-8475-73138F8DEF8B}.Release|iPhone.ActiveCfg = Release|Any CPU
		{B92BDD59-C087-42B3-8475-73138F8DEF8B}.Release|iPhone.Build.0 = Release|Any CPU
		{B92BDD59-C087-42B3-8475-73138F8DEF8B}.Release|iPhoneSimulator.ActiveCfg = Release|Any CPU
		{B92BDD59-C087-42B3-8475-73138F8DEF8B}.Release|iPhoneSimulator.Build.0 = Release|Any CPU
		{B92BDD59-C087-42B3-8475-73138F8DEF8B}.Release|x64.ActiveCfg = Release|Any CPU
		{B92BDD59-C087-42B3-8475-73138F8DEF8B}.Release|x64.Build.0 = Release|Any CPU
		{B92BDD59-C087-42B3-8475-73138F8DEF8B}.Release|x86.ActiveCfg = Release|Any CPU
		{B92BDD59-C087-42B3-8475-73138F8DEF8B}.Release|x86.Build.0 = Release|Any CPU
		{4ACFFB27-666D-4E9F-B40E-8CD27E61248A}.Debug|Any CPU.ActiveCfg = Debug|Any CPU
		{4ACFFB27-666D-4E9F-B40E-8CD27E61248A}.Debug|Any CPU.Build.0 = Debug|Any CPU
		{4ACFFB27-666D-4E9F-B40E-8CD27E61248A}.Debug|iPhone.ActiveCfg = Debug|Any CPU
		{4ACFFB27-666D-4E9F-B40E-8CD27E61248A}.Debug|iPhone.Build.0 = Debug|Any CPU
		{4ACFFB27-666D-4E9F-B40E-8CD27E61248A}.Debug|iPhoneSimulator.ActiveCfg = Debug|Any CPU
		{4ACFFB27-666D-4E9F-B40E-8CD27E61248A}.Debug|iPhoneSimulator.Build.0 = Debug|Any CPU
		{4ACFFB27-666D-4E9F-B40E-8CD27E61248A}.Debug|x64.ActiveCfg = Debug|Any CPU
		{4ACFFB27-666D-4E9F-B40E-8CD27E61248A}.Debug|x64.Build.0 = Debug|Any CPU
		{4ACFFB27-666D-4E9F-B40E-8CD27E61248A}.Debug|x86.ActiveCfg = Debug|Any CPU
		{4ACFFB27-666D-4E9F-B40E-8CD27E61248A}.Debug|x86.Build.0 = Debug|Any CPU
		{4ACFFB27-666D-4E9F-B40E-8CD27E61248A}.Release|Any CPU.ActiveCfg = Release|Any CPU
		{4ACFFB27-666D-4E9F-B40E-8CD27E61248A}.Release|Any CPU.Build.0 = Release|Any CPU
		{4ACFFB27-666D-4E9F-B40E-8CD27E61248A}.Release|iPhone.ActiveCfg = Release|Any CPU
		{4ACFFB27-666D-4E9F-B40E-8CD27E61248A}.Release|iPhone.Build.0 = Release|Any CPU
		{4ACFFB27-666D-4E9F-B40E-8CD27E61248A}.Release|iPhoneSimulator.ActiveCfg = Release|Any CPU
		{4ACFFB27-666D-4E9F-B40E-8CD27E61248A}.Release|iPhoneSimulator.Build.0 = Release|Any CPU
		{4ACFFB27-666D-4E9F-B40E-8CD27E61248A}.Release|x64.ActiveCfg = Release|Any CPU
		{4ACFFB27-666D-4E9F-B40E-8CD27E61248A}.Release|x64.Build.0 = Release|Any CPU
		{4ACFFB27-666D-4E9F-B40E-8CD27E61248A}.Release|x86.ActiveCfg = Release|Any CPU
		{4ACFFB27-666D-4E9F-B40E-8CD27E61248A}.Release|x86.Build.0 = Release|Any CPU
		{25BAF004-66FF-4241-94D8-21BB7676FA4E}.Debug|Any CPU.ActiveCfg = Debug|Any CPU
		{25BAF004-66FF-4241-94D8-21BB7676FA4E}.Debug|Any CPU.Build.0 = Debug|Any CPU
		{25BAF004-66FF-4241-94D8-21BB7676FA4E}.Debug|iPhone.ActiveCfg = Debug|Any CPU
		{25BAF004-66FF-4241-94D8-21BB7676FA4E}.Debug|iPhone.Build.0 = Debug|Any CPU
		{25BAF004-66FF-4241-94D8-21BB7676FA4E}.Debug|iPhoneSimulator.ActiveCfg = Debug|Any CPU
		{25BAF004-66FF-4241-94D8-21BB7676FA4E}.Debug|iPhoneSimulator.Build.0 = Debug|Any CPU
		{25BAF004-66FF-4241-94D8-21BB7676FA4E}.Debug|x64.ActiveCfg = Debug|Any CPU
		{25BAF004-66FF-4241-94D8-21BB7676FA4E}.Debug|x64.Build.0 = Debug|Any CPU
		{25BAF004-66FF-4241-94D8-21BB7676FA4E}.Debug|x86.ActiveCfg = Debug|Any CPU
		{25BAF004-66FF-4241-94D8-21BB7676FA4E}.Debug|x86.Build.0 = Debug|Any CPU
		{25BAF004-66FF-4241-94D8-21BB7676FA4E}.Release|Any CPU.ActiveCfg = Release|Any CPU
		{25BAF004-66FF-4241-94D8-21BB7676FA4E}.Release|Any CPU.Build.0 = Release|Any CPU
		{25BAF004-66FF-4241-94D8-21BB7676FA4E}.Release|iPhone.ActiveCfg = Release|Any CPU
		{25BAF004-66FF-4241-94D8-21BB7676FA4E}.Release|iPhone.Build.0 = Release|Any CPU
		{25BAF004-66FF-4241-94D8-21BB7676FA4E}.Release|iPhoneSimulator.ActiveCfg = Release|Any CPU
		{25BAF004-66FF-4241-94D8-21BB7676FA4E}.Release|iPhoneSimulator.Build.0 = Release|Any CPU
		{25BAF004-66FF-4241-94D8-21BB7676FA4E}.Release|x64.ActiveCfg = Release|Any CPU
		{25BAF004-66FF-4241-94D8-21BB7676FA4E}.Release|x64.Build.0 = Release|Any CPU
		{25BAF004-66FF-4241-94D8-21BB7676FA4E}.Release|x86.ActiveCfg = Release|Any CPU
		{25BAF004-66FF-4241-94D8-21BB7676FA4E}.Release|x86.Build.0 = Release|Any CPU
		{C24D1063-024B-40CA-A4D1-0E45227FE7C6}.Debug|Any CPU.ActiveCfg = Debug|Any CPU
		{C24D1063-024B-40CA-A4D1-0E45227FE7C6}.Debug|Any CPU.Build.0 = Debug|Any CPU
		{C24D1063-024B-40CA-A4D1-0E45227FE7C6}.Debug|iPhone.ActiveCfg = Debug|Any CPU
		{C24D1063-024B-40CA-A4D1-0E45227FE7C6}.Debug|iPhone.Build.0 = Debug|Any CPU
		{C24D1063-024B-40CA-A4D1-0E45227FE7C6}.Debug|iPhoneSimulator.ActiveCfg = Debug|Any CPU
		{C24D1063-024B-40CA-A4D1-0E45227FE7C6}.Debug|iPhoneSimulator.Build.0 = Debug|Any CPU
		{C24D1063-024B-40CA-A4D1-0E45227FE7C6}.Debug|x64.ActiveCfg = Debug|Any CPU
		{C24D1063-024B-40CA-A4D1-0E45227FE7C6}.Debug|x64.Build.0 = Debug|Any CPU
		{C24D1063-024B-40CA-A4D1-0E45227FE7C6}.Debug|x86.ActiveCfg = Debug|Any CPU
		{C24D1063-024B-40CA-A4D1-0E45227FE7C6}.Debug|x86.Build.0 = Debug|Any CPU
		{C24D1063-024B-40CA-A4D1-0E45227FE7C6}.Release|Any CPU.ActiveCfg = Release|Any CPU
		{C24D1063-024B-40CA-A4D1-0E45227FE7C6}.Release|Any CPU.Build.0 = Release|Any CPU
		{C24D1063-024B-40CA-A4D1-0E45227FE7C6}.Release|iPhone.ActiveCfg = Release|Any CPU
		{C24D1063-024B-40CA-A4D1-0E45227FE7C6}.Release|iPhone.Build.0 = Release|Any CPU
		{C24D1063-024B-40CA-A4D1-0E45227FE7C6}.Release|iPhoneSimulator.ActiveCfg = Release|Any CPU
		{C24D1063-024B-40CA-A4D1-0E45227FE7C6}.Release|iPhoneSimulator.Build.0 = Release|Any CPU
		{C24D1063-024B-40CA-A4D1-0E45227FE7C6}.Release|x64.ActiveCfg = Release|Any CPU
		{C24D1063-024B-40CA-A4D1-0E45227FE7C6}.Release|x64.Build.0 = Release|Any CPU
		{C24D1063-024B-40CA-A4D1-0E45227FE7C6}.Release|x86.ActiveCfg = Release|Any CPU
		{C24D1063-024B-40CA-A4D1-0E45227FE7C6}.Release|x86.Build.0 = Release|Any CPU
		{8744439A-067E-422B-B9AC-6FC1B0C3E4BD}.Debug|Any CPU.ActiveCfg = Debug|Any CPU
		{8744439A-067E-422B-B9AC-6FC1B0C3E4BD}.Debug|Any CPU.Build.0 = Debug|Any CPU
		{8744439A-067E-422B-B9AC-6FC1B0C3E4BD}.Debug|iPhone.ActiveCfg = Debug|Any CPU
		{8744439A-067E-422B-B9AC-6FC1B0C3E4BD}.Debug|iPhone.Build.0 = Debug|Any CPU
		{8744439A-067E-422B-B9AC-6FC1B0C3E4BD}.Debug|iPhoneSimulator.ActiveCfg = Debug|Any CPU
		{8744439A-067E-422B-B9AC-6FC1B0C3E4BD}.Debug|iPhoneSimulator.Build.0 = Debug|Any CPU
		{8744439A-067E-422B-B9AC-6FC1B0C3E4BD}.Debug|x64.ActiveCfg = Debug|Any CPU
		{8744439A-067E-422B-B9AC-6FC1B0C3E4BD}.Debug|x64.Build.0 = Debug|Any CPU
		{8744439A-067E-422B-B9AC-6FC1B0C3E4BD}.Debug|x86.ActiveCfg = Debug|Any CPU
		{8744439A-067E-422B-B9AC-6FC1B0C3E4BD}.Debug|x86.Build.0 = Debug|Any CPU
		{8744439A-067E-422B-B9AC-6FC1B0C3E4BD}.Release|Any CPU.ActiveCfg = Release|Any CPU
		{8744439A-067E-422B-B9AC-6FC1B0C3E4BD}.Release|Any CPU.Build.0 = Release|Any CPU
		{8744439A-067E-422B-B9AC-6FC1B0C3E4BD}.Release|iPhone.ActiveCfg = Release|Any CPU
		{8744439A-067E-422B-B9AC-6FC1B0C3E4BD}.Release|iPhone.Build.0 = Release|Any CPU
		{8744439A-067E-422B-B9AC-6FC1B0C3E4BD}.Release|iPhoneSimulator.ActiveCfg = Release|Any CPU
		{8744439A-067E-422B-B9AC-6FC1B0C3E4BD}.Release|iPhoneSimulator.Build.0 = Release|Any CPU
		{8744439A-067E-422B-B9AC-6FC1B0C3E4BD}.Release|x64.ActiveCfg = Release|Any CPU
		{8744439A-067E-422B-B9AC-6FC1B0C3E4BD}.Release|x64.Build.0 = Release|Any CPU
		{8744439A-067E-422B-B9AC-6FC1B0C3E4BD}.Release|x86.ActiveCfg = Release|Any CPU
		{8744439A-067E-422B-B9AC-6FC1B0C3E4BD}.Release|x86.Build.0 = Release|Any CPU
		{E1EAB85C-5A1F-4879-A922-6922E2F83C8A}.Debug|Any CPU.ActiveCfg = Debug|Any CPU
		{E1EAB85C-5A1F-4879-A922-6922E2F83C8A}.Debug|Any CPU.Build.0 = Debug|Any CPU
		{E1EAB85C-5A1F-4879-A922-6922E2F83C8A}.Debug|iPhone.ActiveCfg = Debug|Any CPU
		{E1EAB85C-5A1F-4879-A922-6922E2F83C8A}.Debug|iPhone.Build.0 = Debug|Any CPU
		{E1EAB85C-5A1F-4879-A922-6922E2F83C8A}.Debug|iPhoneSimulator.ActiveCfg = Debug|Any CPU
		{E1EAB85C-5A1F-4879-A922-6922E2F83C8A}.Debug|iPhoneSimulator.Build.0 = Debug|Any CPU
		{E1EAB85C-5A1F-4879-A922-6922E2F83C8A}.Debug|x64.ActiveCfg = Debug|Any CPU
		{E1EAB85C-5A1F-4879-A922-6922E2F83C8A}.Debug|x64.Build.0 = Debug|Any CPU
		{E1EAB85C-5A1F-4879-A922-6922E2F83C8A}.Debug|x86.ActiveCfg = Debug|Any CPU
		{E1EAB85C-5A1F-4879-A922-6922E2F83C8A}.Debug|x86.Build.0 = Debug|Any CPU
		{E1EAB85C-5A1F-4879-A922-6922E2F83C8A}.Release|Any CPU.ActiveCfg = Release|Any CPU
		{E1EAB85C-5A1F-4879-A922-6922E2F83C8A}.Release|Any CPU.Build.0 = Release|Any CPU
		{E1EAB85C-5A1F-4879-A922-6922E2F83C8A}.Release|iPhone.ActiveCfg = Release|Any CPU
		{E1EAB85C-5A1F-4879-A922-6922E2F83C8A}.Release|iPhone.Build.0 = Release|Any CPU
		{E1EAB85C-5A1F-4879-A922-6922E2F83C8A}.Release|iPhoneSimulator.ActiveCfg = Release|Any CPU
		{E1EAB85C-5A1F-4879-A922-6922E2F83C8A}.Release|iPhoneSimulator.Build.0 = Release|Any CPU
		{E1EAB85C-5A1F-4879-A922-6922E2F83C8A}.Release|x64.ActiveCfg = Release|Any CPU
		{E1EAB85C-5A1F-4879-A922-6922E2F83C8A}.Release|x64.Build.0 = Release|Any CPU
		{E1EAB85C-5A1F-4879-A922-6922E2F83C8A}.Release|x86.ActiveCfg = Release|Any CPU
		{E1EAB85C-5A1F-4879-A922-6922E2F83C8A}.Release|x86.Build.0 = Release|Any CPU
		{6C35F3AD-E01C-4288-BF63-3705553DBC68}.Debug|Any CPU.ActiveCfg = Debug|Any CPU
		{6C35F3AD-E01C-4288-BF63-3705553DBC68}.Debug|Any CPU.Build.0 = Debug|Any CPU
		{6C35F3AD-E01C-4288-BF63-3705553DBC68}.Debug|iPhone.ActiveCfg = Debug|Any CPU
		{6C35F3AD-E01C-4288-BF63-3705553DBC68}.Debug|iPhone.Build.0 = Debug|Any CPU
		{6C35F3AD-E01C-4288-BF63-3705553DBC68}.Debug|iPhoneSimulator.ActiveCfg = Debug|Any CPU
		{6C35F3AD-E01C-4288-BF63-3705553DBC68}.Debug|iPhoneSimulator.Build.0 = Debug|Any CPU
		{6C35F3AD-E01C-4288-BF63-3705553DBC68}.Debug|x64.ActiveCfg = Debug|Any CPU
		{6C35F3AD-E01C-4288-BF63-3705553DBC68}.Debug|x64.Build.0 = Debug|Any CPU
		{6C35F3AD-E01C-4288-BF63-3705553DBC68}.Debug|x86.ActiveCfg = Debug|Any CPU
		{6C35F3AD-E01C-4288-BF63-3705553DBC68}.Debug|x86.Build.0 = Debug|Any CPU
		{6C35F3AD-E01C-4288-BF63-3705553DBC68}.Release|Any CPU.ActiveCfg = Release|Any CPU
		{6C35F3AD-E01C-4288-BF63-3705553DBC68}.Release|Any CPU.Build.0 = Release|Any CPU
		{6C35F3AD-E01C-4288-BF63-3705553DBC68}.Release|iPhone.ActiveCfg = Release|Any CPU
		{6C35F3AD-E01C-4288-BF63-3705553DBC68}.Release|iPhone.Build.0 = Release|Any CPU
		{6C35F3AD-E01C-4288-BF63-3705553DBC68}.Release|iPhoneSimulator.ActiveCfg = Release|Any CPU
		{6C35F3AD-E01C-4288-BF63-3705553DBC68}.Release|iPhoneSimulator.Build.0 = Release|Any CPU
		{6C35F3AD-E01C-4288-BF63-3705553DBC68}.Release|x64.ActiveCfg = Release|Any CPU
		{6C35F3AD-E01C-4288-BF63-3705553DBC68}.Release|x64.Build.0 = Release|Any CPU
		{6C35F3AD-E01C-4288-BF63-3705553DBC68}.Release|x86.ActiveCfg = Release|Any CPU
		{6C35F3AD-E01C-4288-BF63-3705553DBC68}.Release|x86.Build.0 = Release|Any CPU
		{C1CD332F-8F89-4485-A016-200D6795B71C}.Debug|Any CPU.ActiveCfg = Debug|Any CPU
		{C1CD332F-8F89-4485-A016-200D6795B71C}.Debug|Any CPU.Build.0 = Debug|Any CPU
		{C1CD332F-8F89-4485-A016-200D6795B71C}.Debug|iPhone.ActiveCfg = Debug|Any CPU
		{C1CD332F-8F89-4485-A016-200D6795B71C}.Debug|iPhone.Build.0 = Debug|Any CPU
		{C1CD332F-8F89-4485-A016-200D6795B71C}.Debug|iPhoneSimulator.ActiveCfg = Debug|Any CPU
		{C1CD332F-8F89-4485-A016-200D6795B71C}.Debug|iPhoneSimulator.Build.0 = Debug|Any CPU
		{C1CD332F-8F89-4485-A016-200D6795B71C}.Debug|x64.ActiveCfg = Debug|Any CPU
		{C1CD332F-8F89-4485-A016-200D6795B71C}.Debug|x64.Build.0 = Debug|Any CPU
		{C1CD332F-8F89-4485-A016-200D6795B71C}.Debug|x86.ActiveCfg = Debug|Any CPU
		{C1CD332F-8F89-4485-A016-200D6795B71C}.Debug|x86.Build.0 = Debug|Any CPU
		{C1CD332F-8F89-4485-A016-200D6795B71C}.Release|Any CPU.ActiveCfg = Release|Any CPU
		{C1CD332F-8F89-4485-A016-200D6795B71C}.Release|Any CPU.Build.0 = Release|Any CPU
		{C1CD332F-8F89-4485-A016-200D6795B71C}.Release|iPhone.ActiveCfg = Release|Any CPU
		{C1CD332F-8F89-4485-A016-200D6795B71C}.Release|iPhone.Build.0 = Release|Any CPU
		{C1CD332F-8F89-4485-A016-200D6795B71C}.Release|iPhoneSimulator.ActiveCfg = Release|Any CPU
		{C1CD332F-8F89-4485-A016-200D6795B71C}.Release|iPhoneSimulator.Build.0 = Release|Any CPU
		{C1CD332F-8F89-4485-A016-200D6795B71C}.Release|x64.ActiveCfg = Release|Any CPU
		{C1CD332F-8F89-4485-A016-200D6795B71C}.Release|x64.Build.0 = Release|Any CPU
		{C1CD332F-8F89-4485-A016-200D6795B71C}.Release|x86.ActiveCfg = Release|Any CPU
		{C1CD332F-8F89-4485-A016-200D6795B71C}.Release|x86.Build.0 = Release|Any CPU
		{FB8D3F99-ADEF-4CD4-86A6-4FC20D5FD62C}.Debug|Any CPU.ActiveCfg = Debug|Any CPU
		{FB8D3F99-ADEF-4CD4-86A6-4FC20D5FD62C}.Debug|Any CPU.Build.0 = Debug|Any CPU
		{FB8D3F99-ADEF-4CD4-86A6-4FC20D5FD62C}.Debug|iPhone.ActiveCfg = Debug|Any CPU
		{FB8D3F99-ADEF-4CD4-86A6-4FC20D5FD62C}.Debug|iPhone.Build.0 = Debug|Any CPU
		{FB8D3F99-ADEF-4CD4-86A6-4FC20D5FD62C}.Debug|iPhoneSimulator.ActiveCfg = Debug|Any CPU
		{FB8D3F99-ADEF-4CD4-86A6-4FC20D5FD62C}.Debug|iPhoneSimulator.Build.0 = Debug|Any CPU
		{FB8D3F99-ADEF-4CD4-86A6-4FC20D5FD62C}.Debug|x64.ActiveCfg = Debug|Any CPU
		{FB8D3F99-ADEF-4CD4-86A6-4FC20D5FD62C}.Debug|x64.Build.0 = Debug|Any CPU
		{FB8D3F99-ADEF-4CD4-86A6-4FC20D5FD62C}.Debug|x86.ActiveCfg = Debug|Any CPU
		{FB8D3F99-ADEF-4CD4-86A6-4FC20D5FD62C}.Debug|x86.Build.0 = Debug|Any CPU
		{FB8D3F99-ADEF-4CD4-86A6-4FC20D5FD62C}.Release|Any CPU.ActiveCfg = Release|Any CPU
		{FB8D3F99-ADEF-4CD4-86A6-4FC20D5FD62C}.Release|Any CPU.Build.0 = Release|Any CPU
		{FB8D3F99-ADEF-4CD4-86A6-4FC20D5FD62C}.Release|iPhone.ActiveCfg = Release|Any CPU
		{FB8D3F99-ADEF-4CD4-86A6-4FC20D5FD62C}.Release|iPhone.Build.0 = Release|Any CPU
		{FB8D3F99-ADEF-4CD4-86A6-4FC20D5FD62C}.Release|iPhoneSimulator.ActiveCfg = Release|Any CPU
		{FB8D3F99-ADEF-4CD4-86A6-4FC20D5FD62C}.Release|iPhoneSimulator.Build.0 = Release|Any CPU
		{FB8D3F99-ADEF-4CD4-86A6-4FC20D5FD62C}.Release|x64.ActiveCfg = Release|Any CPU
		{FB8D3F99-ADEF-4CD4-86A6-4FC20D5FD62C}.Release|x64.Build.0 = Release|Any CPU
		{FB8D3F99-ADEF-4CD4-86A6-4FC20D5FD62C}.Release|x86.ActiveCfg = Release|Any CPU
		{FB8D3F99-ADEF-4CD4-86A6-4FC20D5FD62C}.Release|x86.Build.0 = Release|Any CPU
		{EFF657D0-05B6-4FBA-A672-423292A0DACE}.Debug|Any CPU.ActiveCfg = Debug|Any CPU
		{EFF657D0-05B6-4FBA-A672-423292A0DACE}.Debug|Any CPU.Build.0 = Debug|Any CPU
		{EFF657D0-05B6-4FBA-A672-423292A0DACE}.Debug|iPhone.ActiveCfg = Debug|Any CPU
		{EFF657D0-05B6-4FBA-A672-423292A0DACE}.Debug|iPhone.Build.0 = Debug|Any CPU
		{EFF657D0-05B6-4FBA-A672-423292A0DACE}.Debug|iPhoneSimulator.ActiveCfg = Debug|Any CPU
		{EFF657D0-05B6-4FBA-A672-423292A0DACE}.Debug|iPhoneSimulator.Build.0 = Debug|Any CPU
		{EFF657D0-05B6-4FBA-A672-423292A0DACE}.Debug|x64.ActiveCfg = Debug|Any CPU
		{EFF657D0-05B6-4FBA-A672-423292A0DACE}.Debug|x64.Build.0 = Debug|Any CPU
		{EFF657D0-05B6-4FBA-A672-423292A0DACE}.Debug|x86.ActiveCfg = Debug|Any CPU
		{EFF657D0-05B6-4FBA-A672-423292A0DACE}.Debug|x86.Build.0 = Debug|Any CPU
		{EFF657D0-05B6-4FBA-A672-423292A0DACE}.Release|Any CPU.ActiveCfg = Release|Any CPU
		{EFF657D0-05B6-4FBA-A672-423292A0DACE}.Release|Any CPU.Build.0 = Release|Any CPU
		{EFF657D0-05B6-4FBA-A672-423292A0DACE}.Release|iPhone.ActiveCfg = Release|Any CPU
		{EFF657D0-05B6-4FBA-A672-423292A0DACE}.Release|iPhone.Build.0 = Release|Any CPU
		{EFF657D0-05B6-4FBA-A672-423292A0DACE}.Release|iPhoneSimulator.ActiveCfg = Release|Any CPU
		{EFF657D0-05B6-4FBA-A672-423292A0DACE}.Release|iPhoneSimulator.Build.0 = Release|Any CPU
		{EFF657D0-05B6-4FBA-A672-423292A0DACE}.Release|x64.ActiveCfg = Release|Any CPU
		{EFF657D0-05B6-4FBA-A672-423292A0DACE}.Release|x64.Build.0 = Release|Any CPU
		{EFF657D0-05B6-4FBA-A672-423292A0DACE}.Release|x86.ActiveCfg = Release|Any CPU
		{EFF657D0-05B6-4FBA-A672-423292A0DACE}.Release|x86.Build.0 = Release|Any CPU
		{1DB282D2-744E-4EDD-83CD-4E20E943215A}.Debug|Any CPU.ActiveCfg = Debug|Any CPU
		{1DB282D2-744E-4EDD-83CD-4E20E943215A}.Debug|Any CPU.Build.0 = Debug|Any CPU
		{1DB282D2-744E-4EDD-83CD-4E20E943215A}.Debug|iPhone.ActiveCfg = Debug|Any CPU
		{1DB282D2-744E-4EDD-83CD-4E20E943215A}.Debug|iPhone.Build.0 = Debug|Any CPU
		{1DB282D2-744E-4EDD-83CD-4E20E943215A}.Debug|iPhoneSimulator.ActiveCfg = Debug|Any CPU
		{1DB282D2-744E-4EDD-83CD-4E20E943215A}.Debug|iPhoneSimulator.Build.0 = Debug|Any CPU
		{1DB282D2-744E-4EDD-83CD-4E20E943215A}.Debug|x64.ActiveCfg = Debug|Any CPU
		{1DB282D2-744E-4EDD-83CD-4E20E943215A}.Debug|x64.Build.0 = Debug|Any CPU
		{1DB282D2-744E-4EDD-83CD-4E20E943215A}.Debug|x86.ActiveCfg = Debug|Any CPU
		{1DB282D2-744E-4EDD-83CD-4E20E943215A}.Debug|x86.Build.0 = Debug|Any CPU
		{1DB282D2-744E-4EDD-83CD-4E20E943215A}.Release|Any CPU.ActiveCfg = Release|Any CPU
		{1DB282D2-744E-4EDD-83CD-4E20E943215A}.Release|Any CPU.Build.0 = Release|Any CPU
		{1DB282D2-744E-4EDD-83CD-4E20E943215A}.Release|iPhone.ActiveCfg = Release|Any CPU
		{1DB282D2-744E-4EDD-83CD-4E20E943215A}.Release|iPhone.Build.0 = Release|Any CPU
		{1DB282D2-744E-4EDD-83CD-4E20E943215A}.Release|iPhoneSimulator.ActiveCfg = Release|Any CPU
		{1DB282D2-744E-4EDD-83CD-4E20E943215A}.Release|iPhoneSimulator.Build.0 = Release|Any CPU
		{1DB282D2-744E-4EDD-83CD-4E20E943215A}.Release|x64.ActiveCfg = Release|Any CPU
		{1DB282D2-744E-4EDD-83CD-4E20E943215A}.Release|x64.Build.0 = Release|Any CPU
		{1DB282D2-744E-4EDD-83CD-4E20E943215A}.Release|x86.ActiveCfg = Release|Any CPU
		{1DB282D2-744E-4EDD-83CD-4E20E943215A}.Release|x86.Build.0 = Release|Any CPU
		{FAC9F68D-EA3B-44AF-8DD9-941E62233A08}.Debug|Any CPU.ActiveCfg = Debug|Any CPU
		{FAC9F68D-EA3B-44AF-8DD9-941E62233A08}.Debug|Any CPU.Build.0 = Debug|Any CPU
		{FAC9F68D-EA3B-44AF-8DD9-941E62233A08}.Debug|iPhone.ActiveCfg = Debug|Any CPU
		{FAC9F68D-EA3B-44AF-8DD9-941E62233A08}.Debug|iPhone.Build.0 = Debug|Any CPU
		{FAC9F68D-EA3B-44AF-8DD9-941E62233A08}.Debug|iPhoneSimulator.ActiveCfg = Debug|Any CPU
		{FAC9F68D-EA3B-44AF-8DD9-941E62233A08}.Debug|iPhoneSimulator.Build.0 = Debug|Any CPU
		{FAC9F68D-EA3B-44AF-8DD9-941E62233A08}.Debug|x64.ActiveCfg = Debug|Any CPU
		{FAC9F68D-EA3B-44AF-8DD9-941E62233A08}.Debug|x64.Build.0 = Debug|Any CPU
		{FAC9F68D-EA3B-44AF-8DD9-941E62233A08}.Debug|x86.ActiveCfg = Debug|Any CPU
		{FAC9F68D-EA3B-44AF-8DD9-941E62233A08}.Debug|x86.Build.0 = Debug|Any CPU
		{FAC9F68D-EA3B-44AF-8DD9-941E62233A08}.Release|Any CPU.ActiveCfg = Release|Any CPU
		{FAC9F68D-EA3B-44AF-8DD9-941E62233A08}.Release|Any CPU.Build.0 = Release|Any CPU
		{FAC9F68D-EA3B-44AF-8DD9-941E62233A08}.Release|iPhone.ActiveCfg = Release|Any CPU
		{FAC9F68D-EA3B-44AF-8DD9-941E62233A08}.Release|iPhone.Build.0 = Release|Any CPU
		{FAC9F68D-EA3B-44AF-8DD9-941E62233A08}.Release|iPhoneSimulator.ActiveCfg = Release|Any CPU
		{FAC9F68D-EA3B-44AF-8DD9-941E62233A08}.Release|iPhoneSimulator.Build.0 = Release|Any CPU
		{FAC9F68D-EA3B-44AF-8DD9-941E62233A08}.Release|x64.ActiveCfg = Release|Any CPU
		{FAC9F68D-EA3B-44AF-8DD9-941E62233A08}.Release|x64.Build.0 = Release|Any CPU
		{FAC9F68D-EA3B-44AF-8DD9-941E62233A08}.Release|x86.ActiveCfg = Release|Any CPU
		{FAC9F68D-EA3B-44AF-8DD9-941E62233A08}.Release|x86.Build.0 = Release|Any CPU
		{5F334C55-8FAA-47A3-BA67-B938ADE2D937}.Debug|Any CPU.ActiveCfg = Debug|Any CPU
		{5F334C55-8FAA-47A3-BA67-B938ADE2D937}.Debug|Any CPU.Build.0 = Debug|Any CPU
		{5F334C55-8FAA-47A3-BA67-B938ADE2D937}.Debug|iPhone.ActiveCfg = Debug|Any CPU
		{5F334C55-8FAA-47A3-BA67-B938ADE2D937}.Debug|iPhone.Build.0 = Debug|Any CPU
		{5F334C55-8FAA-47A3-BA67-B938ADE2D937}.Debug|iPhoneSimulator.ActiveCfg = Debug|Any CPU
		{5F334C55-8FAA-47A3-BA67-B938ADE2D937}.Debug|iPhoneSimulator.Build.0 = Debug|Any CPU
		{5F334C55-8FAA-47A3-BA67-B938ADE2D937}.Debug|x64.ActiveCfg = Debug|Any CPU
		{5F334C55-8FAA-47A3-BA67-B938ADE2D937}.Debug|x64.Build.0 = Debug|Any CPU
		{5F334C55-8FAA-47A3-BA67-B938ADE2D937}.Debug|x86.ActiveCfg = Debug|Any CPU
		{5F334C55-8FAA-47A3-BA67-B938ADE2D937}.Debug|x86.Build.0 = Debug|Any CPU
		{5F334C55-8FAA-47A3-BA67-B938ADE2D937}.Release|Any CPU.ActiveCfg = Release|Any CPU
		{5F334C55-8FAA-47A3-BA67-B938ADE2D937}.Release|Any CPU.Build.0 = Release|Any CPU
		{5F334C55-8FAA-47A3-BA67-B938ADE2D937}.Release|iPhone.ActiveCfg = Release|Any CPU
		{5F334C55-8FAA-47A3-BA67-B938ADE2D937}.Release|iPhone.Build.0 = Release|Any CPU
		{5F334C55-8FAA-47A3-BA67-B938ADE2D937}.Release|iPhoneSimulator.ActiveCfg = Release|Any CPU
		{5F334C55-8FAA-47A3-BA67-B938ADE2D937}.Release|iPhoneSimulator.Build.0 = Release|Any CPU
		{5F334C55-8FAA-47A3-BA67-B938ADE2D937}.Release|x64.ActiveCfg = Release|Any CPU
		{5F334C55-8FAA-47A3-BA67-B938ADE2D937}.Release|x64.Build.0 = Release|Any CPU
		{5F334C55-8FAA-47A3-BA67-B938ADE2D937}.Release|x86.ActiveCfg = Release|Any CPU
		{5F334C55-8FAA-47A3-BA67-B938ADE2D937}.Release|x86.Build.0 = Release|Any CPU
		{CE9EA9C0-8454-400E-8322-597E5CB70580}.Debug|Any CPU.ActiveCfg = Debug|Any CPU
		{CE9EA9C0-8454-400E-8322-597E5CB70580}.Debug|Any CPU.Build.0 = Debug|Any CPU
		{CE9EA9C0-8454-400E-8322-597E5CB70580}.Debug|iPhone.ActiveCfg = Debug|Any CPU
		{CE9EA9C0-8454-400E-8322-597E5CB70580}.Debug|iPhone.Build.0 = Debug|Any CPU
		{CE9EA9C0-8454-400E-8322-597E5CB70580}.Debug|iPhoneSimulator.ActiveCfg = Debug|Any CPU
		{CE9EA9C0-8454-400E-8322-597E5CB70580}.Debug|iPhoneSimulator.Build.0 = Debug|Any CPU
		{CE9EA9C0-8454-400E-8322-597E5CB70580}.Debug|x64.ActiveCfg = Debug|Any CPU
		{CE9EA9C0-8454-400E-8322-597E5CB70580}.Debug|x64.Build.0 = Debug|Any CPU
		{CE9EA9C0-8454-400E-8322-597E5CB70580}.Debug|x86.ActiveCfg = Debug|Any CPU
		{CE9EA9C0-8454-400E-8322-597E5CB70580}.Debug|x86.Build.0 = Debug|Any CPU
		{CE9EA9C0-8454-400E-8322-597E5CB70580}.Release|Any CPU.ActiveCfg = Release|Any CPU
		{CE9EA9C0-8454-400E-8322-597E5CB70580}.Release|Any CPU.Build.0 = Release|Any CPU
		{CE9EA9C0-8454-400E-8322-597E5CB70580}.Release|iPhone.ActiveCfg = Release|Any CPU
		{CE9EA9C0-8454-400E-8322-597E5CB70580}.Release|iPhone.Build.0 = Release|Any CPU
		{CE9EA9C0-8454-400E-8322-597E5CB70580}.Release|iPhoneSimulator.ActiveCfg = Release|Any CPU
		{CE9EA9C0-8454-400E-8322-597E5CB70580}.Release|iPhoneSimulator.Build.0 = Release|Any CPU
		{CE9EA9C0-8454-400E-8322-597E5CB70580}.Release|x64.ActiveCfg = Release|Any CPU
		{CE9EA9C0-8454-400E-8322-597E5CB70580}.Release|x64.Build.0 = Release|Any CPU
		{CE9EA9C0-8454-400E-8322-597E5CB70580}.Release|x86.ActiveCfg = Release|Any CPU
		{CE9EA9C0-8454-400E-8322-597E5CB70580}.Release|x86.Build.0 = Release|Any CPU
		{82E71A42-F226-45BC-96F5-93487CAFB808}.Debug|Any CPU.ActiveCfg = Debug|Any CPU
		{82E71A42-F226-45BC-96F5-93487CAFB808}.Debug|Any CPU.Build.0 = Debug|Any CPU
		{82E71A42-F226-45BC-96F5-93487CAFB808}.Debug|iPhone.ActiveCfg = Debug|Any CPU
		{82E71A42-F226-45BC-96F5-93487CAFB808}.Debug|iPhone.Build.0 = Debug|Any CPU
		{82E71A42-F226-45BC-96F5-93487CAFB808}.Debug|iPhoneSimulator.ActiveCfg = Debug|Any CPU
		{82E71A42-F226-45BC-96F5-93487CAFB808}.Debug|iPhoneSimulator.Build.0 = Debug|Any CPU
		{82E71A42-F226-45BC-96F5-93487CAFB808}.Debug|x64.ActiveCfg = Debug|Any CPU
		{82E71A42-F226-45BC-96F5-93487CAFB808}.Debug|x64.Build.0 = Debug|Any CPU
		{82E71A42-F226-45BC-96F5-93487CAFB808}.Debug|x86.ActiveCfg = Debug|Any CPU
		{82E71A42-F226-45BC-96F5-93487CAFB808}.Debug|x86.Build.0 = Debug|Any CPU
		{82E71A42-F226-45BC-96F5-93487CAFB808}.Release|Any CPU.ActiveCfg = Release|Any CPU
		{82E71A42-F226-45BC-96F5-93487CAFB808}.Release|Any CPU.Build.0 = Release|Any CPU
		{82E71A42-F226-45BC-96F5-93487CAFB808}.Release|iPhone.ActiveCfg = Release|Any CPU
		{82E71A42-F226-45BC-96F5-93487CAFB808}.Release|iPhone.Build.0 = Release|Any CPU
		{82E71A42-F226-45BC-96F5-93487CAFB808}.Release|iPhoneSimulator.ActiveCfg = Release|Any CPU
		{82E71A42-F226-45BC-96F5-93487CAFB808}.Release|iPhoneSimulator.Build.0 = Release|Any CPU
		{82E71A42-F226-45BC-96F5-93487CAFB808}.Release|x64.ActiveCfg = Release|Any CPU
		{82E71A42-F226-45BC-96F5-93487CAFB808}.Release|x64.Build.0 = Release|Any CPU
		{82E71A42-F226-45BC-96F5-93487CAFB808}.Release|x86.ActiveCfg = Release|Any CPU
		{82E71A42-F226-45BC-96F5-93487CAFB808}.Release|x86.Build.0 = Release|Any CPU
		{A6A32AA5-A371-4EEE-8FD2-A4481218D891}.Debug|Any CPU.ActiveCfg = Debug|Any CPU
		{A6A32AA5-A371-4EEE-8FD2-A4481218D891}.Debug|Any CPU.Build.0 = Debug|Any CPU
		{A6A32AA5-A371-4EEE-8FD2-A4481218D891}.Debug|iPhone.ActiveCfg = Debug|Any CPU
		{A6A32AA5-A371-4EEE-8FD2-A4481218D891}.Debug|iPhone.Build.0 = Debug|Any CPU
		{A6A32AA5-A371-4EEE-8FD2-A4481218D891}.Debug|iPhoneSimulator.ActiveCfg = Debug|Any CPU
		{A6A32AA5-A371-4EEE-8FD2-A4481218D891}.Debug|iPhoneSimulator.Build.0 = Debug|Any CPU
		{A6A32AA5-A371-4EEE-8FD2-A4481218D891}.Debug|x64.ActiveCfg = Debug|Any CPU
		{A6A32AA5-A371-4EEE-8FD2-A4481218D891}.Debug|x64.Build.0 = Debug|Any CPU
		{A6A32AA5-A371-4EEE-8FD2-A4481218D891}.Debug|x86.ActiveCfg = Debug|Any CPU
		{A6A32AA5-A371-4EEE-8FD2-A4481218D891}.Debug|x86.Build.0 = Debug|Any CPU
		{A6A32AA5-A371-4EEE-8FD2-A4481218D891}.Release|Any CPU.ActiveCfg = Release|Any CPU
		{A6A32AA5-A371-4EEE-8FD2-A4481218D891}.Release|Any CPU.Build.0 = Release|Any CPU
		{A6A32AA5-A371-4EEE-8FD2-A4481218D891}.Release|iPhone.ActiveCfg = Release|Any CPU
		{A6A32AA5-A371-4EEE-8FD2-A4481218D891}.Release|iPhone.Build.0 = Release|Any CPU
		{A6A32AA5-A371-4EEE-8FD2-A4481218D891}.Release|iPhoneSimulator.ActiveCfg = Release|Any CPU
		{A6A32AA5-A371-4EEE-8FD2-A4481218D891}.Release|iPhoneSimulator.Build.0 = Release|Any CPU
		{A6A32AA5-A371-4EEE-8FD2-A4481218D891}.Release|x64.ActiveCfg = Release|Any CPU
		{A6A32AA5-A371-4EEE-8FD2-A4481218D891}.Release|x64.Build.0 = Release|Any CPU
		{A6A32AA5-A371-4EEE-8FD2-A4481218D891}.Release|x86.ActiveCfg = Release|Any CPU
		{A6A32AA5-A371-4EEE-8FD2-A4481218D891}.Release|x86.Build.0 = Release|Any CPU
		{745113D5-EC1C-4566-B50E-808A90FA42D0}.Debug|Any CPU.ActiveCfg = Debug|Any CPU
		{745113D5-EC1C-4566-B50E-808A90FA42D0}.Debug|Any CPU.Build.0 = Debug|Any CPU
		{745113D5-EC1C-4566-B50E-808A90FA42D0}.Debug|iPhone.ActiveCfg = Debug|Any CPU
		{745113D5-EC1C-4566-B50E-808A90FA42D0}.Debug|iPhone.Build.0 = Debug|Any CPU
		{745113D5-EC1C-4566-B50E-808A90FA42D0}.Debug|iPhoneSimulator.ActiveCfg = Debug|Any CPU
		{745113D5-EC1C-4566-B50E-808A90FA42D0}.Debug|iPhoneSimulator.Build.0 = Debug|Any CPU
		{745113D5-EC1C-4566-B50E-808A90FA42D0}.Debug|x64.ActiveCfg = Debug|Any CPU
		{745113D5-EC1C-4566-B50E-808A90FA42D0}.Debug|x64.Build.0 = Debug|Any CPU
		{745113D5-EC1C-4566-B50E-808A90FA42D0}.Debug|x86.ActiveCfg = Debug|Any CPU
		{745113D5-EC1C-4566-B50E-808A90FA42D0}.Debug|x86.Build.0 = Debug|Any CPU
		{745113D5-EC1C-4566-B50E-808A90FA42D0}.Release|Any CPU.ActiveCfg = Release|Any CPU
		{745113D5-EC1C-4566-B50E-808A90FA42D0}.Release|Any CPU.Build.0 = Release|Any CPU
		{745113D5-EC1C-4566-B50E-808A90FA42D0}.Release|iPhone.ActiveCfg = Release|Any CPU
		{745113D5-EC1C-4566-B50E-808A90FA42D0}.Release|iPhone.Build.0 = Release|Any CPU
		{745113D5-EC1C-4566-B50E-808A90FA42D0}.Release|iPhoneSimulator.ActiveCfg = Release|Any CPU
		{745113D5-EC1C-4566-B50E-808A90FA42D0}.Release|iPhoneSimulator.Build.0 = Release|Any CPU
		{745113D5-EC1C-4566-B50E-808A90FA42D0}.Release|x64.ActiveCfg = Release|Any CPU
		{745113D5-EC1C-4566-B50E-808A90FA42D0}.Release|x64.Build.0 = Release|Any CPU
		{745113D5-EC1C-4566-B50E-808A90FA42D0}.Release|x86.ActiveCfg = Release|Any CPU
		{745113D5-EC1C-4566-B50E-808A90FA42D0}.Release|x86.Build.0 = Release|Any CPU
		{C9CBAC2F-D9C8-4EF5-B257-7D6396A34241}.Debug|Any CPU.ActiveCfg = Debug|Any CPU
		{C9CBAC2F-D9C8-4EF5-B257-7D6396A34241}.Debug|Any CPU.Build.0 = Debug|Any CPU
		{C9CBAC2F-D9C8-4EF5-B257-7D6396A34241}.Debug|iPhone.ActiveCfg = Debug|Any CPU
		{C9CBAC2F-D9C8-4EF5-B257-7D6396A34241}.Debug|iPhone.Build.0 = Debug|Any CPU
		{C9CBAC2F-D9C8-4EF5-B257-7D6396A34241}.Debug|iPhoneSimulator.ActiveCfg = Debug|Any CPU
		{C9CBAC2F-D9C8-4EF5-B257-7D6396A34241}.Debug|iPhoneSimulator.Build.0 = Debug|Any CPU
		{C9CBAC2F-D9C8-4EF5-B257-7D6396A34241}.Debug|x64.ActiveCfg = Debug|Any CPU
		{C9CBAC2F-D9C8-4EF5-B257-7D6396A34241}.Debug|x64.Build.0 = Debug|Any CPU
		{C9CBAC2F-D9C8-4EF5-B257-7D6396A34241}.Debug|x86.ActiveCfg = Debug|Any CPU
		{C9CBAC2F-D9C8-4EF5-B257-7D6396A34241}.Debug|x86.Build.0 = Debug|Any CPU
		{C9CBAC2F-D9C8-4EF5-B257-7D6396A34241}.Release|Any CPU.ActiveCfg = Release|Any CPU
		{C9CBAC2F-D9C8-4EF5-B257-7D6396A34241}.Release|Any CPU.Build.0 = Release|Any CPU
		{C9CBAC2F-D9C8-4EF5-B257-7D6396A34241}.Release|iPhone.ActiveCfg = Release|Any CPU
		{C9CBAC2F-D9C8-4EF5-B257-7D6396A34241}.Release|iPhone.Build.0 = Release|Any CPU
		{C9CBAC2F-D9C8-4EF5-B257-7D6396A34241}.Release|iPhoneSimulator.ActiveCfg = Release|Any CPU
		{C9CBAC2F-D9C8-4EF5-B257-7D6396A34241}.Release|iPhoneSimulator.Build.0 = Release|Any CPU
		{C9CBAC2F-D9C8-4EF5-B257-7D6396A34241}.Release|x64.ActiveCfg = Release|Any CPU
		{C9CBAC2F-D9C8-4EF5-B257-7D6396A34241}.Release|x64.Build.0 = Release|Any CPU
		{C9CBAC2F-D9C8-4EF5-B257-7D6396A34241}.Release|x86.ActiveCfg = Release|Any CPU
		{C9CBAC2F-D9C8-4EF5-B257-7D6396A34241}.Release|x86.Build.0 = Release|Any CPU
		{C61EDD5F-3E42-4F12-8F9A-6DE6E7222912}.Debug|Any CPU.ActiveCfg = Debug|Any CPU
		{C61EDD5F-3E42-4F12-8F9A-6DE6E7222912}.Debug|Any CPU.Build.0 = Debug|Any CPU
		{C61EDD5F-3E42-4F12-8F9A-6DE6E7222912}.Debug|iPhone.ActiveCfg = Debug|Any CPU
		{C61EDD5F-3E42-4F12-8F9A-6DE6E7222912}.Debug|iPhone.Build.0 = Debug|Any CPU
		{C61EDD5F-3E42-4F12-8F9A-6DE6E7222912}.Debug|iPhoneSimulator.ActiveCfg = Debug|Any CPU
		{C61EDD5F-3E42-4F12-8F9A-6DE6E7222912}.Debug|iPhoneSimulator.Build.0 = Debug|Any CPU
		{C61EDD5F-3E42-4F12-8F9A-6DE6E7222912}.Debug|x64.ActiveCfg = Debug|Any CPU
		{C61EDD5F-3E42-4F12-8F9A-6DE6E7222912}.Debug|x64.Build.0 = Debug|Any CPU
		{C61EDD5F-3E42-4F12-8F9A-6DE6E7222912}.Debug|x86.ActiveCfg = Debug|Any CPU
		{C61EDD5F-3E42-4F12-8F9A-6DE6E7222912}.Debug|x86.Build.0 = Debug|Any CPU
		{C61EDD5F-3E42-4F12-8F9A-6DE6E7222912}.Release|Any CPU.ActiveCfg = Release|Any CPU
		{C61EDD5F-3E42-4F12-8F9A-6DE6E7222912}.Release|Any CPU.Build.0 = Release|Any CPU
		{C61EDD5F-3E42-4F12-8F9A-6DE6E7222912}.Release|iPhone.ActiveCfg = Release|Any CPU
		{C61EDD5F-3E42-4F12-8F9A-6DE6E7222912}.Release|iPhone.Build.0 = Release|Any CPU
		{C61EDD5F-3E42-4F12-8F9A-6DE6E7222912}.Release|iPhoneSimulator.ActiveCfg = Release|Any CPU
		{C61EDD5F-3E42-4F12-8F9A-6DE6E7222912}.Release|iPhoneSimulator.Build.0 = Release|Any CPU
		{C61EDD5F-3E42-4F12-8F9A-6DE6E7222912}.Release|x64.ActiveCfg = Release|Any CPU
		{C61EDD5F-3E42-4F12-8F9A-6DE6E7222912}.Release|x64.Build.0 = Release|Any CPU
		{C61EDD5F-3E42-4F12-8F9A-6DE6E7222912}.Release|x86.ActiveCfg = Release|Any CPU
		{C61EDD5F-3E42-4F12-8F9A-6DE6E7222912}.Release|x86.Build.0 = Release|Any CPU
		{96328811-518A-431D-8F09-9AD072890283}.Debug|Any CPU.ActiveCfg = Debug|Any CPU
		{96328811-518A-431D-8F09-9AD072890283}.Debug|Any CPU.Build.0 = Debug|Any CPU
		{96328811-518A-431D-8F09-9AD072890283}.Debug|iPhone.ActiveCfg = Debug|Any CPU
		{96328811-518A-431D-8F09-9AD072890283}.Debug|iPhone.Build.0 = Debug|Any CPU
		{96328811-518A-431D-8F09-9AD072890283}.Debug|iPhoneSimulator.ActiveCfg = Debug|Any CPU
		{96328811-518A-431D-8F09-9AD072890283}.Debug|iPhoneSimulator.Build.0 = Debug|Any CPU
		{96328811-518A-431D-8F09-9AD072890283}.Debug|x64.ActiveCfg = Debug|Any CPU
		{96328811-518A-431D-8F09-9AD072890283}.Debug|x64.Build.0 = Debug|Any CPU
		{96328811-518A-431D-8F09-9AD072890283}.Debug|x86.ActiveCfg = Debug|Any CPU
		{96328811-518A-431D-8F09-9AD072890283}.Debug|x86.Build.0 = Debug|Any CPU
		{96328811-518A-431D-8F09-9AD072890283}.Release|Any CPU.ActiveCfg = Release|Any CPU
		{96328811-518A-431D-8F09-9AD072890283}.Release|Any CPU.Build.0 = Release|Any CPU
		{96328811-518A-431D-8F09-9AD072890283}.Release|iPhone.ActiveCfg = Release|Any CPU
		{96328811-518A-431D-8F09-9AD072890283}.Release|iPhone.Build.0 = Release|Any CPU
		{96328811-518A-431D-8F09-9AD072890283}.Release|iPhoneSimulator.ActiveCfg = Release|Any CPU
		{96328811-518A-431D-8F09-9AD072890283}.Release|iPhoneSimulator.Build.0 = Release|Any CPU
		{96328811-518A-431D-8F09-9AD072890283}.Release|x64.ActiveCfg = Release|Any CPU
		{96328811-518A-431D-8F09-9AD072890283}.Release|x64.Build.0 = Release|Any CPU
		{96328811-518A-431D-8F09-9AD072890283}.Release|x86.ActiveCfg = Release|Any CPU
		{96328811-518A-431D-8F09-9AD072890283}.Release|x86.Build.0 = Release|Any CPU
		{02360C19-0CA8-496E-8ED4-144CCE5689CC}.Debug|Any CPU.ActiveCfg = Debug|Any CPU
		{02360C19-0CA8-496E-8ED4-144CCE5689CC}.Debug|Any CPU.Build.0 = Debug|Any CPU
		{02360C19-0CA8-496E-8ED4-144CCE5689CC}.Debug|iPhone.ActiveCfg = Debug|Any CPU
		{02360C19-0CA8-496E-8ED4-144CCE5689CC}.Debug|iPhone.Build.0 = Debug|Any CPU
		{02360C19-0CA8-496E-8ED4-144CCE5689CC}.Debug|iPhoneSimulator.ActiveCfg = Debug|Any CPU
		{02360C19-0CA8-496E-8ED4-144CCE5689CC}.Debug|iPhoneSimulator.Build.0 = Debug|Any CPU
		{02360C19-0CA8-496E-8ED4-144CCE5689CC}.Debug|x64.ActiveCfg = Debug|Any CPU
		{02360C19-0CA8-496E-8ED4-144CCE5689CC}.Debug|x64.Build.0 = Debug|Any CPU
		{02360C19-0CA8-496E-8ED4-144CCE5689CC}.Debug|x86.ActiveCfg = Debug|Any CPU
		{02360C19-0CA8-496E-8ED4-144CCE5689CC}.Debug|x86.Build.0 = Debug|Any CPU
		{02360C19-0CA8-496E-8ED4-144CCE5689CC}.Release|Any CPU.ActiveCfg = Release|Any CPU
		{02360C19-0CA8-496E-8ED4-144CCE5689CC}.Release|Any CPU.Build.0 = Release|Any CPU
		{02360C19-0CA8-496E-8ED4-144CCE5689CC}.Release|iPhone.ActiveCfg = Release|Any CPU
		{02360C19-0CA8-496E-8ED4-144CCE5689CC}.Release|iPhone.Build.0 = Release|Any CPU
		{02360C19-0CA8-496E-8ED4-144CCE5689CC}.Release|iPhoneSimulator.ActiveCfg = Release|Any CPU
		{02360C19-0CA8-496E-8ED4-144CCE5689CC}.Release|iPhoneSimulator.Build.0 = Release|Any CPU
		{02360C19-0CA8-496E-8ED4-144CCE5689CC}.Release|x64.ActiveCfg = Release|Any CPU
		{02360C19-0CA8-496E-8ED4-144CCE5689CC}.Release|x64.Build.0 = Release|Any CPU
		{02360C19-0CA8-496E-8ED4-144CCE5689CC}.Release|x86.ActiveCfg = Release|Any CPU
		{02360C19-0CA8-496E-8ED4-144CCE5689CC}.Release|x86.Build.0 = Release|Any CPU
		{5A8A5955-531D-44F9-9A26-3845381596A2}.Debug|Any CPU.ActiveCfg = Debug|Any CPU
		{5A8A5955-531D-44F9-9A26-3845381596A2}.Debug|Any CPU.Build.0 = Debug|Any CPU
		{5A8A5955-531D-44F9-9A26-3845381596A2}.Debug|iPhone.ActiveCfg = Debug|Any CPU
		{5A8A5955-531D-44F9-9A26-3845381596A2}.Debug|iPhone.Build.0 = Debug|Any CPU
		{5A8A5955-531D-44F9-9A26-3845381596A2}.Debug|iPhoneSimulator.ActiveCfg = Debug|Any CPU
		{5A8A5955-531D-44F9-9A26-3845381596A2}.Debug|iPhoneSimulator.Build.0 = Debug|Any CPU
		{5A8A5955-531D-44F9-9A26-3845381596A2}.Debug|x64.ActiveCfg = Debug|Any CPU
		{5A8A5955-531D-44F9-9A26-3845381596A2}.Debug|x64.Build.0 = Debug|Any CPU
		{5A8A5955-531D-44F9-9A26-3845381596A2}.Debug|x86.ActiveCfg = Debug|Any CPU
		{5A8A5955-531D-44F9-9A26-3845381596A2}.Debug|x86.Build.0 = Debug|Any CPU
		{5A8A5955-531D-44F9-9A26-3845381596A2}.Release|Any CPU.ActiveCfg = Release|Any CPU
		{5A8A5955-531D-44F9-9A26-3845381596A2}.Release|Any CPU.Build.0 = Release|Any CPU
		{5A8A5955-531D-44F9-9A26-3845381596A2}.Release|iPhone.ActiveCfg = Release|Any CPU
		{5A8A5955-531D-44F9-9A26-3845381596A2}.Release|iPhone.Build.0 = Release|Any CPU
		{5A8A5955-531D-44F9-9A26-3845381596A2}.Release|iPhoneSimulator.ActiveCfg = Release|Any CPU
		{5A8A5955-531D-44F9-9A26-3845381596A2}.Release|iPhoneSimulator.Build.0 = Release|Any CPU
		{5A8A5955-531D-44F9-9A26-3845381596A2}.Release|x64.ActiveCfg = Release|Any CPU
		{5A8A5955-531D-44F9-9A26-3845381596A2}.Release|x64.Build.0 = Release|Any CPU
		{5A8A5955-531D-44F9-9A26-3845381596A2}.Release|x86.ActiveCfg = Release|Any CPU
		{5A8A5955-531D-44F9-9A26-3845381596A2}.Release|x86.Build.0 = Release|Any CPU
		{CCA7936A-2C62-414B-A576-7BC9042AEEA7}.Debug|Any CPU.ActiveCfg = Debug|Any CPU
		{CCA7936A-2C62-414B-A576-7BC9042AEEA7}.Debug|Any CPU.Build.0 = Debug|Any CPU
		{CCA7936A-2C62-414B-A576-7BC9042AEEA7}.Debug|iPhone.ActiveCfg = Debug|Any CPU
		{CCA7936A-2C62-414B-A576-7BC9042AEEA7}.Debug|iPhone.Build.0 = Debug|Any CPU
		{CCA7936A-2C62-414B-A576-7BC9042AEEA7}.Debug|iPhoneSimulator.ActiveCfg = Debug|Any CPU
		{CCA7936A-2C62-414B-A576-7BC9042AEEA7}.Debug|iPhoneSimulator.Build.0 = Debug|Any CPU
		{CCA7936A-2C62-414B-A576-7BC9042AEEA7}.Debug|x64.ActiveCfg = Debug|Any CPU
		{CCA7936A-2C62-414B-A576-7BC9042AEEA7}.Debug|x64.Build.0 = Debug|Any CPU
		{CCA7936A-2C62-414B-A576-7BC9042AEEA7}.Debug|x86.ActiveCfg = Debug|Any CPU
		{CCA7936A-2C62-414B-A576-7BC9042AEEA7}.Debug|x86.Build.0 = Debug|Any CPU
		{CCA7936A-2C62-414B-A576-7BC9042AEEA7}.Release|Any CPU.ActiveCfg = Release|Any CPU
		{CCA7936A-2C62-414B-A576-7BC9042AEEA7}.Release|Any CPU.Build.0 = Release|Any CPU
		{CCA7936A-2C62-414B-A576-7BC9042AEEA7}.Release|iPhone.ActiveCfg = Release|Any CPU
		{CCA7936A-2C62-414B-A576-7BC9042AEEA7}.Release|iPhone.Build.0 = Release|Any CPU
		{CCA7936A-2C62-414B-A576-7BC9042AEEA7}.Release|iPhoneSimulator.ActiveCfg = Release|Any CPU
		{CCA7936A-2C62-414B-A576-7BC9042AEEA7}.Release|iPhoneSimulator.Build.0 = Release|Any CPU
		{CCA7936A-2C62-414B-A576-7BC9042AEEA7}.Release|x64.ActiveCfg = Release|Any CPU
		{CCA7936A-2C62-414B-A576-7BC9042AEEA7}.Release|x64.Build.0 = Release|Any CPU
		{CCA7936A-2C62-414B-A576-7BC9042AEEA7}.Release|x86.ActiveCfg = Release|Any CPU
		{CCA7936A-2C62-414B-A576-7BC9042AEEA7}.Release|x86.Build.0 = Release|Any CPU
		{19B607ED-E988-4408-91F6-71FCE05E1B49}.Debug|Any CPU.ActiveCfg = Debug|Any CPU
		{19B607ED-E988-4408-91F6-71FCE05E1B49}.Debug|Any CPU.Build.0 = Debug|Any CPU
		{19B607ED-E988-4408-91F6-71FCE05E1B49}.Debug|iPhone.ActiveCfg = Debug|Any CPU
		{19B607ED-E988-4408-91F6-71FCE05E1B49}.Debug|iPhone.Build.0 = Debug|Any CPU
		{19B607ED-E988-4408-91F6-71FCE05E1B49}.Debug|iPhoneSimulator.ActiveCfg = Debug|Any CPU
		{19B607ED-E988-4408-91F6-71FCE05E1B49}.Debug|iPhoneSimulator.Build.0 = Debug|Any CPU
		{19B607ED-E988-4408-91F6-71FCE05E1B49}.Debug|x64.ActiveCfg = Debug|Any CPU
		{19B607ED-E988-4408-91F6-71FCE05E1B49}.Debug|x64.Build.0 = Debug|Any CPU
		{19B607ED-E988-4408-91F6-71FCE05E1B49}.Debug|x86.ActiveCfg = Debug|Any CPU
		{19B607ED-E988-4408-91F6-71FCE05E1B49}.Debug|x86.Build.0 = Debug|Any CPU
		{19B607ED-E988-4408-91F6-71FCE05E1B49}.Release|Any CPU.ActiveCfg = Release|Any CPU
		{19B607ED-E988-4408-91F6-71FCE05E1B49}.Release|Any CPU.Build.0 = Release|Any CPU
		{19B607ED-E988-4408-91F6-71FCE05E1B49}.Release|iPhone.ActiveCfg = Release|Any CPU
		{19B607ED-E988-4408-91F6-71FCE05E1B49}.Release|iPhone.Build.0 = Release|Any CPU
		{19B607ED-E988-4408-91F6-71FCE05E1B49}.Release|iPhoneSimulator.ActiveCfg = Release|Any CPU
		{19B607ED-E988-4408-91F6-71FCE05E1B49}.Release|iPhoneSimulator.Build.0 = Release|Any CPU
		{19B607ED-E988-4408-91F6-71FCE05E1B49}.Release|x64.ActiveCfg = Release|Any CPU
		{19B607ED-E988-4408-91F6-71FCE05E1B49}.Release|x64.Build.0 = Release|Any CPU
		{19B607ED-E988-4408-91F6-71FCE05E1B49}.Release|x86.ActiveCfg = Release|Any CPU
		{19B607ED-E988-4408-91F6-71FCE05E1B49}.Release|x86.Build.0 = Release|Any CPU
		{6B624B53-7A10-4499-B947-56F60A725AAC}.Debug|Any CPU.ActiveCfg = Debug|Any CPU
		{6B624B53-7A10-4499-B947-56F60A725AAC}.Debug|Any CPU.Build.0 = Debug|Any CPU
		{6B624B53-7A10-4499-B947-56F60A725AAC}.Debug|iPhone.ActiveCfg = Debug|Any CPU
		{6B624B53-7A10-4499-B947-56F60A725AAC}.Debug|iPhone.Build.0 = Debug|Any CPU
		{6B624B53-7A10-4499-B947-56F60A725AAC}.Debug|iPhoneSimulator.ActiveCfg = Debug|Any CPU
		{6B624B53-7A10-4499-B947-56F60A725AAC}.Debug|iPhoneSimulator.Build.0 = Debug|Any CPU
		{6B624B53-7A10-4499-B947-56F60A725AAC}.Debug|x64.ActiveCfg = Debug|Any CPU
		{6B624B53-7A10-4499-B947-56F60A725AAC}.Debug|x64.Build.0 = Debug|Any CPU
		{6B624B53-7A10-4499-B947-56F60A725AAC}.Debug|x86.ActiveCfg = Debug|Any CPU
		{6B624B53-7A10-4499-B947-56F60A725AAC}.Debug|x86.Build.0 = Debug|Any CPU
		{6B624B53-7A10-4499-B947-56F60A725AAC}.Release|Any CPU.ActiveCfg = Release|Any CPU
		{6B624B53-7A10-4499-B947-56F60A725AAC}.Release|Any CPU.Build.0 = Release|Any CPU
		{6B624B53-7A10-4499-B947-56F60A725AAC}.Release|iPhone.ActiveCfg = Release|Any CPU
		{6B624B53-7A10-4499-B947-56F60A725AAC}.Release|iPhone.Build.0 = Release|Any CPU
		{6B624B53-7A10-4499-B947-56F60A725AAC}.Release|iPhoneSimulator.ActiveCfg = Release|Any CPU
		{6B624B53-7A10-4499-B947-56F60A725AAC}.Release|iPhoneSimulator.Build.0 = Release|Any CPU
		{6B624B53-7A10-4499-B947-56F60A725AAC}.Release|x64.ActiveCfg = Release|Any CPU
		{6B624B53-7A10-4499-B947-56F60A725AAC}.Release|x64.Build.0 = Release|Any CPU
		{6B624B53-7A10-4499-B947-56F60A725AAC}.Release|x86.ActiveCfg = Release|Any CPU
		{6B624B53-7A10-4499-B947-56F60A725AAC}.Release|x86.Build.0 = Release|Any CPU
		{50F780DF-48CD-421D-B884-87134F2FBF77}.Debug|Any CPU.ActiveCfg = Debug|Any CPU
		{50F780DF-48CD-421D-B884-87134F2FBF77}.Debug|Any CPU.Build.0 = Debug|Any CPU
		{50F780DF-48CD-421D-B884-87134F2FBF77}.Debug|iPhone.ActiveCfg = Debug|Any CPU
		{50F780DF-48CD-421D-B884-87134F2FBF77}.Debug|iPhone.Build.0 = Debug|Any CPU
		{50F780DF-48CD-421D-B884-87134F2FBF77}.Debug|iPhoneSimulator.ActiveCfg = Debug|Any CPU
		{50F780DF-48CD-421D-B884-87134F2FBF77}.Debug|iPhoneSimulator.Build.0 = Debug|Any CPU
		{50F780DF-48CD-421D-B884-87134F2FBF77}.Debug|x64.ActiveCfg = Debug|Any CPU
		{50F780DF-48CD-421D-B884-87134F2FBF77}.Debug|x64.Build.0 = Debug|Any CPU
		{50F780DF-48CD-421D-B884-87134F2FBF77}.Debug|x86.ActiveCfg = Debug|Any CPU
		{50F780DF-48CD-421D-B884-87134F2FBF77}.Debug|x86.Build.0 = Debug|Any CPU
		{50F780DF-48CD-421D-B884-87134F2FBF77}.Release|Any CPU.ActiveCfg = Release|Any CPU
		{50F780DF-48CD-421D-B884-87134F2FBF77}.Release|Any CPU.Build.0 = Release|Any CPU
		{50F780DF-48CD-421D-B884-87134F2FBF77}.Release|iPhone.ActiveCfg = Release|Any CPU
		{50F780DF-48CD-421D-B884-87134F2FBF77}.Release|iPhone.Build.0 = Release|Any CPU
		{50F780DF-48CD-421D-B884-87134F2FBF77}.Release|iPhoneSimulator.ActiveCfg = Release|Any CPU
		{50F780DF-48CD-421D-B884-87134F2FBF77}.Release|iPhoneSimulator.Build.0 = Release|Any CPU
		{50F780DF-48CD-421D-B884-87134F2FBF77}.Release|x64.ActiveCfg = Release|Any CPU
		{50F780DF-48CD-421D-B884-87134F2FBF77}.Release|x64.Build.0 = Release|Any CPU
		{50F780DF-48CD-421D-B884-87134F2FBF77}.Release|x86.ActiveCfg = Release|Any CPU
		{50F780DF-48CD-421D-B884-87134F2FBF77}.Release|x86.Build.0 = Release|Any CPU
		{F7D420EC-EB66-44AC-9913-F785BEF6B009}.Debug|Any CPU.ActiveCfg = Debug|Any CPU
		{F7D420EC-EB66-44AC-9913-F785BEF6B009}.Debug|Any CPU.Build.0 = Debug|Any CPU
		{F7D420EC-EB66-44AC-9913-F785BEF6B009}.Debug|iPhone.ActiveCfg = Debug|Any CPU
		{F7D420EC-EB66-44AC-9913-F785BEF6B009}.Debug|iPhone.Build.0 = Debug|Any CPU
		{F7D420EC-EB66-44AC-9913-F785BEF6B009}.Debug|iPhoneSimulator.ActiveCfg = Debug|Any CPU
		{F7D420EC-EB66-44AC-9913-F785BEF6B009}.Debug|iPhoneSimulator.Build.0 = Debug|Any CPU
		{F7D420EC-EB66-44AC-9913-F785BEF6B009}.Debug|x64.ActiveCfg = Debug|Any CPU
		{F7D420EC-EB66-44AC-9913-F785BEF6B009}.Debug|x64.Build.0 = Debug|Any CPU
		{F7D420EC-EB66-44AC-9913-F785BEF6B009}.Debug|x86.ActiveCfg = Debug|Any CPU
		{F7D420EC-EB66-44AC-9913-F785BEF6B009}.Debug|x86.Build.0 = Debug|Any CPU
		{F7D420EC-EB66-44AC-9913-F785BEF6B009}.Release|Any CPU.ActiveCfg = Release|Any CPU
		{F7D420EC-EB66-44AC-9913-F785BEF6B009}.Release|Any CPU.Build.0 = Release|Any CPU
		{F7D420EC-EB66-44AC-9913-F785BEF6B009}.Release|iPhone.ActiveCfg = Release|Any CPU
		{F7D420EC-EB66-44AC-9913-F785BEF6B009}.Release|iPhone.Build.0 = Release|Any CPU
		{F7D420EC-EB66-44AC-9913-F785BEF6B009}.Release|iPhoneSimulator.ActiveCfg = Release|Any CPU
		{F7D420EC-EB66-44AC-9913-F785BEF6B009}.Release|iPhoneSimulator.Build.0 = Release|Any CPU
		{F7D420EC-EB66-44AC-9913-F785BEF6B009}.Release|x64.ActiveCfg = Release|Any CPU
		{F7D420EC-EB66-44AC-9913-F785BEF6B009}.Release|x64.Build.0 = Release|Any CPU
		{F7D420EC-EB66-44AC-9913-F785BEF6B009}.Release|x86.ActiveCfg = Release|Any CPU
		{F7D420EC-EB66-44AC-9913-F785BEF6B009}.Release|x86.Build.0 = Release|Any CPU
		{324752D5-A040-4B61-BAED-3840CFCB8A54}.Debug|Any CPU.ActiveCfg = Debug|Any CPU
		{324752D5-A040-4B61-BAED-3840CFCB8A54}.Debug|Any CPU.Build.0 = Debug|Any CPU
		{324752D5-A040-4B61-BAED-3840CFCB8A54}.Debug|iPhone.ActiveCfg = Debug|Any CPU
		{324752D5-A040-4B61-BAED-3840CFCB8A54}.Debug|iPhone.Build.0 = Debug|Any CPU
		{324752D5-A040-4B61-BAED-3840CFCB8A54}.Debug|iPhoneSimulator.ActiveCfg = Debug|Any CPU
		{324752D5-A040-4B61-BAED-3840CFCB8A54}.Debug|iPhoneSimulator.Build.0 = Debug|Any CPU
		{324752D5-A040-4B61-BAED-3840CFCB8A54}.Debug|x64.ActiveCfg = Debug|Any CPU
		{324752D5-A040-4B61-BAED-3840CFCB8A54}.Debug|x64.Build.0 = Debug|Any CPU
		{324752D5-A040-4B61-BAED-3840CFCB8A54}.Debug|x86.ActiveCfg = Debug|Any CPU
		{324752D5-A040-4B61-BAED-3840CFCB8A54}.Debug|x86.Build.0 = Debug|Any CPU
		{324752D5-A040-4B61-BAED-3840CFCB8A54}.Release|Any CPU.ActiveCfg = Release|Any CPU
		{324752D5-A040-4B61-BAED-3840CFCB8A54}.Release|Any CPU.Build.0 = Release|Any CPU
		{324752D5-A040-4B61-BAED-3840CFCB8A54}.Release|iPhone.ActiveCfg = Release|Any CPU
		{324752D5-A040-4B61-BAED-3840CFCB8A54}.Release|iPhone.Build.0 = Release|Any CPU
		{324752D5-A040-4B61-BAED-3840CFCB8A54}.Release|iPhoneSimulator.ActiveCfg = Release|Any CPU
		{324752D5-A040-4B61-BAED-3840CFCB8A54}.Release|iPhoneSimulator.Build.0 = Release|Any CPU
		{324752D5-A040-4B61-BAED-3840CFCB8A54}.Release|x64.ActiveCfg = Release|Any CPU
		{324752D5-A040-4B61-BAED-3840CFCB8A54}.Release|x64.Build.0 = Release|Any CPU
		{324752D5-A040-4B61-BAED-3840CFCB8A54}.Release|x86.ActiveCfg = Release|Any CPU
		{324752D5-A040-4B61-BAED-3840CFCB8A54}.Release|x86.Build.0 = Release|Any CPU
		{54C608E8-7E71-4329-857C-E085F797777D}.Debug|Any CPU.ActiveCfg = Debug|Any CPU
		{54C608E8-7E71-4329-857C-E085F797777D}.Debug|Any CPU.Build.0 = Debug|Any CPU
		{54C608E8-7E71-4329-857C-E085F797777D}.Debug|iPhone.ActiveCfg = Debug|Any CPU
		{54C608E8-7E71-4329-857C-E085F797777D}.Debug|iPhone.Build.0 = Debug|Any CPU
		{54C608E8-7E71-4329-857C-E085F797777D}.Debug|iPhoneSimulator.ActiveCfg = Debug|Any CPU
		{54C608E8-7E71-4329-857C-E085F797777D}.Debug|iPhoneSimulator.Build.0 = Debug|Any CPU
		{54C608E8-7E71-4329-857C-E085F797777D}.Debug|x64.ActiveCfg = Debug|Any CPU
		{54C608E8-7E71-4329-857C-E085F797777D}.Debug|x64.Build.0 = Debug|Any CPU
		{54C608E8-7E71-4329-857C-E085F797777D}.Debug|x86.ActiveCfg = Debug|Any CPU
		{54C608E8-7E71-4329-857C-E085F797777D}.Debug|x86.Build.0 = Debug|Any CPU
		{54C608E8-7E71-4329-857C-E085F797777D}.Release|Any CPU.ActiveCfg = Release|Any CPU
		{54C608E8-7E71-4329-857C-E085F797777D}.Release|Any CPU.Build.0 = Release|Any CPU
		{54C608E8-7E71-4329-857C-E085F797777D}.Release|iPhone.ActiveCfg = Release|Any CPU
		{54C608E8-7E71-4329-857C-E085F797777D}.Release|iPhone.Build.0 = Release|Any CPU
		{54C608E8-7E71-4329-857C-E085F797777D}.Release|iPhoneSimulator.ActiveCfg = Release|Any CPU
		{54C608E8-7E71-4329-857C-E085F797777D}.Release|iPhoneSimulator.Build.0 = Release|Any CPU
		{54C608E8-7E71-4329-857C-E085F797777D}.Release|x64.ActiveCfg = Release|Any CPU
		{54C608E8-7E71-4329-857C-E085F797777D}.Release|x64.Build.0 = Release|Any CPU
		{54C608E8-7E71-4329-857C-E085F797777D}.Release|x86.ActiveCfg = Release|Any CPU
		{54C608E8-7E71-4329-857C-E085F797777D}.Release|x86.Build.0 = Release|Any CPU
		{0D256E59-A8DF-4F5F-83F9-CA30E4C2C17F}.Debug|Any CPU.ActiveCfg = Debug|Any CPU
		{0D256E59-A8DF-4F5F-83F9-CA30E4C2C17F}.Debug|Any CPU.Build.0 = Debug|Any CPU
		{0D256E59-A8DF-4F5F-83F9-CA30E4C2C17F}.Debug|iPhone.ActiveCfg = Debug|Any CPU
		{0D256E59-A8DF-4F5F-83F9-CA30E4C2C17F}.Debug|iPhone.Build.0 = Debug|Any CPU
		{0D256E59-A8DF-4F5F-83F9-CA30E4C2C17F}.Debug|iPhoneSimulator.ActiveCfg = Debug|Any CPU
		{0D256E59-A8DF-4F5F-83F9-CA30E4C2C17F}.Debug|iPhoneSimulator.Build.0 = Debug|Any CPU
		{0D256E59-A8DF-4F5F-83F9-CA30E4C2C17F}.Debug|x64.ActiveCfg = Debug|Any CPU
		{0D256E59-A8DF-4F5F-83F9-CA30E4C2C17F}.Debug|x64.Build.0 = Debug|Any CPU
		{0D256E59-A8DF-4F5F-83F9-CA30E4C2C17F}.Debug|x86.ActiveCfg = Debug|Any CPU
		{0D256E59-A8DF-4F5F-83F9-CA30E4C2C17F}.Debug|x86.Build.0 = Debug|Any CPU
		{0D256E59-A8DF-4F5F-83F9-CA30E4C2C17F}.Release|Any CPU.ActiveCfg = Release|Any CPU
		{0D256E59-A8DF-4F5F-83F9-CA30E4C2C17F}.Release|Any CPU.Build.0 = Release|Any CPU
		{0D256E59-A8DF-4F5F-83F9-CA30E4C2C17F}.Release|iPhone.ActiveCfg = Release|Any CPU
		{0D256E59-A8DF-4F5F-83F9-CA30E4C2C17F}.Release|iPhone.Build.0 = Release|Any CPU
		{0D256E59-A8DF-4F5F-83F9-CA30E4C2C17F}.Release|iPhoneSimulator.ActiveCfg = Release|Any CPU
		{0D256E59-A8DF-4F5F-83F9-CA30E4C2C17F}.Release|iPhoneSimulator.Build.0 = Release|Any CPU
		{0D256E59-A8DF-4F5F-83F9-CA30E4C2C17F}.Release|x64.ActiveCfg = Release|Any CPU
		{0D256E59-A8DF-4F5F-83F9-CA30E4C2C17F}.Release|x64.Build.0 = Release|Any CPU
		{0D256E59-A8DF-4F5F-83F9-CA30E4C2C17F}.Release|x86.ActiveCfg = Release|Any CPU
		{0D256E59-A8DF-4F5F-83F9-CA30E4C2C17F}.Release|x86.Build.0 = Release|Any CPU
		{5D583D99-C961-4F17-9C0F-82A5E6D0887D}.Debug|Any CPU.ActiveCfg = Debug|Any CPU
		{5D583D99-C961-4F17-9C0F-82A5E6D0887D}.Debug|Any CPU.Build.0 = Debug|Any CPU
		{5D583D99-C961-4F17-9C0F-82A5E6D0887D}.Debug|iPhone.ActiveCfg = Debug|Any CPU
		{5D583D99-C961-4F17-9C0F-82A5E6D0887D}.Debug|iPhone.Build.0 = Debug|Any CPU
		{5D583D99-C961-4F17-9C0F-82A5E6D0887D}.Debug|iPhoneSimulator.ActiveCfg = Debug|Any CPU
		{5D583D99-C961-4F17-9C0F-82A5E6D0887D}.Debug|iPhoneSimulator.Build.0 = Debug|Any CPU
		{5D583D99-C961-4F17-9C0F-82A5E6D0887D}.Debug|x64.ActiveCfg = Debug|Any CPU
		{5D583D99-C961-4F17-9C0F-82A5E6D0887D}.Debug|x64.Build.0 = Debug|Any CPU
		{5D583D99-C961-4F17-9C0F-82A5E6D0887D}.Debug|x86.ActiveCfg = Debug|Any CPU
		{5D583D99-C961-4F17-9C0F-82A5E6D0887D}.Debug|x86.Build.0 = Debug|Any CPU
		{5D583D99-C961-4F17-9C0F-82A5E6D0887D}.Release|Any CPU.ActiveCfg = Release|Any CPU
		{5D583D99-C961-4F17-9C0F-82A5E6D0887D}.Release|Any CPU.Build.0 = Release|Any CPU
		{5D583D99-C961-4F17-9C0F-82A5E6D0887D}.Release|iPhone.ActiveCfg = Release|Any CPU
		{5D583D99-C961-4F17-9C0F-82A5E6D0887D}.Release|iPhone.Build.0 = Release|Any CPU
		{5D583D99-C961-4F17-9C0F-82A5E6D0887D}.Release|iPhoneSimulator.ActiveCfg = Release|Any CPU
		{5D583D99-C961-4F17-9C0F-82A5E6D0887D}.Release|iPhoneSimulator.Build.0 = Release|Any CPU
		{5D583D99-C961-4F17-9C0F-82A5E6D0887D}.Release|x64.ActiveCfg = Release|Any CPU
		{5D583D99-C961-4F17-9C0F-82A5E6D0887D}.Release|x64.Build.0 = Release|Any CPU
		{5D583D99-C961-4F17-9C0F-82A5E6D0887D}.Release|x86.ActiveCfg = Release|Any CPU
		{5D583D99-C961-4F17-9C0F-82A5E6D0887D}.Release|x86.Build.0 = Release|Any CPU
		{918DEEA0-605B-462F-8E51-3CA6A9473FCC}.Debug|Any CPU.ActiveCfg = Debug|Any CPU
		{918DEEA0-605B-462F-8E51-3CA6A9473FCC}.Debug|Any CPU.Build.0 = Debug|Any CPU
		{918DEEA0-605B-462F-8E51-3CA6A9473FCC}.Debug|iPhone.ActiveCfg = Debug|Any CPU
		{918DEEA0-605B-462F-8E51-3CA6A9473FCC}.Debug|iPhone.Build.0 = Debug|Any CPU
		{918DEEA0-605B-462F-8E51-3CA6A9473FCC}.Debug|iPhoneSimulator.ActiveCfg = Debug|Any CPU
		{918DEEA0-605B-462F-8E51-3CA6A9473FCC}.Debug|iPhoneSimulator.Build.0 = Debug|Any CPU
		{918DEEA0-605B-462F-8E51-3CA6A9473FCC}.Debug|x64.ActiveCfg = Debug|Any CPU
		{918DEEA0-605B-462F-8E51-3CA6A9473FCC}.Debug|x64.Build.0 = Debug|Any CPU
		{918DEEA0-605B-462F-8E51-3CA6A9473FCC}.Debug|x86.ActiveCfg = Debug|Any CPU
		{918DEEA0-605B-462F-8E51-3CA6A9473FCC}.Debug|x86.Build.0 = Debug|Any CPU
		{918DEEA0-605B-462F-8E51-3CA6A9473FCC}.Release|Any CPU.ActiveCfg = Release|Any CPU
		{918DEEA0-605B-462F-8E51-3CA6A9473FCC}.Release|Any CPU.Build.0 = Release|Any CPU
		{918DEEA0-605B-462F-8E51-3CA6A9473FCC}.Release|iPhone.ActiveCfg = Release|Any CPU
		{918DEEA0-605B-462F-8E51-3CA6A9473FCC}.Release|iPhone.Build.0 = Release|Any CPU
		{918DEEA0-605B-462F-8E51-3CA6A9473FCC}.Release|iPhoneSimulator.ActiveCfg = Release|Any CPU
		{918DEEA0-605B-462F-8E51-3CA6A9473FCC}.Release|iPhoneSimulator.Build.0 = Release|Any CPU
		{918DEEA0-605B-462F-8E51-3CA6A9473FCC}.Release|x64.ActiveCfg = Release|Any CPU
		{918DEEA0-605B-462F-8E51-3CA6A9473FCC}.Release|x64.Build.0 = Release|Any CPU
		{918DEEA0-605B-462F-8E51-3CA6A9473FCC}.Release|x86.ActiveCfg = Release|Any CPU
		{918DEEA0-605B-462F-8E51-3CA6A9473FCC}.Release|x86.Build.0 = Release|Any CPU
		{BEA13A22-E1C6-4635-B406-FC61ED337360}.Debug|Any CPU.ActiveCfg = Debug|Any CPU
		{BEA13A22-E1C6-4635-B406-FC61ED337360}.Debug|Any CPU.Build.0 = Debug|Any CPU
		{BEA13A22-E1C6-4635-B406-FC61ED337360}.Debug|iPhone.ActiveCfg = Debug|Any CPU
		{BEA13A22-E1C6-4635-B406-FC61ED337360}.Debug|iPhone.Build.0 = Debug|Any CPU
		{BEA13A22-E1C6-4635-B406-FC61ED337360}.Debug|iPhoneSimulator.ActiveCfg = Debug|Any CPU
		{BEA13A22-E1C6-4635-B406-FC61ED337360}.Debug|iPhoneSimulator.Build.0 = Debug|Any CPU
		{BEA13A22-E1C6-4635-B406-FC61ED337360}.Debug|x64.ActiveCfg = Debug|Any CPU
		{BEA13A22-E1C6-4635-B406-FC61ED337360}.Debug|x64.Build.0 = Debug|Any CPU
		{BEA13A22-E1C6-4635-B406-FC61ED337360}.Debug|x86.ActiveCfg = Debug|Any CPU
		{BEA13A22-E1C6-4635-B406-FC61ED337360}.Debug|x86.Build.0 = Debug|Any CPU
		{BEA13A22-E1C6-4635-B406-FC61ED337360}.Release|Any CPU.ActiveCfg = Release|Any CPU
		{BEA13A22-E1C6-4635-B406-FC61ED337360}.Release|Any CPU.Build.0 = Release|Any CPU
		{BEA13A22-E1C6-4635-B406-FC61ED337360}.Release|iPhone.ActiveCfg = Release|Any CPU
		{BEA13A22-E1C6-4635-B406-FC61ED337360}.Release|iPhone.Build.0 = Release|Any CPU
		{BEA13A22-E1C6-4635-B406-FC61ED337360}.Release|iPhoneSimulator.ActiveCfg = Release|Any CPU
		{BEA13A22-E1C6-4635-B406-FC61ED337360}.Release|iPhoneSimulator.Build.0 = Release|Any CPU
		{BEA13A22-E1C6-4635-B406-FC61ED337360}.Release|x64.ActiveCfg = Release|Any CPU
		{BEA13A22-E1C6-4635-B406-FC61ED337360}.Release|x64.Build.0 = Release|Any CPU
		{BEA13A22-E1C6-4635-B406-FC61ED337360}.Release|x86.ActiveCfg = Release|Any CPU
		{BEA13A22-E1C6-4635-B406-FC61ED337360}.Release|x86.Build.0 = Release|Any CPU
		{5CAA2402-127D-42F2-BBA4-54E2DB763620}.Debug|Any CPU.ActiveCfg = Debug|Any CPU
		{5CAA2402-127D-42F2-BBA4-54E2DB763620}.Debug|Any CPU.Build.0 = Debug|Any CPU
		{5CAA2402-127D-42F2-BBA4-54E2DB763620}.Debug|iPhone.ActiveCfg = Debug|Any CPU
		{5CAA2402-127D-42F2-BBA4-54E2DB763620}.Debug|iPhone.Build.0 = Debug|Any CPU
		{5CAA2402-127D-42F2-BBA4-54E2DB763620}.Debug|iPhoneSimulator.ActiveCfg = Debug|Any CPU
		{5CAA2402-127D-42F2-BBA4-54E2DB763620}.Debug|iPhoneSimulator.Build.0 = Debug|Any CPU
		{5CAA2402-127D-42F2-BBA4-54E2DB763620}.Debug|x64.ActiveCfg = Debug|Any CPU
		{5CAA2402-127D-42F2-BBA4-54E2DB763620}.Debug|x64.Build.0 = Debug|Any CPU
		{5CAA2402-127D-42F2-BBA4-54E2DB763620}.Debug|x86.ActiveCfg = Debug|Any CPU
		{5CAA2402-127D-42F2-BBA4-54E2DB763620}.Debug|x86.Build.0 = Debug|Any CPU
		{5CAA2402-127D-42F2-BBA4-54E2DB763620}.Release|Any CPU.ActiveCfg = Release|Any CPU
		{5CAA2402-127D-42F2-BBA4-54E2DB763620}.Release|Any CPU.Build.0 = Release|Any CPU
		{5CAA2402-127D-42F2-BBA4-54E2DB763620}.Release|iPhone.ActiveCfg = Release|Any CPU
		{5CAA2402-127D-42F2-BBA4-54E2DB763620}.Release|iPhone.Build.0 = Release|Any CPU
		{5CAA2402-127D-42F2-BBA4-54E2DB763620}.Release|iPhoneSimulator.ActiveCfg = Release|Any CPU
		{5CAA2402-127D-42F2-BBA4-54E2DB763620}.Release|iPhoneSimulator.Build.0 = Release|Any CPU
		{5CAA2402-127D-42F2-BBA4-54E2DB763620}.Release|x64.ActiveCfg = Release|Any CPU
		{5CAA2402-127D-42F2-BBA4-54E2DB763620}.Release|x64.Build.0 = Release|Any CPU
		{5CAA2402-127D-42F2-BBA4-54E2DB763620}.Release|x86.ActiveCfg = Release|Any CPU
		{5CAA2402-127D-42F2-BBA4-54E2DB763620}.Release|x86.Build.0 = Release|Any CPU
		{A9B9F222-D71B-4BAC-B9C5-F8EB83D0FC32}.Debug|Any CPU.ActiveCfg = Debug|Any CPU
		{A9B9F222-D71B-4BAC-B9C5-F8EB83D0FC32}.Debug|Any CPU.Build.0 = Debug|Any CPU
		{A9B9F222-D71B-4BAC-B9C5-F8EB83D0FC32}.Debug|iPhone.ActiveCfg = Debug|Any CPU
		{A9B9F222-D71B-4BAC-B9C5-F8EB83D0FC32}.Debug|iPhone.Build.0 = Debug|Any CPU
		{A9B9F222-D71B-4BAC-B9C5-F8EB83D0FC32}.Debug|iPhoneSimulator.ActiveCfg = Debug|Any CPU
		{A9B9F222-D71B-4BAC-B9C5-F8EB83D0FC32}.Debug|iPhoneSimulator.Build.0 = Debug|Any CPU
		{A9B9F222-D71B-4BAC-B9C5-F8EB83D0FC32}.Debug|x64.ActiveCfg = Debug|Any CPU
		{A9B9F222-D71B-4BAC-B9C5-F8EB83D0FC32}.Debug|x64.Build.0 = Debug|Any CPU
		{A9B9F222-D71B-4BAC-B9C5-F8EB83D0FC32}.Debug|x86.ActiveCfg = Debug|Any CPU
		{A9B9F222-D71B-4BAC-B9C5-F8EB83D0FC32}.Debug|x86.Build.0 = Debug|Any CPU
		{A9B9F222-D71B-4BAC-B9C5-F8EB83D0FC32}.Release|Any CPU.ActiveCfg = Release|Any CPU
		{A9B9F222-D71B-4BAC-B9C5-F8EB83D0FC32}.Release|Any CPU.Build.0 = Release|Any CPU
		{A9B9F222-D71B-4BAC-B9C5-F8EB83D0FC32}.Release|iPhone.ActiveCfg = Release|Any CPU
		{A9B9F222-D71B-4BAC-B9C5-F8EB83D0FC32}.Release|iPhone.Build.0 = Release|Any CPU
		{A9B9F222-D71B-4BAC-B9C5-F8EB83D0FC32}.Release|iPhoneSimulator.ActiveCfg = Release|Any CPU
		{A9B9F222-D71B-4BAC-B9C5-F8EB83D0FC32}.Release|iPhoneSimulator.Build.0 = Release|Any CPU
		{A9B9F222-D71B-4BAC-B9C5-F8EB83D0FC32}.Release|x64.ActiveCfg = Release|Any CPU
		{A9B9F222-D71B-4BAC-B9C5-F8EB83D0FC32}.Release|x64.Build.0 = Release|Any CPU
		{A9B9F222-D71B-4BAC-B9C5-F8EB83D0FC32}.Release|x86.ActiveCfg = Release|Any CPU
		{A9B9F222-D71B-4BAC-B9C5-F8EB83D0FC32}.Release|x86.Build.0 = Release|Any CPU
		{0B168EFB-C2B1-4928-AC67-335A39A2FDEA}.Debug|Any CPU.ActiveCfg = Debug|Any CPU
		{0B168EFB-C2B1-4928-AC67-335A39A2FDEA}.Debug|Any CPU.Build.0 = Debug|Any CPU
		{0B168EFB-C2B1-4928-AC67-335A39A2FDEA}.Debug|Any CPU.Deploy.0 = Debug|Any CPU
		{0B168EFB-C2B1-4928-AC67-335A39A2FDEA}.Debug|iPhone.ActiveCfg = Debug|Any CPU
		{0B168EFB-C2B1-4928-AC67-335A39A2FDEA}.Debug|iPhone.Build.0 = Debug|Any CPU
		{0B168EFB-C2B1-4928-AC67-335A39A2FDEA}.Debug|iPhone.Deploy.0 = Debug|Any CPU
		{0B168EFB-C2B1-4928-AC67-335A39A2FDEA}.Debug|iPhoneSimulator.ActiveCfg = Debug|Any CPU
		{0B168EFB-C2B1-4928-AC67-335A39A2FDEA}.Debug|iPhoneSimulator.Build.0 = Debug|Any CPU
		{0B168EFB-C2B1-4928-AC67-335A39A2FDEA}.Debug|iPhoneSimulator.Deploy.0 = Debug|Any CPU
		{0B168EFB-C2B1-4928-AC67-335A39A2FDEA}.Debug|x64.ActiveCfg = Debug|Any CPU
		{0B168EFB-C2B1-4928-AC67-335A39A2FDEA}.Debug|x64.Build.0 = Debug|Any CPU
		{0B168EFB-C2B1-4928-AC67-335A39A2FDEA}.Debug|x64.Deploy.0 = Debug|Any CPU
		{0B168EFB-C2B1-4928-AC67-335A39A2FDEA}.Debug|x86.ActiveCfg = Debug|Any CPU
		{0B168EFB-C2B1-4928-AC67-335A39A2FDEA}.Debug|x86.Build.0 = Debug|Any CPU
		{0B168EFB-C2B1-4928-AC67-335A39A2FDEA}.Debug|x86.Deploy.0 = Debug|Any CPU
		{0B168EFB-C2B1-4928-AC67-335A39A2FDEA}.Release|Any CPU.ActiveCfg = Release|Any CPU
		{0B168EFB-C2B1-4928-AC67-335A39A2FDEA}.Release|Any CPU.Build.0 = Release|Any CPU
		{0B168EFB-C2B1-4928-AC67-335A39A2FDEA}.Release|Any CPU.Deploy.0 = Release|Any CPU
		{0B168EFB-C2B1-4928-AC67-335A39A2FDEA}.Release|iPhone.ActiveCfg = Release|Any CPU
		{0B168EFB-C2B1-4928-AC67-335A39A2FDEA}.Release|iPhone.Build.0 = Release|Any CPU
		{0B168EFB-C2B1-4928-AC67-335A39A2FDEA}.Release|iPhone.Deploy.0 = Release|Any CPU
		{0B168EFB-C2B1-4928-AC67-335A39A2FDEA}.Release|iPhoneSimulator.ActiveCfg = Release|Any CPU
		{0B168EFB-C2B1-4928-AC67-335A39A2FDEA}.Release|iPhoneSimulator.Build.0 = Release|Any CPU
		{0B168EFB-C2B1-4928-AC67-335A39A2FDEA}.Release|iPhoneSimulator.Deploy.0 = Release|Any CPU
		{0B168EFB-C2B1-4928-AC67-335A39A2FDEA}.Release|x64.ActiveCfg = Release|Any CPU
		{0B168EFB-C2B1-4928-AC67-335A39A2FDEA}.Release|x64.Build.0 = Release|Any CPU
		{0B168EFB-C2B1-4928-AC67-335A39A2FDEA}.Release|x64.Deploy.0 = Release|Any CPU
		{0B168EFB-C2B1-4928-AC67-335A39A2FDEA}.Release|x86.ActiveCfg = Release|Any CPU
		{0B168EFB-C2B1-4928-AC67-335A39A2FDEA}.Release|x86.Build.0 = Release|Any CPU
		{0B168EFB-C2B1-4928-AC67-335A39A2FDEA}.Release|x86.Deploy.0 = Release|Any CPU
		{D64C2389-F4EE-45A1-A159-63FC9F58E41E}.Debug|Any CPU.ActiveCfg = Debug|iPhone
		{D64C2389-F4EE-45A1-A159-63FC9F58E41E}.Debug|iPhone.ActiveCfg = Debug|iPhone
		{D64C2389-F4EE-45A1-A159-63FC9F58E41E}.Debug|iPhone.Build.0 = Debug|iPhone
		{D64C2389-F4EE-45A1-A159-63FC9F58E41E}.Debug|iPhoneSimulator.ActiveCfg = Debug|iPhoneSimulator
		{D64C2389-F4EE-45A1-A159-63FC9F58E41E}.Debug|iPhoneSimulator.Build.0 = Debug|iPhoneSimulator
		{D64C2389-F4EE-45A1-A159-63FC9F58E41E}.Debug|x64.ActiveCfg = Debug|iPhone
		{D64C2389-F4EE-45A1-A159-63FC9F58E41E}.Debug|x86.ActiveCfg = Debug|iPhone
		{D64C2389-F4EE-45A1-A159-63FC9F58E41E}.Release|Any CPU.ActiveCfg = Release|iPhone
		{D64C2389-F4EE-45A1-A159-63FC9F58E41E}.Release|iPhone.ActiveCfg = Release|iPhone
		{D64C2389-F4EE-45A1-A159-63FC9F58E41E}.Release|iPhone.Build.0 = Release|iPhone
		{D64C2389-F4EE-45A1-A159-63FC9F58E41E}.Release|iPhoneSimulator.ActiveCfg = Release|iPhoneSimulator
		{D64C2389-F4EE-45A1-A159-63FC9F58E41E}.Release|iPhoneSimulator.Build.0 = Release|iPhoneSimulator
		{D64C2389-F4EE-45A1-A159-63FC9F58E41E}.Release|x64.ActiveCfg = Release|iPhone
		{D64C2389-F4EE-45A1-A159-63FC9F58E41E}.Release|x86.ActiveCfg = Release|iPhone
		{BD32659B-2F7F-456B-ABF5-40008FB41DAD}.Debug|Any CPU.ActiveCfg = Debug|Any CPU
		{BD32659B-2F7F-456B-ABF5-40008FB41DAD}.Debug|Any CPU.Build.0 = Debug|Any CPU
		{BD32659B-2F7F-456B-ABF5-40008FB41DAD}.Debug|iPhone.ActiveCfg = Debug|Any CPU
		{BD32659B-2F7F-456B-ABF5-40008FB41DAD}.Debug|iPhone.Build.0 = Debug|Any CPU
		{BD32659B-2F7F-456B-ABF5-40008FB41DAD}.Debug|iPhoneSimulator.ActiveCfg = Debug|Any CPU
		{BD32659B-2F7F-456B-ABF5-40008FB41DAD}.Debug|iPhoneSimulator.Build.0 = Debug|Any CPU
		{BD32659B-2F7F-456B-ABF5-40008FB41DAD}.Debug|x64.ActiveCfg = Debug|Any CPU
		{BD32659B-2F7F-456B-ABF5-40008FB41DAD}.Debug|x64.Build.0 = Debug|Any CPU
		{BD32659B-2F7F-456B-ABF5-40008FB41DAD}.Debug|x86.ActiveCfg = Debug|Any CPU
		{BD32659B-2F7F-456B-ABF5-40008FB41DAD}.Debug|x86.Build.0 = Debug|Any CPU
		{BD32659B-2F7F-456B-ABF5-40008FB41DAD}.Release|Any CPU.ActiveCfg = Release|Any CPU
		{BD32659B-2F7F-456B-ABF5-40008FB41DAD}.Release|Any CPU.Build.0 = Release|Any CPU
		{BD32659B-2F7F-456B-ABF5-40008FB41DAD}.Release|iPhone.ActiveCfg = Release|Any CPU
		{BD32659B-2F7F-456B-ABF5-40008FB41DAD}.Release|iPhone.Build.0 = Release|Any CPU
		{BD32659B-2F7F-456B-ABF5-40008FB41DAD}.Release|iPhoneSimulator.ActiveCfg = Release|Any CPU
		{BD32659B-2F7F-456B-ABF5-40008FB41DAD}.Release|iPhoneSimulator.Build.0 = Release|Any CPU
		{BD32659B-2F7F-456B-ABF5-40008FB41DAD}.Release|x64.ActiveCfg = Release|Any CPU
		{BD32659B-2F7F-456B-ABF5-40008FB41DAD}.Release|x64.Build.0 = Release|Any CPU
		{BD32659B-2F7F-456B-ABF5-40008FB41DAD}.Release|x86.ActiveCfg = Release|Any CPU
		{BD32659B-2F7F-456B-ABF5-40008FB41DAD}.Release|x86.Build.0 = Release|Any CPU
		{DA835EC3-AD57-4A4E-9DDD-E78514766176}.Debug|Any CPU.ActiveCfg = Debug|Any CPU
		{DA835EC3-AD57-4A4E-9DDD-E78514766176}.Debug|Any CPU.Build.0 = Debug|Any CPU
		{DA835EC3-AD57-4A4E-9DDD-E78514766176}.Debug|iPhone.ActiveCfg = Debug|Any CPU
		{DA835EC3-AD57-4A4E-9DDD-E78514766176}.Debug|iPhone.Build.0 = Debug|Any CPU
		{DA835EC3-AD57-4A4E-9DDD-E78514766176}.Debug|iPhoneSimulator.ActiveCfg = Debug|Any CPU
		{DA835EC3-AD57-4A4E-9DDD-E78514766176}.Debug|iPhoneSimulator.Build.0 = Debug|Any CPU
		{DA835EC3-AD57-4A4E-9DDD-E78514766176}.Debug|x64.ActiveCfg = Debug|Any CPU
		{DA835EC3-AD57-4A4E-9DDD-E78514766176}.Debug|x64.Build.0 = Debug|Any CPU
		{DA835EC3-AD57-4A4E-9DDD-E78514766176}.Debug|x86.ActiveCfg = Debug|Any CPU
		{DA835EC3-AD57-4A4E-9DDD-E78514766176}.Debug|x86.Build.0 = Debug|Any CPU
		{DA835EC3-AD57-4A4E-9DDD-E78514766176}.Release|Any CPU.ActiveCfg = Release|Any CPU
		{DA835EC3-AD57-4A4E-9DDD-E78514766176}.Release|Any CPU.Build.0 = Release|Any CPU
		{DA835EC3-AD57-4A4E-9DDD-E78514766176}.Release|iPhone.ActiveCfg = Release|Any CPU
		{DA835EC3-AD57-4A4E-9DDD-E78514766176}.Release|iPhone.Build.0 = Release|Any CPU
		{DA835EC3-AD57-4A4E-9DDD-E78514766176}.Release|iPhoneSimulator.ActiveCfg = Release|Any CPU
		{DA835EC3-AD57-4A4E-9DDD-E78514766176}.Release|iPhoneSimulator.Build.0 = Release|Any CPU
		{DA835EC3-AD57-4A4E-9DDD-E78514766176}.Release|x64.ActiveCfg = Release|Any CPU
		{DA835EC3-AD57-4A4E-9DDD-E78514766176}.Release|x64.Build.0 = Release|Any CPU
		{DA835EC3-AD57-4A4E-9DDD-E78514766176}.Release|x86.ActiveCfg = Release|Any CPU
		{DA835EC3-AD57-4A4E-9DDD-E78514766176}.Release|x86.Build.0 = Release|Any CPU
		{4A56970E-22D1-455E-8530-0D8186A12640}.Debug|Any CPU.ActiveCfg = Debug|Any CPU
		{4A56970E-22D1-455E-8530-0D8186A12640}.Debug|Any CPU.Build.0 = Debug|Any CPU
		{4A56970E-22D1-455E-8530-0D8186A12640}.Debug|iPhone.ActiveCfg = Debug|Any CPU
		{4A56970E-22D1-455E-8530-0D8186A12640}.Debug|iPhone.Build.0 = Debug|Any CPU
		{4A56970E-22D1-455E-8530-0D8186A12640}.Debug|iPhoneSimulator.ActiveCfg = Debug|Any CPU
		{4A56970E-22D1-455E-8530-0D8186A12640}.Debug|iPhoneSimulator.Build.0 = Debug|Any CPU
		{4A56970E-22D1-455E-8530-0D8186A12640}.Debug|x64.ActiveCfg = Debug|Any CPU
		{4A56970E-22D1-455E-8530-0D8186A12640}.Debug|x64.Build.0 = Debug|Any CPU
		{4A56970E-22D1-455E-8530-0D8186A12640}.Debug|x86.ActiveCfg = Debug|Any CPU
		{4A56970E-22D1-455E-8530-0D8186A12640}.Debug|x86.Build.0 = Debug|Any CPU
		{4A56970E-22D1-455E-8530-0D8186A12640}.Release|Any CPU.ActiveCfg = Release|Any CPU
		{4A56970E-22D1-455E-8530-0D8186A12640}.Release|Any CPU.Build.0 = Release|Any CPU
		{4A56970E-22D1-455E-8530-0D8186A12640}.Release|iPhone.ActiveCfg = Release|Any CPU
		{4A56970E-22D1-455E-8530-0D8186A12640}.Release|iPhone.Build.0 = Release|Any CPU
		{4A56970E-22D1-455E-8530-0D8186A12640}.Release|iPhoneSimulator.ActiveCfg = Release|Any CPU
		{4A56970E-22D1-455E-8530-0D8186A12640}.Release|iPhoneSimulator.Build.0 = Release|Any CPU
		{4A56970E-22D1-455E-8530-0D8186A12640}.Release|x64.ActiveCfg = Release|Any CPU
		{4A56970E-22D1-455E-8530-0D8186A12640}.Release|x64.Build.0 = Release|Any CPU
		{4A56970E-22D1-455E-8530-0D8186A12640}.Release|x86.ActiveCfg = Release|Any CPU
		{4A56970E-22D1-455E-8530-0D8186A12640}.Release|x86.Build.0 = Release|Any CPU
		{321D41B1-B7F7-4EF6-9A25-1AAF8E58CAA8}.Debug|Any CPU.ActiveCfg = Debug|Any CPU
		{321D41B1-B7F7-4EF6-9A25-1AAF8E58CAA8}.Debug|Any CPU.Build.0 = Debug|Any CPU
		{321D41B1-B7F7-4EF6-9A25-1AAF8E58CAA8}.Debug|iPhone.ActiveCfg = Debug|Any CPU
		{321D41B1-B7F7-4EF6-9A25-1AAF8E58CAA8}.Debug|iPhone.Build.0 = Debug|Any CPU
		{321D41B1-B7F7-4EF6-9A25-1AAF8E58CAA8}.Debug|iPhoneSimulator.ActiveCfg = Debug|Any CPU
		{321D41B1-B7F7-4EF6-9A25-1AAF8E58CAA8}.Debug|iPhoneSimulator.Build.0 = Debug|Any CPU
		{321D41B1-B7F7-4EF6-9A25-1AAF8E58CAA8}.Debug|x64.ActiveCfg = Debug|Any CPU
		{321D41B1-B7F7-4EF6-9A25-1AAF8E58CAA8}.Debug|x64.Build.0 = Debug|Any CPU
		{321D41B1-B7F7-4EF6-9A25-1AAF8E58CAA8}.Debug|x86.ActiveCfg = Debug|Any CPU
		{321D41B1-B7F7-4EF6-9A25-1AAF8E58CAA8}.Debug|x86.Build.0 = Debug|Any CPU
		{321D41B1-B7F7-4EF6-9A25-1AAF8E58CAA8}.Release|Any CPU.ActiveCfg = Release|Any CPU
		{321D41B1-B7F7-4EF6-9A25-1AAF8E58CAA8}.Release|Any CPU.Build.0 = Release|Any CPU
		{321D41B1-B7F7-4EF6-9A25-1AAF8E58CAA8}.Release|iPhone.ActiveCfg = Release|Any CPU
		{321D41B1-B7F7-4EF6-9A25-1AAF8E58CAA8}.Release|iPhone.Build.0 = Release|Any CPU
		{321D41B1-B7F7-4EF6-9A25-1AAF8E58CAA8}.Release|iPhoneSimulator.ActiveCfg = Release|Any CPU
		{321D41B1-B7F7-4EF6-9A25-1AAF8E58CAA8}.Release|iPhoneSimulator.Build.0 = Release|Any CPU
		{321D41B1-B7F7-4EF6-9A25-1AAF8E58CAA8}.Release|x64.ActiveCfg = Release|Any CPU
		{321D41B1-B7F7-4EF6-9A25-1AAF8E58CAA8}.Release|x64.Build.0 = Release|Any CPU
		{321D41B1-B7F7-4EF6-9A25-1AAF8E58CAA8}.Release|x86.ActiveCfg = Release|Any CPU
		{321D41B1-B7F7-4EF6-9A25-1AAF8E58CAA8}.Release|x86.Build.0 = Release|Any CPU
		{4AD2F4A1-8A40-47FA-8469-3FEBC05E0477}.Debug|Any CPU.ActiveCfg = Debug|Any CPU
		{4AD2F4A1-8A40-47FA-8469-3FEBC05E0477}.Debug|Any CPU.Build.0 = Debug|Any CPU
		{4AD2F4A1-8A40-47FA-8469-3FEBC05E0477}.Debug|iPhone.ActiveCfg = Debug|Any CPU
		{4AD2F4A1-8A40-47FA-8469-3FEBC05E0477}.Debug|iPhone.Build.0 = Debug|Any CPU
		{4AD2F4A1-8A40-47FA-8469-3FEBC05E0477}.Debug|iPhoneSimulator.ActiveCfg = Debug|Any CPU
		{4AD2F4A1-8A40-47FA-8469-3FEBC05E0477}.Debug|iPhoneSimulator.Build.0 = Debug|Any CPU
		{4AD2F4A1-8A40-47FA-8469-3FEBC05E0477}.Debug|x64.ActiveCfg = Debug|Any CPU
		{4AD2F4A1-8A40-47FA-8469-3FEBC05E0477}.Debug|x64.Build.0 = Debug|Any CPU
		{4AD2F4A1-8A40-47FA-8469-3FEBC05E0477}.Debug|x86.ActiveCfg = Debug|Any CPU
		{4AD2F4A1-8A40-47FA-8469-3FEBC05E0477}.Debug|x86.Build.0 = Debug|Any CPU
		{4AD2F4A1-8A40-47FA-8469-3FEBC05E0477}.Release|Any CPU.ActiveCfg = Release|Any CPU
		{4AD2F4A1-8A40-47FA-8469-3FEBC05E0477}.Release|Any CPU.Build.0 = Release|Any CPU
		{4AD2F4A1-8A40-47FA-8469-3FEBC05E0477}.Release|iPhone.ActiveCfg = Release|Any CPU
		{4AD2F4A1-8A40-47FA-8469-3FEBC05E0477}.Release|iPhone.Build.0 = Release|Any CPU
		{4AD2F4A1-8A40-47FA-8469-3FEBC05E0477}.Release|iPhoneSimulator.ActiveCfg = Release|Any CPU
		{4AD2F4A1-8A40-47FA-8469-3FEBC05E0477}.Release|iPhoneSimulator.Build.0 = Release|Any CPU
		{4AD2F4A1-8A40-47FA-8469-3FEBC05E0477}.Release|x64.ActiveCfg = Release|Any CPU
		{4AD2F4A1-8A40-47FA-8469-3FEBC05E0477}.Release|x64.Build.0 = Release|Any CPU
		{4AD2F4A1-8A40-47FA-8469-3FEBC05E0477}.Release|x86.ActiveCfg = Release|Any CPU
		{4AD2F4A1-8A40-47FA-8469-3FEBC05E0477}.Release|x86.Build.0 = Release|Any CPU
		{6F48B565-378C-4F79-8897-D778E0D3191A}.Debug|Any CPU.ActiveCfg = Debug|Any CPU
		{6F48B565-378C-4F79-8897-D778E0D3191A}.Debug|Any CPU.Build.0 = Debug|Any CPU
		{6F48B565-378C-4F79-8897-D778E0D3191A}.Debug|iPhone.ActiveCfg = Debug|Any CPU
		{6F48B565-378C-4F79-8897-D778E0D3191A}.Debug|iPhone.Build.0 = Debug|Any CPU
		{6F48B565-378C-4F79-8897-D778E0D3191A}.Debug|iPhoneSimulator.ActiveCfg = Debug|Any CPU
		{6F48B565-378C-4F79-8897-D778E0D3191A}.Debug|iPhoneSimulator.Build.0 = Debug|Any CPU
		{6F48B565-378C-4F79-8897-D778E0D3191A}.Debug|x64.ActiveCfg = Debug|Any CPU
		{6F48B565-378C-4F79-8897-D778E0D3191A}.Debug|x64.Build.0 = Debug|Any CPU
		{6F48B565-378C-4F79-8897-D778E0D3191A}.Debug|x86.ActiveCfg = Debug|Any CPU
		{6F48B565-378C-4F79-8897-D778E0D3191A}.Debug|x86.Build.0 = Debug|Any CPU
		{6F48B565-378C-4F79-8897-D778E0D3191A}.Release|Any CPU.ActiveCfg = Release|Any CPU
		{6F48B565-378C-4F79-8897-D778E0D3191A}.Release|Any CPU.Build.0 = Release|Any CPU
		{6F48B565-378C-4F79-8897-D778E0D3191A}.Release|iPhone.ActiveCfg = Release|Any CPU
		{6F48B565-378C-4F79-8897-D778E0D3191A}.Release|iPhone.Build.0 = Release|Any CPU
		{6F48B565-378C-4F79-8897-D778E0D3191A}.Release|iPhoneSimulator.ActiveCfg = Release|Any CPU
		{6F48B565-378C-4F79-8897-D778E0D3191A}.Release|iPhoneSimulator.Build.0 = Release|Any CPU
		{6F48B565-378C-4F79-8897-D778E0D3191A}.Release|x64.ActiveCfg = Release|Any CPU
		{6F48B565-378C-4F79-8897-D778E0D3191A}.Release|x64.Build.0 = Release|Any CPU
		{6F48B565-378C-4F79-8897-D778E0D3191A}.Release|x86.ActiveCfg = Release|Any CPU
		{6F48B565-378C-4F79-8897-D778E0D3191A}.Release|x86.Build.0 = Release|Any CPU
		{4EA2CBDD-886F-482F-AEF4-4F28E1A12B3B}.Debug|Any CPU.ActiveCfg = Debug|Any CPU
		{4EA2CBDD-886F-482F-AEF4-4F28E1A12B3B}.Debug|Any CPU.Build.0 = Debug|Any CPU
		{4EA2CBDD-886F-482F-AEF4-4F28E1A12B3B}.Debug|iPhone.ActiveCfg = Debug|Any CPU
		{4EA2CBDD-886F-482F-AEF4-4F28E1A12B3B}.Debug|iPhone.Build.0 = Debug|Any CPU
		{4EA2CBDD-886F-482F-AEF4-4F28E1A12B3B}.Debug|iPhoneSimulator.ActiveCfg = Debug|Any CPU
		{4EA2CBDD-886F-482F-AEF4-4F28E1A12B3B}.Debug|iPhoneSimulator.Build.0 = Debug|Any CPU
		{4EA2CBDD-886F-482F-AEF4-4F28E1A12B3B}.Debug|x64.ActiveCfg = Debug|Any CPU
		{4EA2CBDD-886F-482F-AEF4-4F28E1A12B3B}.Debug|x64.Build.0 = Debug|Any CPU
		{4EA2CBDD-886F-482F-AEF4-4F28E1A12B3B}.Debug|x86.ActiveCfg = Debug|Any CPU
		{4EA2CBDD-886F-482F-AEF4-4F28E1A12B3B}.Debug|x86.Build.0 = Debug|Any CPU
		{4EA2CBDD-886F-482F-AEF4-4F28E1A12B3B}.Release|Any CPU.ActiveCfg = Release|Any CPU
		{4EA2CBDD-886F-482F-AEF4-4F28E1A12B3B}.Release|Any CPU.Build.0 = Release|Any CPU
		{4EA2CBDD-886F-482F-AEF4-4F28E1A12B3B}.Release|iPhone.ActiveCfg = Release|Any CPU
		{4EA2CBDD-886F-482F-AEF4-4F28E1A12B3B}.Release|iPhone.Build.0 = Release|Any CPU
		{4EA2CBDD-886F-482F-AEF4-4F28E1A12B3B}.Release|iPhoneSimulator.ActiveCfg = Release|Any CPU
		{4EA2CBDD-886F-482F-AEF4-4F28E1A12B3B}.Release|iPhoneSimulator.Build.0 = Release|Any CPU
		{4EA2CBDD-886F-482F-AEF4-4F28E1A12B3B}.Release|x64.ActiveCfg = Release|Any CPU
		{4EA2CBDD-886F-482F-AEF4-4F28E1A12B3B}.Release|x64.Build.0 = Release|Any CPU
		{4EA2CBDD-886F-482F-AEF4-4F28E1A12B3B}.Release|x86.ActiveCfg = Release|Any CPU
		{4EA2CBDD-886F-482F-AEF4-4F28E1A12B3B}.Release|x86.Build.0 = Release|Any CPU
	EndGlobalSection
	GlobalSection(SolutionProperties) = preSolution
		HideSolutionNode = FALSE
	EndGlobalSection
	GlobalSection(NestedProjects) = preSolution
		{7DA0C636-2BC9-4ED9-BEFF-3BAF27238F41} = {DD4A2672-6800-424F-AA57-1FDA27242E91}
		{8D8EED51-7C00-42D0-8637-CA3ADC66E965} = {DD4A2672-6800-424F-AA57-1FDA27242E91}
		{B92BDD59-C087-42B3-8475-73138F8DEF8B} = {DD4A2672-6800-424F-AA57-1FDA27242E91}
		{4ACFFB27-666D-4E9F-B40E-8CD27E61248A} = {DD4A2672-6800-424F-AA57-1FDA27242E91}
		{25BAF004-66FF-4241-94D8-21BB7676FA4E} = {DD4A2672-6800-424F-AA57-1FDA27242E91}
		{C24D1063-024B-40CA-A4D1-0E45227FE7C6} = {510276A5-C0E0-4535-9650-A8DED20E7243}
		{8744439A-067E-422B-B9AC-6FC1B0C3E4BD} = {DD4A2672-6800-424F-AA57-1FDA27242E91}
		{E1EAB85C-5A1F-4879-A922-6922E2F83C8A} = {DD4A2672-6800-424F-AA57-1FDA27242E91}
		{6C35F3AD-E01C-4288-BF63-3705553DBC68} = {510276A5-C0E0-4535-9650-A8DED20E7243}
		{C1CD332F-8F89-4485-A016-200D6795B71C} = {510276A5-C0E0-4535-9650-A8DED20E7243}
		{FB8D3F99-ADEF-4CD4-86A6-4FC20D5FD62C} = {DD4A2672-6800-424F-AA57-1FDA27242E91}
		{EFF657D0-05B6-4FBA-A672-423292A0DACE} = {510276A5-C0E0-4535-9650-A8DED20E7243}
		{1DB282D2-744E-4EDD-83CD-4E20E943215A} = {510276A5-C0E0-4535-9650-A8DED20E7243}
		{FAC9F68D-EA3B-44AF-8DD9-941E62233A08} = {510276A5-C0E0-4535-9650-A8DED20E7243}
		{5F334C55-8FAA-47A3-BA67-B938ADE2D937} = {510276A5-C0E0-4535-9650-A8DED20E7243}
		{CE9EA9C0-8454-400E-8322-597E5CB70580} = {DD4A2672-6800-424F-AA57-1FDA27242E91}
		{82E71A42-F226-45BC-96F5-93487CAFB808} = {510276A5-C0E0-4535-9650-A8DED20E7243}
		{A6A32AA5-A371-4EEE-8FD2-A4481218D891} = {DD4A2672-6800-424F-AA57-1FDA27242E91}
		{745113D5-EC1C-4566-B50E-808A90FA42D0} = {510276A5-C0E0-4535-9650-A8DED20E7243}
		{C9CBAC2F-D9C8-4EF5-B257-7D6396A34241} = {510276A5-C0E0-4535-9650-A8DED20E7243}
		{C61EDD5F-3E42-4F12-8F9A-6DE6E7222912} = {ACDEE375-B413-4544-89DA-82AD17B3C4D6}
		{AE64EAF7-1D51-4D3F-B1D8-1AF63956D173} = {D7945667-7122-43E1-9DC0-A2EE2A80823A}
		{96328811-518A-431D-8F09-9AD072890283} = {AE64EAF7-1D51-4D3F-B1D8-1AF63956D173}
		{02360C19-0CA8-496E-8ED4-144CCE5689CC} = {DD4A2672-6800-424F-AA57-1FDA27242E91}
		{5A8A5955-531D-44F9-9A26-3845381596A2} = {510276A5-C0E0-4535-9650-A8DED20E7243}
		{CCA7936A-2C62-414B-A576-7BC9042AEEA7} = {DD4A2672-6800-424F-AA57-1FDA27242E91}
		{19B607ED-E988-4408-91F6-71FCE05E1B49} = {510276A5-C0E0-4535-9650-A8DED20E7243}
		{6B624B53-7A10-4499-B947-56F60A725AAC} = {510276A5-C0E0-4535-9650-A8DED20E7243}
		{50F780DF-48CD-421D-B884-87134F2FBF77} = {183EAEAC-B521-439B-A782-35B23DAEFC68}
		{F7D420EC-EB66-44AC-9913-F785BEF6B009} = {DD4A2672-6800-424F-AA57-1FDA27242E91}
		{324752D5-A040-4B61-BAED-3840CFCB8A54} = {510276A5-C0E0-4535-9650-A8DED20E7243}
		{54C608E8-7E71-4329-857C-E085F797777D} = {DD4A2672-6800-424F-AA57-1FDA27242E91}
		{0D256E59-A8DF-4F5F-83F9-CA30E4C2C17F} = {DD4A2672-6800-424F-AA57-1FDA27242E91}
		{5D583D99-C961-4F17-9C0F-82A5E6D0887D} = {510276A5-C0E0-4535-9650-A8DED20E7243}
		{183EAEAC-B521-439B-A782-35B23DAEFC68} = {AE64EAF7-1D51-4D3F-B1D8-1AF63956D173}
		{918DEEA0-605B-462F-8E51-3CA6A9473FCC} = {183EAEAC-B521-439B-A782-35B23DAEFC68}
		{BEA13A22-E1C6-4635-B406-FC61ED337360} = {183EAEAC-B521-439B-A782-35B23DAEFC68}
		{5CAA2402-127D-42F2-BBA4-54E2DB763620} = {510276A5-C0E0-4535-9650-A8DED20E7243}
		{A9B9F222-D71B-4BAC-B9C5-F8EB83D0FC32} = {DD4A2672-6800-424F-AA57-1FDA27242E91}
		{4ACA0590-5073-4A32-BCD9-9B42D1E7EE1C} = {D7945667-7122-43E1-9DC0-A2EE2A80823A}
		{26A70107-BFED-432D-8350-6D3833A880F1} = {4ACA0590-5073-4A32-BCD9-9B42D1E7EE1C}
		{0B168EFB-C2B1-4928-AC67-335A39A2FDEA} = {26A70107-BFED-432D-8350-6D3833A880F1}
		{D64C2389-F4EE-45A1-A159-63FC9F58E41E} = {26A70107-BFED-432D-8350-6D3833A880F1}
		{BD32659B-2F7F-456B-ABF5-40008FB41DAD} = {26A70107-BFED-432D-8350-6D3833A880F1}
		{DA835EC3-AD57-4A4E-9DDD-E78514766176} = {77AB9499-12A7-4CFC-95EC-A9995B637459}
		{DBAC60B4-3D32-4EE8-A7B1-56B44C72124D} = {D7945667-7122-43E1-9DC0-A2EE2A80823A}
		{0A831CC3-7BC8-4FE2-809A-2EF87BA470B6} = {DBAC60B4-3D32-4EE8-A7B1-56B44C72124D}
		{4A56970E-22D1-455E-8530-0D8186A12640} = {0A831CC3-7BC8-4FE2-809A-2EF87BA470B6}
		{321D41B1-B7F7-4EF6-9A25-1AAF8E58CAA8} = {0A831CC3-7BC8-4FE2-809A-2EF87BA470B6}
		{4AD2F4A1-8A40-47FA-8469-3FEBC05E0477} = {0A831CC3-7BC8-4FE2-809A-2EF87BA470B6}
		{A471A525-A4AE-45B9-94D2-CEBD6ED95A67} = {D7945667-7122-43E1-9DC0-A2EE2A80823A}
		{6F48B565-378C-4F79-8897-D778E0D3191A} = {A471A525-A4AE-45B9-94D2-CEBD6ED95A67}
		{4EA2CBDD-886F-482F-AEF4-4F28E1A12B3B} = {A471A525-A4AE-45B9-94D2-CEBD6ED95A67}
	EndGlobalSection
	GlobalSection(ExtensibilityGlobals) = postSolution
		SolutionGuid = {DF11456F-BFA1-4DBF-85A1-DA0DC3CD916F}
	EndGlobalSection
	GlobalSection(Performance) = preSolution
		HasPerformanceSessions = true
	EndGlobalSection
EndGlobal
